<?xml version="1.0" encoding="utf-8"?>
<Project ToolsVersion="4.0" xmlns="http://schemas.microsoft.com/developer/msbuild/2003">
  <ItemGroup>
    <Filter Include="98. Default">
      <UniqueIdentifier>{4FC737F1-C7A5-4376-A066-2A32D752A2FF}</UniqueIdentifier>
      <Extensions>cpp;c;cc;cxx;c++;cppm;ixx;def;odl;idl;hpj;bat;asm;asmx</Extensions>
    </Filter>
    <Filter Include="100. ETC">
      <UniqueIdentifier>{93995380-89BD-4b04-88EB-625FBE52EBFB}</UniqueIdentifier>
      <Extensions>h;hh;hpp;hxx;h++;hm;inl;inc;ipp;xsd</Extensions>
    </Filter>
    <Filter Include="00.MainApp">
      <UniqueIdentifier>{bc9540e8-bdd4-4bfa-9530-f9c1de56eae6}</UniqueIdentifier>
    </Filter>
    <Filter Include="99.Defines">
      <UniqueIdentifier>{a4dc3fb4-79fd-463b-aae9-66f3f31254c4}</UniqueIdentifier>
    </Filter>
    <Filter Include="99.Defines\PCH">
      <UniqueIdentifier>{5c295bd9-df16-47bc-b775-527b94a06aa6}</UniqueIdentifier>
    </Filter>
    <Filter Include="97.GUIManager">
      <UniqueIdentifier>{72d1c617-da2a-4f2b-8e8d-d6adc02aa0ef}</UniqueIdentifier>
    </Filter>
    <Filter Include="97.GUIManager\backend">
      <UniqueIdentifier>{99a606e7-1914-4234-963b-021ea75ec4b9}</UniqueIdentifier>
    </Filter>
    <Filter Include="01.Level">
      <UniqueIdentifier>{50248469-472e-4128-9d26-7d5e390b0b93}</UniqueIdentifier>
    </Filter>
    <Filter Include="01.Level\GamePlay">
      <UniqueIdentifier>{acad7577-0bd6-400c-afe5-b81800d138c2}</UniqueIdentifier>
    </Filter>
    <Filter Include="01.Level\Loading">
      <UniqueIdentifier>{9b9ec81a-145d-45fb-9822-3c0bcf64e302}</UniqueIdentifier>
    </Filter>
    <Filter Include="01.Level\Logo">
      <UniqueIdentifier>{e1d92d81-538d-44d6-b496-4a0d45e2c7c6}</UniqueIdentifier>
    </Filter>
    <Filter Include="01.Level\Loading\Loader">
      <UniqueIdentifier>{fd9ae4b7-953d-46a2-a313-e36c1894e3b5}</UniqueIdentifier>
    </Filter>
    <Filter Include="999. CPP From Client">
      <UniqueIdentifier>{c2123a54-d70f-4664-93dc-084127495837}</UniqueIdentifier>
    </Filter>
    <Filter Include="999. CPP From Client\00. UIObjects">
      <UniqueIdentifier>{9326214e-d79f-491f-878d-ddbe7ea10857}</UniqueIdentifier>
    </Filter>
    <Filter Include="02. UIResourceStore">
      <UniqueIdentifier>{422b7335-8534-4e60-925b-d6bd8202b511}</UniqueIdentifier>
    </Filter>
    <Filter Include="999. CPP From Client\01. CanBox">
      <UniqueIdentifier>{f4d83d59-194b-4164-b249-0e1af5c1f25e}</UniqueIdentifier>
    </Filter>
    <Filter Include="999. CPP From Client\02. GameManager">
      <UniqueIdentifier>{e64b9547-a287-4215-b622-3b1bb1aa555d}</UniqueIdentifier>
    </Filter>
    <Filter Include="03. UI_Camera%28Player%29">
      <UniqueIdentifier>{54394654-8842-4e7a-9422-516e293d89f6}</UniqueIdentifier>
    </Filter>
    <Filter Include="999. CPP From Client\03. Player">
      <UniqueIdentifier>{56260941-1664-4202-a963-1142d790fe44}</UniqueIdentifier>
    </Filter>
    <Filter Include="999. CPP From Client\03. Player\FSM">
      <UniqueIdentifier>{1222751c-453f-4423-96d4-4facdcf7964c}</UniqueIdentifier>
    </Filter>
  </ItemGroup>
  <ItemGroup>
    <ClInclude Include="Resource.h">
      <Filter>100. ETC</Filter>
    </ClInclude>
    <ClInclude Include="targetver.h">
      <Filter>100. ETC</Filter>
    </ClInclude>
    <ClInclude Include="UI_Editor.h">
      <Filter>100. ETC</Filter>
    </ClInclude>
    <ClInclude Include="framework.h">
      <Filter>98. Default</Filter>
    </ClInclude>
    <ClInclude Include="..\Public\Tool_UI_Defines.h">
      <Filter>99.Defines</Filter>
    </ClInclude>
    <ClInclude Include="..\Public\pch.h">
      <Filter>99.Defines\PCH</Filter>
    </ClInclude>
    <ClInclude Include="..\Public\UI_MainApp.h">
      <Filter>00.MainApp</Filter>
    </ClInclude>
    <ClInclude Include="..\ImgUI\GUIManager.h">
      <Filter>97.GUIManager</Filter>
    </ClInclude>
    <ClInclude Include="..\ImgUI\imconfig.h">
      <Filter>97.GUIManager\backend</Filter>
    </ClInclude>
    <ClInclude Include="..\ImgUI\imgui.h">
      <Filter>97.GUIManager\backend</Filter>
    </ClInclude>
    <ClInclude Include="..\ImgUI\imgui_impl_dx11.h">
      <Filter>97.GUIManager\backend</Filter>
    </ClInclude>
    <ClInclude Include="..\ImgUI\imgui_impl_win32.h">
      <Filter>97.GUIManager\backend</Filter>
    </ClInclude>
    <ClInclude Include="..\ImgUI\imgui_internal.h">
      <Filter>97.GUIManager\backend</Filter>
    </ClInclude>
    <ClInclude Include="..\ImgUI\imstb_rectpack.h">
      <Filter>97.GUIManager\backend</Filter>
    </ClInclude>
    <ClInclude Include="..\ImgUI\imstb_textedit.h">
      <Filter>97.GUIManager\backend</Filter>
    </ClInclude>
    <ClInclude Include="..\ImgUI\imstb_truetype.h">
      <Filter>97.GUIManager\backend</Filter>
    </ClInclude>
    <ClInclude Include="..\Public\UI_Level_GamePlay.h">
      <Filter>01.Level\GamePlay</Filter>
    </ClInclude>
    <ClInclude Include="..\Public\UI_Level_Loading.h">
      <Filter>01.Level\Loading</Filter>
    </ClInclude>
    <ClInclude Include="..\Public\UI_Level_Logo.h">
      <Filter>01.Level\Logo</Filter>
    </ClInclude>
    <ClInclude Include="..\Public\UI_Loader.h">
      <Filter>01.Level\Loading\Loader</Filter>
    </ClInclude>
    <ClInclude Include="..\Public\UIResourceStore.h">
      <Filter>02. UIResourceStore</Filter>
    </ClInclude>
    <ClInclude Include="..\Public\UI_Camera.h">
      <Filter>03. UI_Camera%28Player%29</Filter>
    </ClInclude>
  </ItemGroup>
  <ItemGroup>
    <ClCompile Include="UI_Editor.cpp">
      <Filter>98. Default</Filter>
    </ClCompile>
    <ClCompile Include="..\Private\pch.cpp">
      <Filter>99.Defines\PCH</Filter>
    </ClCompile>
    <ClCompile Include="..\Private\UI_MainApp.cpp">
      <Filter>00.MainApp</Filter>
    </ClCompile>
    <ClCompile Include="..\ImgUI\GUIManager.cpp">
      <Filter>97.GUIManager</Filter>
    </ClCompile>
    <ClCompile Include="..\ImgUI\imgui.cpp">
      <Filter>97.GUIManager\backend</Filter>
    </ClCompile>
    <ClCompile Include="..\ImgUI\imgui_demo.cpp">
      <Filter>97.GUIManager\backend</Filter>
    </ClCompile>
    <ClCompile Include="..\ImgUI\imgui_draw.cpp">
      <Filter>97.GUIManager\backend</Filter>
    </ClCompile>
    <ClCompile Include="..\ImgUI\imgui_impl_dx11.cpp">
      <Filter>97.GUIManager\backend</Filter>
    </ClCompile>
    <ClCompile Include="..\ImgUI\imgui_impl_win32.cpp">
      <Filter>97.GUIManager\backend</Filter>
    </ClCompile>
    <ClCompile Include="..\ImgUI\imgui_tables.cpp">
      <Filter>97.GUIManager\backend</Filter>
    </ClCompile>
    <ClCompile Include="..\ImgUI\imgui_widgets.cpp">
      <Filter>97.GUIManager\backend</Filter>
    </ClCompile>
    <ClCompile Include="..\Private\UI_Level_GamePlay.cpp">
      <Filter>01.Level\GamePlay</Filter>
    </ClCompile>
    <ClCompile Include="..\Private\UI_Level_Loading.cpp">
      <Filter>01.Level\Loading</Filter>
    </ClCompile>
    <ClCompile Include="..\Private\UI_Level_Logo.cpp">
      <Filter>01.Level\Logo</Filter>
    </ClCompile>
    <ClCompile Include="..\Private\UI_Loader.cpp">
      <Filter>01.Level\Loading\Loader</Filter>
    </ClCompile>
    <ClCompile Include="..\Private\UIResourceStore.cpp">
      <Filter>02. UIResourceStore</Filter>
    </ClCompile>
    <ClCompile Include="..\Private\UI_Camera.cpp">
      <Filter>03. UI_Camera%28Player%29</Filter>
    </ClCompile>
    <ClCompile Include="..\..\Client\Private\UIActionEvent.cpp">
      <Filter>999. CPP From Client\00. UIObjects</Filter>
    </ClCompile>
    <ClCompile Include="..\..\Client\Private\UIAnimInstance.cpp">
      <Filter>999. CPP From Client\00. UIObjects</Filter>
    </ClCompile>
    <ClCompile Include="..\..\Client\Private\UIAnimManager.cpp">
      <Filter>999. CPP From Client\00. UIObjects</Filter>
    </ClCompile>
    <ClCompile Include="..\..\Client\Private\UIBase.cpp">
      <Filter>999. CPP From Client\00. UIObjects</Filter>
    </ClCompile>
    <ClCompile Include="..\..\Client\Private\UIBeta.cpp">
      <Filter>999. CPP From Client\00. UIObjects</Filter>
    </ClCompile>
    <ClCompile Include="..\..\Client\Private\UIButton.cpp">
      <Filter>999. CPP From Client\00. UIObjects</Filter>
    </ClCompile>
    <ClCompile Include="..\..\Client\Private\UIHPBar.cpp">
      <Filter>999. CPP From Client\00. UIObjects</Filter>
    </ClCompile>
    <ClCompile Include="..\..\Client\Private\UIHPFX.cpp">
      <Filter>999. CPP From Client\00. UIObjects</Filter>
    </ClCompile>
    <ClCompile Include="..\..\Client\Private\UIHUD.cpp">
      <Filter>999. CPP From Client\00. UIObjects</Filter>
    </ClCompile>
    <ClCompile Include="..\..\Client\Private\UIImage.cpp">
      <Filter>999. CPP From Client\00. UIObjects</Filter>
    </ClCompile>
    <ClCompile Include="..\..\Client\Private\UIPanel.cpp">
      <Filter>999. CPP From Client\00. UIObjects</Filter>
    </ClCompile>
    <ClCompile Include="..\..\Client\Private\UIPlayAnimEvent.cpp">
      <Filter>999. CPP From Client\00. UIObjects</Filter>
    </ClCompile>
    <ClCompile Include="..\..\Client\Private\UIPotion.cpp">
      <Filter>999. CPP From Client\00. UIObjects</Filter>
    </ClCompile>
    <ClCompile Include="..\..\Client\Private\UIPotionCount.cpp">
      <Filter>999. CPP From Client\00. UIObjects</Filter>
    </ClCompile>
    <ClCompile Include="..\..\Client\Private\UIPotionStack.cpp">
      <Filter>999. CPP From Client\00. UIObjects</Filter>
    </ClCompile>
    <ClCompile Include="..\..\Client\Private\UIRushSlot.cpp">
      <Filter>999. CPP From Client\00. UIObjects</Filter>
    </ClCompile>
    <ClCompile Include="..\..\Client\Private\UIShield.cpp">
      <Filter>999. CPP From Client\00. UIObjects</Filter>
    </ClCompile>
    <ClCompile Include="..\..\Client\Private\UISkillSlot.cpp">
      <Filter>999. CPP From Client\00. UIObjects</Filter>
    </ClCompile>
    <ClCompile Include="..\..\Client\Private\UISkillWrapper.cpp">
      <Filter>999. CPP From Client\00. UIObjects</Filter>
    </ClCompile>
    <ClCompile Include="..\..\Client\Private\UIText.cpp">
      <Filter>999. CPP From Client\00. UIObjects</Filter>
    </ClCompile>
    <ClCompile Include="..\..\Client\Private\UIWrapper.cpp">
      <Filter>999. CPP From Client\00. UIObjects</Filter>
    </ClCompile>
    <ClCompile Include="..\..\Client\Private\Actor.cpp">
      <Filter>999. CPP From Client\01. CanBox</Filter>
    </ClCompile>
    <ClCompile Include="..\..\Client\Private\BoxOpenEvent.cpp">
      <Filter>999. CPP From Client\01. CanBox</Filter>
    </ClCompile>
    <ClCompile Include="..\..\Client\Private\CanBox.cpp">
      <Filter>999. CPP From Client\01. CanBox</Filter>
    </ClCompile>
    <ClCompile Include="..\..\Client\Private\Quest.cpp">
      <Filter>999. CPP From Client\01. CanBox</Filter>
    </ClCompile>
    <ClCompile Include="..\..\Client\Private\RewordEvent.cpp">
      <Filter>999. CPP From Client\01. CanBox</Filter>
    </ClCompile>
    <ClCompile Include="..\..\Client\Private\Sky.cpp">
      <Filter>999. CPP From Client\01. CanBox</Filter>
    </ClCompile>
    <ClCompile Include="..\..\Client\Private\TestQuest.cpp">
      <Filter>999. CPP From Client\01. CanBox</Filter>
    </ClCompile>
    <ClCompile Include="..\..\Client\Private\DataManager.cpp">
      <Filter>999. CPP From Client\02. GameManager</Filter>
    </ClCompile>
    <ClCompile Include="..\..\Client\Private\GameManager.cpp">
      <Filter>999. CPP From Client\02. GameManager</Filter>
    </ClCompile>
    <ClCompile Include="..\..\Client\Private\QuestManager.cpp">
      <Filter>999. CPP From Client\02. GameManager</Filter>
    </ClCompile>
    <ClCompile Include="..\..\Client\Private\Prob_Interaction.cpp">
      <Filter>999. CPP From Client\01. CanBox</Filter>
    </ClCompile>
    <ClCompile Include="..\..\Client\Private\Player.cpp">
      <Filter>999. CPP From Client\03. Player</Filter>
    </ClCompile>
    <ClCompile Include="..\..\Client\Private\Notify.cpp">
      <Filter>999. CPP From Client\03. Player</Filter>
    </ClCompile>
    <ClCompile Include="..\..\Client\Private\LockonManager.cpp">
      <Filter>999. CPP From Client\02. GameManager</Filter>
    </ClCompile>
    <ClCompile Include="..\..\Client\Private\Character.cpp">
      <Filter>999. CPP From Client\03. Player</Filter>
    </ClCompile>
    <ClCompile Include="..\..\Client\Private\Player_BattleEvadeState.cpp">
      <Filter>999. CPP From Client\03. Player\FSM</Filter>
    </ClCompile>
    <ClCompile Include="..\..\Client\Private\Player_BattleIdleState.cpp">
      <Filter>999. CPP From Client\03. Player\FSM</Filter>
    </ClCompile>
    <ClCompile Include="..\..\Client\Private\Player_BattleLandingState.cpp">
      <Filter>999. CPP From Client\03. Player\FSM</Filter>
    </ClCompile>
    <ClCompile Include="..\..\Client\Private\Player_BattleWalkEndState.cpp">
      <Filter>999. CPP From Client\03. Player\FSM</Filter>
    </ClCompile>
    <ClCompile Include="..\..\Client\Private\Player_BattleWalkState.cpp">
      <Filter>999. CPP From Client\03. Player\FSM</Filter>
    </ClCompile>
    <ClCompile Include="..\..\Client\Private\Player_HitState.cpp">
      <Filter>999. CPP From Client\03. Player\FSM</Filter>
    </ClCompile>
    <ClCompile Include="..\..\Client\Private\Player_IdleLandingState.cpp">
      <Filter>999. CPP From Client\03. Player\FSM</Filter>
    </ClCompile>
    <ClCompile Include="..\..\Client\Private\Player_IdleState.cpp">
      <Filter>999. CPP From Client\03. Player\FSM</Filter>
    </ClCompile>
    <ClCompile Include="..\..\Client\Private\Player_IdleWalkState.cpp">
      <Filter>999. CPP From Client\03. Player\FSM</Filter>
    </ClCompile>
    <ClCompile Include="..\..\Client\Private\Player_JumpState.cpp">
      <Filter>999. CPP From Client\03. Player\FSM</Filter>
    </ClCompile>
    <ClCompile Include="..\..\Client\Private\Player_LightAttackState.cpp">
      <Filter>999. CPP From Client\03. Player\FSM</Filter>
    </ClCompile>
    <ClCompile Include="..\..\Client\Private\Player_LockonEvadeState.cpp">
      <Filter>999. CPP From Client\03. Player\FSM</Filter>
    </ClCompile>
    <ClCompile Include="..\..\Client\Private\Player_LockonIdleState.cpp">
      <Filter>999. CPP From Client\03. Player\FSM</Filter>
    </ClCompile>
    <ClCompile Include="..\..\Client\Private\Player_LockonWalkState.cpp">
      <Filter>999. CPP From Client\03. Player\FSM</Filter>
    </ClCompile>
    <ClCompile Include="..\..\Client\Private\Player_Parts.cpp">
      <Filter>999. CPP From Client\03. Player\FSM</Filter>
    </ClCompile>
    <ClCompile Include="..\..\Client\Private\Player_VendingInteractionState.cpp">
      <Filter>999. CPP From Client\03. Player\FSM</Filter>
    </ClCompile>
    <ClCompile Include="..\..\Client\Private\PlayerBehaviorCallback.cpp">
      <Filter>999. CPP From Client\03. Player\FSM</Filter>
    </ClCompile>
    <ClCompile Include="..\..\Client\Private\PlayerCCTHitReporter.cpp">
      <Filter>999. CPP From Client\03. Player\FSM</Filter>
    </ClCompile>
    <ClCompile Include="..\..\Client\Private\PlayerFSM.cpp">
      <Filter>999. CPP From Client\03. Player\FSM</Filter>
    </ClCompile>
    <ClCompile Include="..\..\Client\Private\PlayerState.cpp">
      <Filter>999. CPP From Client\03. Player\FSM</Filter>
    </ClCompile>
    <ClCompile Include="..\..\Client\Private\UISkillWrapperLineFX.cpp">
      <Filter>999. CPP From Client\00. UIObjects</Filter>
    </ClCompile>
    <ClCompile Include="..\..\Client\Private\UISkillWrapperOnFX.cpp">
      <Filter>999. CPP From Client\00. UIObjects</Filter>
    </ClCompile>
    <ClCompile Include="..\..\Client\Private\Player_IdleWalkEndState.cpp">
      <Filter>999. CPP From Client\03. Player\FSM</Filter>
    </ClCompile>
    <ClCompile Include="..\..\Client\Private\UIWorldWrapper.cpp">
      <Filter>999. CPP From Client\00. UIObjects</Filter>
    </ClCompile>
    <ClCompile Include="..\..\Client\Private\UIMonsterHPBar.cpp">
      <Filter>999. CPP From Client\00. UIObjects</Filter>
    </ClCompile>
    <ClCompile Include="..\..\Client\Private\UIMonsterHPFX.cpp">
      <Filter>999. CPP From Client\00. UIObjects</Filter>
    </ClCompile>
    <ClCompile Include="..\..\Client\Private\UIMonsterShield.cpp">
      <Filter>999. CPP From Client\00. UIObjects</Filter>
    </ClCompile>
    <ClCompile Include="..\..\Client\Private\UIBossHPBar.cpp">
      <Filter>999. CPP From Client\00. UIObjects</Filter>
    </ClCompile>
    <ClCompile Include="..\..\Client\Private\UIBossHPBarFX.cpp">
      <Filter>999. CPP From Client\00. UIObjects</Filter>
    </ClCompile>
    <ClCompile Include="..\..\Client\Private\UIBossShield.cpp">
      <Filter>999. CPP From Client\00. UIObjects</Filter>
    </ClCompile>
    <ClCompile Include="..\..\Client\Private\UIBossVitalWrapper.cpp">
      <Filter>999. CPP From Client\00. UIObjects</Filter>
    </ClCompile>
    <ClCompile Include="..\..\Client\Private\Player_SheatheHairpin.cpp">
      <Filter>999. CPP From Client\03. Player\FSM</Filter>
    </ClCompile>
    <ClCompile Include="..\..\Client\Private\Player_DrawHairpin.cpp">
      <Filter>999. CPP From Client\03. Player\FSM</Filter>
    </ClCompile>
    <ClCompile Include="..\..\Client\Private\UIBossName.cpp">
      <Filter>999. CPP From Client\00. UIObjects</Filter>
    </ClCompile>
    <ClCompile Include="..\..\Client\Private\Player_BetaChargingSlashState.cpp">
      <Filter>999. CPP From Client\03. Player\FSM</Filter>
    </ClCompile>
    <ClCompile Include="..\..\Client\Private\Player_BetaTripletState.cpp">
      <Filter>999. CPP From Client\03. Player\FSM</Filter>
    </ClCompile>
  </ItemGroup>
  <ItemGroup>
    <Image Include="small.ico">
      <Filter>100. ETC</Filter>
    </Image>
    <Image Include="UI_Editor.ico">
      <Filter>100. ETC</Filter>
    </Image>
  </ItemGroup>
  <ItemGroup>
    <ResourceCompile Include="UI_Editor.rc">
      <Filter>100. ETC</Filter>
    </ResourceCompile>
  </ItemGroup>
</Project>