<?xml version="1.0" encoding="utf-8"?>
<Project ToolsVersion="4.0" xmlns="http://schemas.microsoft.com/developer/msbuild/2003">
  <ItemGroup>
    <ClInclude Include="..\Public\Base.h">
      <Filter>01.Utility\99.SuperClass</Filter>
    </ClInclude>
    <ClInclude Include="..\Public\Engine_Defines.h">
      <Filter>99.Defines</Filter>
    </ClInclude>
    <ClInclude Include="..\Public\Engine_Enum.h">
      <Filter>99.Defines</Filter>
    </ClInclude>
    <ClInclude Include="..\Public\Engine_Function.h">
      <Filter>99.Defines</Filter>
    </ClInclude>
    <ClInclude Include="..\Public\Engine_Macro.h">
      <Filter>99.Defines</Filter>
    </ClInclude>
    <ClInclude Include="..\Public\Engine_Struct.h">
      <Filter>99.Defines</Filter>
    </ClInclude>
    <ClInclude Include="..\Public\Engine_Typedef.h">
      <Filter>99.Defines</Filter>
    </ClInclude>
    <ClInclude Include="..\Public\GameInstance.h">
      <Filter>01.Utility\00.GameInstance</Filter>
    </ClInclude>
    <ClInclude Include="..\Public\Timer_Manager.h">
      <Filter>00.System\01.Timer\Manager</Filter>
    </ClInclude>
    <ClInclude Include="..\Public\Timer.h">
      <Filter>00.System\01.Timer</Filter>
    </ClInclude>
    <ClInclude Include="..\Public\Component.h">
      <Filter>01.Utility\03.Components</Filter>
    </ClInclude>
    <ClInclude Include="..\Public\GameObject.h">
      <Filter>01.Utility\02.GameObjects</Filter>
    </ClInclude>
    <ClInclude Include="..\Public\Level.h">
      <Filter>01.Utility\01.Levels</Filter>
    </ClInclude>
    <ClInclude Include="..\Public\Renderer.h">
      <Filter>01.Utility\05.Renderer</Filter>
    </ClInclude>
    <ClInclude Include="..\Public\Object_Manager.h">
      <Filter>01.Utility\02.GameObjects\Manager</Filter>
    </ClInclude>
    <ClInclude Include="..\Public\Layer.h">
      <Filter>01.Utility\02.GameObjects\Manager\Layers</Filter>
    </ClInclude>
    <ClInclude Include="..\Public\Level_Manager.h">
      <Filter>01.Utility\01.Levels\Manager</Filter>
    </ClInclude>
    <ClInclude Include="..\Public\Graphic_Device.h">
      <Filter>00.System\00.Device\Graphic</Filter>
    </ClInclude>
    <ClInclude Include="..\Public\Prototype_Manager.h">
      <Filter>01.Utility\04.Prototypes\Manager</Filter>
    </ClInclude>
    <ClInclude Include="..\public\UIObject.h">
      <Filter>01.Utility\02.GameObjects\UIObject</Filter>
    </ClInclude>
    <ClInclude Include="..\public\Transform.h">
      <Filter>01.Utility\03.Components\Transform</Filter>
    </ClInclude>
    <ClInclude Include="..\public\Texture.h">
      <Filter>01.Utility\03.Components\Texture</Filter>
    </ClInclude>
    <ClInclude Include="..\public\VIBuffer.h">
      <Filter>01.Utility\03.Components\VIBuffer</Filter>
    </ClInclude>
    <ClInclude Include="..\public\VIBuffer_Rect.h">
      <Filter>01.Utility\03.Components\VIBuffer\Rect</Filter>
    </ClInclude>
    <ClInclude Include="..\public\Shader.h">
      <Filter>01.Utility\03.Components\Shader</Filter>
    </ClInclude>
    <ClInclude Include="..\Public\VIBuffer_Terrain.h">
      <Filter>01.Utility\03.Components\VIBuffer\Terrain</Filter>
    </ClInclude>
    <ClInclude Include="..\public\PipeLine.h">
      <Filter>01.Utility\06.PipeLine</Filter>
    </ClInclude>
    <ClInclude Include="..\public\Camera.h">
      <Filter>01.Utility\12.CameraManager\Camera</Filter>
    </ClInclude>
    <ClInclude Include="..\Public\Input_Device.h">
      <Filter>00.System\02.Input</Filter>
    </ClInclude>
    <ClInclude Include="..\public\Model.h">
      <Filter>01.Utility\03.Components\Model</Filter>
    </ClInclude>
    <ClInclude Include="..\Public\Mesh.h">
      <Filter>01.Utility\03.Components\Model\Mesh</Filter>
    </ClInclude>
    <ClInclude Include="..\public\Material.h">
      <Filter>01.Utility\03.Components\Model\Material</Filter>
    </ClInclude>
    <ClInclude Include="..\public\Bone.h">
      <Filter>01.Utility\03.Components\Model\Bone</Filter>
    </ClInclude>
    <ClInclude Include="..\public\Animation.h">
      <Filter>01.Utility\03.Components\Model\Animation</Filter>
    </ClInclude>
    <ClInclude Include="..\public\Channel.h">
      <Filter>01.Utility\03.Components\Model\Animation\Channel</Filter>
    </ClInclude>
    <ClInclude Include="..\public\ContainerObject.h">
      <Filter>01.Utility\02.GameObjects\ContainerObject</Filter>
    </ClInclude>
    <ClInclude Include="..\public\PartObject.h">
      <Filter>01.Utility\02.GameObjects\PartObject</Filter>
    </ClInclude>
    <ClInclude Include="..\public\Light_Manager.h">
      <Filter>01.Utility\07.Lights\Manager</Filter>
    </ClInclude>
    <ClInclude Include="..\public\Light.h">
      <Filter>01.Utility\07.Lights</Filter>
    </ClInclude>
    <ClInclude Include="..\public\Navigation.h">
      <Filter>01.Utility\03.Components\Navigation</Filter>
    </ClInclude>
    <ClInclude Include="..\public\Cell.h">
      <Filter>01.Utility\03.Components\Navigation\Cell</Filter>
    </ClInclude>
    <ClInclude Include="..\Public\VIBuffer_Cell.h">
      <Filter>01.Utility\03.Components\VIBuffer\Cell</Filter>
    </ClInclude>
    <ClInclude Include="..\Public\DebugDraw.h">
      <Filter>01.Utility\03.Components\Collider\DebugDraw</Filter>
    </ClInclude>
    <ClInclude Include="..\Public\VIBuffer_Cube.h">
      <Filter>01.Utility\03.Components\VIBuffer\Cube</Filter>
    </ClInclude>
    <ClInclude Include="..\public\CustomFont.h">
      <Filter>01.Utility\08.Fonts</Filter>
    </ClInclude>
    <ClInclude Include="..\public\VIBuffer_Instance.h">
      <Filter>01.Utility\03.Components\VIBuffer\Instance</Filter>
    </ClInclude>
    <ClInclude Include="..\public\VIBuffer_Rect_Instance.h">
      <Filter>01.Utility\03.Components\VIBuffer\Instance\Rect</Filter>
    </ClInclude>
    <ClInclude Include="..\public\Font_Manager.h">
      <Filter>01.Utility\08.Fonts</Filter>
    </ClInclude>
    <ClInclude Include="..\Public\VIBuffer_Point_Instance.h">
      <Filter>01.Utility\03.Components\VIBuffer\Instance\Point</Filter>
    </ClInclude>
    <ClInclude Include="..\public\RenderTarget.h">
      <Filter>01.Utility\09.RenderTargets</Filter>
    </ClInclude>
    <ClInclude Include="..\public\Target_Manager.h">
      <Filter>01.Utility\09.RenderTargets\Manager</Filter>
    </ClInclude>
    <ClInclude Include="..\public\Picking.h">
      <Filter>01.Utility\10.Picking</Filter>
    </ClInclude>
    <ClInclude Include="..\public\BlendObject.h">
      <Filter>01.Utility\02.GameObjects\BlendObject</Filter>
    </ClInclude>
    <ClInclude Include="..\public\Shadow.h">
      <Filter>01.Utility\11.Shadow</Filter>
    </ClInclude>
    <ClInclude Include="..\public\Frustum.h">
      <Filter>01.Utility\12.CameraManager\Frustum</Filter>
    </ClInclude>
    <ClInclude Include="..\Public\QuadTree.h">
      <Filter>01.Utility\03.Components\VIBuffer\Terrain\QuadTree</Filter>
    </ClInclude>
    <ClInclude Include="..\Public\Engine_Math.h">
      <Filter>01.Utility\100.Math</Filter>
    </ClInclude>
    <ClInclude Include="..\Public\StringHelper.h">
      <Filter>01.Utility\101.String</Filter>
    </ClInclude>
    <ClInclude Include="..\Public\Sound_Manager.h">
      <Filter>01.Utility\13.Sound</Filter>
    </ClInclude>
    <ClInclude Include="..\Public\Collider.h">
      <Filter>01.Utility\03.Components\Collider</Filter>
    </ClInclude>
    <ClInclude Include="..\Public\CollisionManager.h">
      <Filter>01.Utility\03.Components\Collider\Manager</Filter>
    </ClInclude>
    <ClInclude Include="..\Public\SphereCollider.h">
      <Filter>01.Utility\03.Components\Collider\Sphere</Filter>
    </ClInclude>
    <ClInclude Include="..\Public\OBBCollider.h">
      <Filter>01.Utility\03.Components\Collider\OBB</Filter>
    </ClInclude>
    <ClInclude Include="..\Public\BoxCollider.h">
      <Filter>01.Utility\03.Components\Collider\Box</Filter>
    </ClInclude>
    <ClInclude Include="..\public\GameHUD.h">
      <Filter>01.Utility\14.HUD</Filter>
    </ClInclude>
    <ClInclude Include="..\public\HUDLayer.h">
      <Filter>01.Utility\14.HUD\Layer</Filter>
    </ClInclude>
    <ClInclude Include="..\Public\Engine_Component.h">
      <Filter>99.Defines</Filter>
    </ClInclude>
    <ClInclude Include="..\public\EffectResourceManager.h">
      <Filter>01.Utility\15.ResourceManager</Filter>
    </ClInclude>
    <ClInclude Include="..\public\ThreadPool.h">
      <Filter>01.Utility\16.ThreadPool</Filter>
    </ClInclude>
    <ClInclude Include="..\public\CameraManager.h">
      <Filter>01.Utility\12.CameraManager</Filter>
    </ClInclude>
    <ClInclude Include="..\public\JsonParser.h">
      <Filter>01.Utility\104.Json</Filter>
    </ClInclude>
  </ItemGroup>
  <ItemGroup>
    <ClCompile Include="..\Private\Base.cpp">
      <Filter>01.Utility\99.SuperClass</Filter>
    </ClCompile>
    <ClCompile Include="..\Private\GameInstance.cpp">
      <Filter>01.Utility\00.GameInstance</Filter>
    </ClCompile>
    <ClCompile Include="..\Private\Timer_Manager.cpp">
      <Filter>00.System\01.Timer\Manager</Filter>
    </ClCompile>
    <ClCompile Include="..\Private\Timer.cpp">
      <Filter>00.System\01.Timer</Filter>
    </ClCompile>
    <ClCompile Include="..\Private\Component.cpp">
      <Filter>01.Utility\03.Components</Filter>
    </ClCompile>
    <ClCompile Include="..\Private\GameObject.cpp">
      <Filter>01.Utility\02.GameObjects</Filter>
    </ClCompile>
    <ClCompile Include="..\Private\Level.cpp">
      <Filter>01.Utility\01.Levels</Filter>
    </ClCompile>
    <ClCompile Include="..\Private\Renderer.cpp">
      <Filter>01.Utility\05.Renderer</Filter>
    </ClCompile>
    <ClCompile Include="..\Private\Object_Manager.cpp">
      <Filter>01.Utility\02.GameObjects\Manager</Filter>
    </ClCompile>
    <ClCompile Include="..\Private\Layer.cpp">
      <Filter>01.Utility\02.GameObjects\Manager\Layers</Filter>
    </ClCompile>
    <ClCompile Include="..\Private\Level_Manager.cpp">
      <Filter>01.Utility\01.Levels\Manager</Filter>
    </ClCompile>
    <ClCompile Include="..\Private\Graphic_Device.cpp">
      <Filter>00.System\00.Device\Graphic</Filter>
    </ClCompile>
    <ClCompile Include="..\Private\Prototype_Manager.cpp">
      <Filter>01.Utility\04.Prototypes\Manager</Filter>
    </ClCompile>
    <ClCompile Include="..\private\UIObject.cpp">
      <Filter>01.Utility\02.GameObjects\UIObject</Filter>
    </ClCompile>
    <ClCompile Include="..\private\Transform.cpp">
      <Filter>01.Utility\03.Components\Transform</Filter>
    </ClCompile>
    <ClCompile Include="..\private\Texture.cpp">
      <Filter>01.Utility\03.Components\Texture</Filter>
    </ClCompile>
    <ClCompile Include="..\private\VIBuffer.cpp">
      <Filter>01.Utility\03.Components\VIBuffer</Filter>
    </ClCompile>
    <ClCompile Include="..\private\VIBuffer_Rect.cpp">
      <Filter>01.Utility\03.Components\VIBuffer\Rect</Filter>
    </ClCompile>
    <ClCompile Include="..\private\Shader.cpp">
      <Filter>01.Utility\03.Components\Shader</Filter>
    </ClCompile>
    <ClCompile Include="..\Private\VIBuffer_Terrain.cpp">
      <Filter>01.Utility\03.Components\VIBuffer\Terrain</Filter>
    </ClCompile>
    <ClCompile Include="..\private\PipeLine.cpp">
      <Filter>01.Utility\06.PipeLine</Filter>
    </ClCompile>
    <ClCompile Include="..\private\Camera.cpp">
      <Filter>01.Utility\12.CameraManager\Camera</Filter>
    </ClCompile>
    <ClCompile Include="..\Private\Input_Device.cpp">
      <Filter>00.System\02.Input</Filter>
    </ClCompile>
    <ClCompile Include="..\private\Model.cpp">
      <Filter>01.Utility\03.Components\Model</Filter>
    </ClCompile>
    <ClCompile Include="..\Private\Mesh.cpp">
      <Filter>01.Utility\03.Components\Model\Mesh</Filter>
    </ClCompile>
    <ClCompile Include="..\private\Material.cpp">
      <Filter>01.Utility\03.Components\Model\Material</Filter>
    </ClCompile>
    <ClCompile Include="..\private\Bone.cpp">
      <Filter>01.Utility\03.Components\Model\Bone</Filter>
    </ClCompile>
    <ClCompile Include="..\private\Animation.cpp">
      <Filter>01.Utility\03.Components\Model\Animation</Filter>
    </ClCompile>
    <ClCompile Include="..\private\Channel.cpp">
      <Filter>01.Utility\03.Components\Model\Animation\Channel</Filter>
    </ClCompile>
    <ClCompile Include="..\private\ContainerObject.cpp">
      <Filter>01.Utility\02.GameObjects\ContainerObject</Filter>
    </ClCompile>
    <ClCompile Include="..\private\PartObject.cpp">
      <Filter>01.Utility\02.GameObjects\PartObject</Filter>
    </ClCompile>
    <ClCompile Include="..\private\Light_Manager.cpp">
      <Filter>01.Utility\07.Lights\Manager</Filter>
    </ClCompile>
    <ClCompile Include="..\private\Light.cpp">
      <Filter>01.Utility\07.Lights</Filter>
    </ClCompile>
    <ClCompile Include="..\private\Navigation.cpp">
      <Filter>01.Utility\03.Components\Navigation</Filter>
    </ClCompile>
    <ClCompile Include="..\private\Cell.cpp">
      <Filter>01.Utility\03.Components\Navigation\Cell</Filter>
    </ClCompile>
    <ClCompile Include="..\Private\VIBuffer_Cell.cpp">
      <Filter>01.Utility\03.Components\VIBuffer\Cell</Filter>
    </ClCompile>
    <ClCompile Include="..\Private\DebugDraw.cpp">
      <Filter>01.Utility\03.Components\Collider\DebugDraw</Filter>
    </ClCompile>
    <ClCompile Include="..\Private\VIBuffer_Cube.cpp">
      <Filter>01.Utility\03.Components\VIBuffer\Cube</Filter>
    </ClCompile>
    <ClCompile Include="..\private\CustomFont.cpp">
      <Filter>01.Utility\08.Fonts</Filter>
    </ClCompile>
    <ClCompile Include="..\private\VIBuffer_Instance.cpp">
      <Filter>01.Utility\03.Components\VIBuffer\Instance</Filter>
    </ClCompile>
    <ClCompile Include="..\private\VIBuffer_Rect_Instance.cpp">
      <Filter>01.Utility\03.Components\VIBuffer\Instance\Rect</Filter>
    </ClCompile>
    <ClCompile Include="..\private\Font_Manager.cpp">
      <Filter>01.Utility\08.Fonts</Filter>
    </ClCompile>
    <ClCompile Include="..\Private\VIBuffer_Point_Instance.cpp">
      <Filter>01.Utility\03.Components\VIBuffer\Instance\Point</Filter>
    </ClCompile>
    <ClCompile Include="..\private\RenderTarget.cpp">
      <Filter>01.Utility\09.RenderTargets</Filter>
    </ClCompile>
    <ClCompile Include="..\private\Target_Manager.cpp">
      <Filter>01.Utility\09.RenderTargets\Manager</Filter>
    </ClCompile>
    <ClCompile Include="..\private\Picking.cpp">
      <Filter>01.Utility\10.Picking</Filter>
    </ClCompile>
    <ClCompile Include="..\private\BlendObject.cpp">
      <Filter>01.Utility\02.GameObjects\BlendObject</Filter>
    </ClCompile>
    <ClCompile Include="..\private\Shadow.cpp">
      <Filter>01.Utility\11.Shadow</Filter>
    </ClCompile>
    <ClCompile Include="..\private\Frustum.cpp">
      <Filter>01.Utility\12.CameraManager\Frustum</Filter>
    </ClCompile>
    <ClCompile Include="..\Private\QuadTree.cpp">
      <Filter>01.Utility\03.Components\VIBuffer\Terrain\QuadTree</Filter>
    </ClCompile>
    <ClCompile Include="..\Private\StringHelper.cpp">
      <Filter>01.Utility\101.String</Filter>
    </ClCompile>
    <ClCompile Include="..\Private\Sound_Manager.cpp">
      <Filter>01.Utility\13.Sound</Filter>
    </ClCompile>
    <ClCompile Include="..\Private\Collider.cpp">
      <Filter>01.Utility\03.Components\Collider</Filter>
    </ClCompile>
    <ClCompile Include="..\Private\BoxCollider.cpp">
      <Filter>01.Utility\03.Components\Collider\Box</Filter>
    </ClCompile>
    <ClCompile Include="..\Private\CollisionManager.cpp">
      <Filter>01.Utility\03.Components\Collider\Manager</Filter>
    </ClCompile>
    <ClCompile Include="..\Private\SphereCollider.cpp">
      <Filter>01.Utility\03.Components\Collider\Sphere</Filter>
    </ClCompile>
    <ClCompile Include="..\Private\OBBCollider.cpp">
      <Filter>01.Utility\03.Components\Collider\OBB</Filter>
    </ClCompile>
    <ClCompile Include="..\private\GameHUD.cpp">
      <Filter>01.Utility\14.HUD</Filter>
    </ClCompile>
    <ClCompile Include="..\private\HUDLayer.cpp">
      <Filter>01.Utility\14.HUD\Layer</Filter>
    </ClCompile>
    <ClCompile Include="..\private\EffectResourceManager.cpp">
      <Filter>01.Utility\15.ResourceManager</Filter>
    </ClCompile>
    <ClCompile Include="..\private\ThreadPool.cpp">
      <Filter>01.Utility\16.ThreadPool</Filter>
    </ClCompile>
    <ClCompile Include="..\private\CameraManager.cpp">
      <Filter>01.Utility\12.CameraManager</Filter>
    </ClCompile>
    <ClCompile Include="..\private\JsonParser.cpp">
      <Filter>01.Utility\104.Json</Filter>
    </ClCompile>
  </ItemGroup>
  <ItemGroup>
    <Filter Include="00.System">
      <UniqueIdentifier>{7496302b-bbf3-4d17-b06c-776ada306fe7}</UniqueIdentifier>
    </Filter>
    <Filter Include="01.Utility">
      <UniqueIdentifier>{b96ac28b-812c-4488-9b7a-915ac186c966}</UniqueIdentifier>
    </Filter>
    <Filter Include="99.Defines">
      <UniqueIdentifier>{bc262dbf-82ca-4973-af0b-a5955fe21f48}</UniqueIdentifier>
    </Filter>
    <Filter Include="01.Utility\99.SuperClass">
      <UniqueIdentifier>{f4be3592-8a1b-4f99-a50d-6e46242fccba}</UniqueIdentifier>
    </Filter>
    <Filter Include="00.System\00.Device">
      <UniqueIdentifier>{beb170b4-0ce9-4a0a-9ebc-3d39cbef8248}</UniqueIdentifier>
    </Filter>
    <Filter Include="00.System\01.Timer">
      <UniqueIdentifier>{b9f9c58f-53bd-4729-a636-484b43e2e23d}</UniqueIdentifier>
    </Filter>
    <Filter Include="00.System\01.Timer\Manager">
      <UniqueIdentifier>{735eba6b-ad64-41e3-a769-a260db5c646c}</UniqueIdentifier>
    </Filter>
    <Filter Include="00.System\00.Device\Graphic">
      <UniqueIdentifier>{c39856ee-26b4-4735-9fa7-c1c2a4f029a9}</UniqueIdentifier>
    </Filter>
    <Filter Include="00.System\00.Device\Input">
      <UniqueIdentifier>{6b8c9942-c122-4b9c-ac40-c6875f6a64a3}</UniqueIdentifier>
    </Filter>
    <Filter Include="01.Utility\01.Levels">
      <UniqueIdentifier>{69534a59-b5fe-42e4-98d2-d352d2d2a90b}</UniqueIdentifier>
    </Filter>
    <Filter Include="01.Utility\02.GameObjects">
      <UniqueIdentifier>{62d7d084-9acc-44d9-b9c2-856102250ce2}</UniqueIdentifier>
    </Filter>
    <Filter Include="01.Utility\03.Components">
      <UniqueIdentifier>{9232881a-7808-4c76-94cc-6226f3e6970c}</UniqueIdentifier>
    </Filter>
    <Filter Include="01.Utility\04.Prototypes">
      <UniqueIdentifier>{b87607bc-05e0-4a6a-bc2c-66a8cc763c68}</UniqueIdentifier>
    </Filter>
    <Filter Include="01.Utility\05.Renderer">
      <UniqueIdentifier>{acdbe400-3fb6-4608-a5a8-38b6df045f3a}</UniqueIdentifier>
    </Filter>
    <Filter Include="01.Utility\04.Prototypes\Manager">
      <UniqueIdentifier>{184fc138-0a87-4b86-9475-c02b96445bdf}</UniqueIdentifier>
    </Filter>
    <Filter Include="01.Utility\02.GameObjects\Manager">
      <UniqueIdentifier>{efc82929-890d-4b38-9012-b28e7cfd31b9}</UniqueIdentifier>
    </Filter>
    <Filter Include="01.Utility\02.GameObjects\Manager\Layers">
      <UniqueIdentifier>{71f86de6-d79b-4a5b-bd36-741a477b174d}</UniqueIdentifier>
    </Filter>
    <Filter Include="01.Utility\01.Levels\Manager">
      <UniqueIdentifier>{5551b45b-b6f2-4aae-b287-d99e83f12793}</UniqueIdentifier>
    </Filter>
    <Filter Include="01.Utility\02.GameObjects\UIObject">
      <UniqueIdentifier>{5afffd4c-fc13-4efe-81bd-ff8dd523a759}</UniqueIdentifier>
    </Filter>
    <Filter Include="01.Utility\03.Components\Transform">
      <UniqueIdentifier>{f969d824-a1bc-4975-9fe6-4173dcece90e}</UniqueIdentifier>
    </Filter>
    <Filter Include="01.Utility\03.Components\Texture">
      <UniqueIdentifier>{e35e7442-1081-4bae-8c24-be96882961c6}</UniqueIdentifier>
    </Filter>
    <Filter Include="01.Utility\03.Components\VIBuffer">
      <UniqueIdentifier>{7d3c50c8-f4d7-46cd-a991-075c2bcd0e2d}</UniqueIdentifier>
    </Filter>
    <Filter Include="01.Utility\03.Components\VIBuffer\Rect">
      <UniqueIdentifier>{822053a6-414c-4dfc-bc52-208c823f880d}</UniqueIdentifier>
    </Filter>
    <Filter Include="01.Utility\03.Components\Shader">
      <UniqueIdentifier>{5ad0644b-a279-42dc-9f10-1a0d2d64f70b}</UniqueIdentifier>
    </Filter>
    <Filter Include="01.Utility\03.Components\VIBuffer\Terrain">
      <UniqueIdentifier>{d62a61ca-12a7-4d7e-be15-4f06582e5051}</UniqueIdentifier>
    </Filter>
    <Filter Include="01.Utility\06.PipeLine">
      <UniqueIdentifier>{00bb1f39-0400-4781-b607-94cd184f43ca}</UniqueIdentifier>
    </Filter>
    <Filter Include="00.System\02.Input">
      <UniqueIdentifier>{ed9f86f1-56ed-4007-b67b-0c8dbf186264}</UniqueIdentifier>
    </Filter>
    <Filter Include="01.Utility\03.Components\Model">
      <UniqueIdentifier>{16ee2ecd-a996-493e-84af-4824bb830a26}</UniqueIdentifier>
    </Filter>
    <Filter Include="01.Utility\03.Components\Model\Mesh">
      <UniqueIdentifier>{74052d77-4cac-48bb-9777-040bf0fcc291}</UniqueIdentifier>
    </Filter>
    <Filter Include="01.Utility\03.Components\Model\Material">
      <UniqueIdentifier>{c1ce1e6d-e8d9-4868-ad9d-b0b05e12d427}</UniqueIdentifier>
    </Filter>
    <Filter Include="01.Utility\03.Components\Model\Bone">
      <UniqueIdentifier>{1ded96bc-41b8-42b8-afe6-04613a9df0ca}</UniqueIdentifier>
    </Filter>
    <Filter Include="01.Utility\03.Components\Model\Animation">
      <UniqueIdentifier>{0ffd71dc-a6a4-4f49-a6e9-70d1dd54f78b}</UniqueIdentifier>
    </Filter>
    <Filter Include="01.Utility\03.Components\Model\Animation\Channel">
      <UniqueIdentifier>{98095d25-33bd-4d64-8b5d-9d0a35dba342}</UniqueIdentifier>
    </Filter>
    <Filter Include="01.Utility\02.GameObjects\ContainerObject">
      <UniqueIdentifier>{0caac38f-1c83-42cb-bc4d-60419d229070}</UniqueIdentifier>
    </Filter>
    <Filter Include="01.Utility\02.GameObjects\PartObject">
      <UniqueIdentifier>{1f0dfad3-a936-4e4a-a45b-dbdde53ef1c9}</UniqueIdentifier>
    </Filter>
    <Filter Include="01.Utility\07.Lights">
      <UniqueIdentifier>{5b406faa-f75b-4ab9-bd6c-8a033359432f}</UniqueIdentifier>
    </Filter>
    <Filter Include="01.Utility\07.Lights\Manager">
      <UniqueIdentifier>{c2143ad3-98d3-45d0-8fb3-bd371947812e}</UniqueIdentifier>
    </Filter>
    <Filter Include="01.Utility\03.Components\VIBuffer\Cell">
      <UniqueIdentifier>{f42d7577-1fba-4d17-8c63-ad78e7b59491}</UniqueIdentifier>
    </Filter>
    <Filter Include="98.ShaderFiles">
      <UniqueIdentifier>{f518d6b3-555c-47e6-8466-4a2d704bb85d}</UniqueIdentifier>
    </Filter>
    <Filter Include="01.Utility\03.Components\VIBuffer\Cube">
      <UniqueIdentifier>{b6b04c4d-3ef5-4def-86cf-a5421e10d510}</UniqueIdentifier>
    </Filter>
    <Filter Include="01.Utility\08.Fonts">
      <UniqueIdentifier>{8251cf4e-3f87-4d57-976f-9aae1eec313f}</UniqueIdentifier>
    </Filter>
    <Filter Include="01.Utility\08.Fonts\Manager">
      <UniqueIdentifier>{cf2da8a9-f360-42b5-8155-9ff2ef80e0a1}</UniqueIdentifier>
    </Filter>
    <Filter Include="01.Utility\03.Components\VIBuffer\Instance">
      <UniqueIdentifier>{141ba7ed-fcd4-401c-a8ca-12ea37e5cba7}</UniqueIdentifier>
    </Filter>
    <Filter Include="01.Utility\03.Components\VIBuffer\Instance\Rect">
      <UniqueIdentifier>{877b078f-e969-4155-8857-c7806ee1c5b9}</UniqueIdentifier>
    </Filter>
    <Filter Include="01.Utility\03.Components\VIBuffer\Instance\Cube">
      <UniqueIdentifier>{00aa8e8e-7f5c-4f19-8035-031204c88af5}</UniqueIdentifier>
    </Filter>
    <Filter Include="01.Utility\03.Components\VIBuffer\Instance\Model">
      <UniqueIdentifier>{b326d3c1-fbbd-45f6-9e57-5d68ce3b3208}</UniqueIdentifier>
    </Filter>
    <Filter Include="01.Utility\03.Components\VIBuffer\Instance\Point">
      <UniqueIdentifier>{2916da26-d415-4200-8555-6326dcf41c82}</UniqueIdentifier>
    </Filter>
    <Filter Include="01.Utility\09.RenderTargets">
      <UniqueIdentifier>{ed656d07-78e2-4196-b653-01b1bcfb6a10}</UniqueIdentifier>
    </Filter>
    <Filter Include="01.Utility\09.RenderTargets\Manager">
      <UniqueIdentifier>{b5390b66-5bf2-4f1e-a8c6-749a415f7031}</UniqueIdentifier>
    </Filter>
    <Filter Include="01.Utility\03.Components\Navigation">
      <UniqueIdentifier>{468238c5-bdc9-4310-9599-9595da97b8b2}</UniqueIdentifier>
    </Filter>
    <Filter Include="01.Utility\03.Components\Navigation\Cell">
      <UniqueIdentifier>{f913ad8c-92bc-4c8d-8a37-8f77479f9ef0}</UniqueIdentifier>
    </Filter>
    <Filter Include="01.Utility\10.Picking">
      <UniqueIdentifier>{ccaab4a9-3a94-4a6f-b842-d75b1077b29a}</UniqueIdentifier>
    </Filter>
    <Filter Include="01.Utility\02.GameObjects\BlendObject">
      <UniqueIdentifier>{bda12695-dadb-4680-8048-7cfe7808cfec}</UniqueIdentifier>
    </Filter>
    <Filter Include="01.Utility\11.Shadow">
      <UniqueIdentifier>{319a0fe4-f89e-46d1-9521-5ab43acb8833}</UniqueIdentifier>
    </Filter>
    <Filter Include="01.Utility\03.Components\VIBuffer\Terrain\QuadTree">
      <UniqueIdentifier>{d7a32d31-9649-45c6-a72d-77c64be53560}</UniqueIdentifier>
    </Filter>
    <Filter Include="01.Utility\03.Components\Collider">
      <UniqueIdentifier>{72d6d7ff-05c7-4e9e-994f-be7cd7b4685e}</UniqueIdentifier>
    </Filter>
    <Filter Include="01.Utility\03.Components\Collider\DebugDraw">
      <UniqueIdentifier>{6847f534-daac-461b-b47e-2c21ed8dc45c}</UniqueIdentifier>
    </Filter>
    <Filter Include="01.Utility\03.Components\Collider\Box">
      <UniqueIdentifier>{ab49a1d5-2581-4511-96d0-6e46bfa46d97}</UniqueIdentifier>
    </Filter>
    <Filter Include="01.Utility\03.Components\Collider\OBB">
      <UniqueIdentifier>{79b0815f-ac69-4874-ab51-a78eef93ae9f}</UniqueIdentifier>
    </Filter>
    <Filter Include="01.Utility\03.Components\Collider\Sphere">
      <UniqueIdentifier>{4223be6b-3099-4440-9014-8738cdd4fc3c}</UniqueIdentifier>
    </Filter>
    <Filter Include="01.Utility\03.Components\Collider\Manager">
      <UniqueIdentifier>{ec64baad-3e2d-4981-a8d6-b65bd11ba6dd}</UniqueIdentifier>
    </Filter>
    <Filter Include="01.Utility\00.GameInstance">
      <UniqueIdentifier>{319120ff-a7f0-4a97-a897-38bfd4a9e3ce}</UniqueIdentifier>
    </Filter>
    <Filter Include="01.Utility\13.Sound">
      <UniqueIdentifier>{5342513f-c83e-4d4a-9316-9df72bea25d1}</UniqueIdentifier>
    </Filter>
    <Filter Include="01.Utility\14.HUD">
      <UniqueIdentifier>{964fe775-6c7d-4591-9f2e-c28b55ad49a4}</UniqueIdentifier>
    </Filter>
    <Filter Include="01.Utility\14.HUD\Layer">
      <UniqueIdentifier>{c9eedade-8961-45ce-9e1a-b846fd2e75ed}</UniqueIdentifier>
    </Filter>
    <Filter Include="01.Utility\15.ResourceManager">
      <UniqueIdentifier>{2791130a-94ec-49f9-a7b2-c06c2231ae66}</UniqueIdentifier>
    </Filter>
    <Filter Include="01.Utility\16.ThreadPool">
      <UniqueIdentifier>{6ef2e6e0-1fb0-446c-835a-c42d85b55db8}</UniqueIdentifier>
    </Filter>
    <Filter Include="01.Utility\100.Math">
      <UniqueIdentifier>{4aac6d9e-0e88-431f-9347-9c8d3b31d6f8}</UniqueIdentifier>
    </Filter>
    <Filter Include="01.Utility\12.CameraManager">
      <UniqueIdentifier>{1c4dff72-68f8-4e56-9ea2-a6f6aa6e1a28}</UniqueIdentifier>
    </Filter>
    <Filter Include="01.Utility\12.CameraManager\Frustum">
      <UniqueIdentifier>{9605c891-7027-47c8-a76e-3fda5c8ecfd8}</UniqueIdentifier>
    </Filter>
    <Filter Include="01.Utility\12.CameraManager\Camera">
      <UniqueIdentifier>{a0bbb332-ef6e-4b51-a55c-330a5f3e32a3}</UniqueIdentifier>
    </Filter>
    <Filter Include="01.Utility\104.Json">
      <UniqueIdentifier>{b2198d98-c3a9-469b-8b34-5335d2f28f3f}</UniqueIdentifier>
    </Filter>
    <Filter Include="01.Utility\101.String">
      <UniqueIdentifier>{025519de-3c46-4dae-9c9a-06b7365b86a0}</UniqueIdentifier>
    </Filter>
  </ItemGroup>
  <ItemGroup>
    <FxCompile Include="..\Bin\ShaderFiles\Shader_Cell.hlsl">
      <Filter>98.ShaderFiles</Filter>
    </FxCompile>
    <FxCompile Include="..\Bin\ShaderFiles\Shader_Deferred.hlsl">
      <Filter>98.ShaderFiles</Filter>
    </FxCompile>
  </ItemGroup>
  <ItemGroup>
    <None Include="..\Bin\ShaderFiles\Engine_Shader_Defines.hlsli">
      <Filter>98.ShaderFiles</Filter>
    </None>
    <None Include="..\Bin\ShaderFiles\Shader_Deferred_Defines.hlsli">
      <Filter>98.ShaderFiles</Filter>
    </None>
    <None Include="..\Bin\ShaderFiles\Shader_Deferred_Functions.hlsli">
      <Filter>98.ShaderFiles</Filter>
    </None>
  </ItemGroup>
</Project>