<?xml version="1.0" encoding="utf-8"?>
<Project ToolsVersion="4.0" xmlns="http://schemas.microsoft.com/developer/msbuild/2003">
  <ItemGroup>
    <ClInclude Include="..\Public\Base.h">
      <Filter>01.Utility\99.SuperClass</Filter>
    </ClInclude>
    <ClInclude Include="..\Public\Engine_Defines.h">
      <Filter>99.Defines</Filter>
    </ClInclude>
    <ClInclude Include="..\Public\Engine_Enum.h">
      <Filter>99.Defines</Filter>
    </ClInclude>
    <ClInclude Include="..\Public\Engine_Function.h">
      <Filter>99.Defines</Filter>
    </ClInclude>
    <ClInclude Include="..\Public\Engine_Macro.h">
      <Filter>99.Defines</Filter>
    </ClInclude>
    <ClInclude Include="..\Public\Engine_Struct.h">
      <Filter>99.Defines</Filter>
    </ClInclude>
    <ClInclude Include="..\Public\Engine_Typedef.h">
      <Filter>99.Defines</Filter>
    </ClInclude>
    <ClInclude Include="..\Public\GameInstance.h">
      <Filter>01.Utility\00.GameInstance</Filter>
    </ClInclude>
    <ClInclude Include="..\Public\Timer_Manager.h">
      <Filter>00.System\01.Timer\Manager</Filter>
    </ClInclude>
    <ClInclude Include="..\Public\Timer.h">
      <Filter>00.System\01.Timer</Filter>
    </ClInclude>
    <ClInclude Include="..\Public\Component.h">
      <Filter>01.Utility\03.Components</Filter>
    </ClInclude>
    <ClInclude Include="..\Public\GameObject.h">
      <Filter>01.Utility\02.GameObjects</Filter>
    </ClInclude>
    <ClInclude Include="..\Public\Level.h">
      <Filter>01.Utility\01.Levels</Filter>
    </ClInclude>
    <ClInclude Include="..\Public\Renderer.h">
      <Filter>01.Utility\05.Renderer</Filter>
    </ClInclude>
    <ClInclude Include="..\Public\Object_Manager.h">
      <Filter>01.Utility\02.GameObjects\Manager</Filter>
    </ClInclude>
    <ClInclude Include="..\Public\Layer.h">
      <Filter>01.Utility\02.GameObjects\Manager\Layers</Filter>
    </ClInclude>
    <ClInclude Include="..\Public\Level_Manager.h">
      <Filter>01.Utility\01.Levels\Manager</Filter>
    </ClInclude>
    <ClInclude Include="..\Public\Graphic_Device.h">
      <Filter>00.System\00.Device\Graphic</Filter>
    </ClInclude>
    <ClInclude Include="..\Public\Prototype_Manager.h">
      <Filter>01.Utility\04.Prototypes\Manager</Filter>
    </ClInclude>
    <ClInclude Include="..\public\UIObject.h">
      <Filter>01.Utility\02.GameObjects\UIObject</Filter>
    </ClInclude>
    <ClInclude Include="..\public\Transform.h">
      <Filter>01.Utility\03.Components\Transform</Filter>
    </ClInclude>
    <ClInclude Include="..\public\Texture.h">
      <Filter>01.Utility\03.Components\Texture</Filter>
    </ClInclude>
    <ClInclude Include="..\public\VIBuffer.h">
      <Filter>01.Utility\03.Components\VIBuffer</Filter>
    </ClInclude>
    <ClInclude Include="..\public\VIBuffer_Rect.h">
      <Filter>01.Utility\03.Components\VIBuffer\Rect</Filter>
    </ClInclude>
    <ClInclude Include="..\public\Shader.h">
      <Filter>01.Utility\03.Components\Shader</Filter>
    </ClInclude>
    <ClInclude Include="..\Public\VIBuffer_Terrain.h">
      <Filter>01.Utility\03.Components\VIBuffer\Terrain</Filter>
    </ClInclude>
    <ClInclude Include="..\public\PipeLine.h">
      <Filter>01.Utility\06.PipeLine</Filter>
    </ClInclude>
    <ClInclude Include="..\public\Camera.h">
      <Filter>01.Utility\12.CameraManager\Camera</Filter>
    </ClInclude>
    <ClInclude Include="..\Public\Input_Device.h">
      <Filter>00.System\02.Input</Filter>
    </ClInclude>
    <ClInclude Include="..\public\Model.h">
      <Filter>01.Utility\03.Components\Model</Filter>
    </ClInclude>
    <ClInclude Include="..\Public\Mesh.h">
      <Filter>01.Utility\03.Components\Model\Mesh</Filter>
    </ClInclude>
    <ClInclude Include="..\public\Material.h">
      <Filter>01.Utility\03.Components\Model\Material</Filter>
    </ClInclude>
    <ClInclude Include="..\public\Bone.h">
      <Filter>01.Utility\03.Components\Model\Bone</Filter>
    </ClInclude>
    <ClInclude Include="..\public\Animation.h">
      <Filter>01.Utility\03.Components\Model\Animation</Filter>
    </ClInclude>
    <ClInclude Include="..\public\Channel.h">
      <Filter>01.Utility\03.Components\Model\Animation\Channel</Filter>
    </ClInclude>
    <ClInclude Include="..\public\ContainerObject.h">
      <Filter>01.Utility\02.GameObjects\ContainerObject</Filter>
    </ClInclude>
    <ClInclude Include="..\public\PartObject.h">
      <Filter>01.Utility\02.GameObjects\PartObject</Filter>
    </ClInclude>
    <ClInclude Include="..\public\Light_Manager.h">
      <Filter>01.Utility\07.Lights\Manager</Filter>
    </ClInclude>
    <ClInclude Include="..\public\Light.h">
      <Filter>01.Utility\07.Lights</Filter>
    </ClInclude>
    <ClInclude Include="..\public\Navigation.h">
      <Filter>01.Utility\03.Components\Navigation</Filter>
    </ClInclude>
    <ClInclude Include="..\public\Cell.h">
      <Filter>01.Utility\03.Components\Navigation\Cell</Filter>
    </ClInclude>
    <ClInclude Include="..\Public\VIBuffer_Cell.h">
      <Filter>01.Utility\03.Components\VIBuffer\Cell</Filter>
    </ClInclude>
    <ClInclude Include="..\Public\DebugDraw.h">
      <Filter>01.Utility\03.Components\Collider\DebugDraw</Filter>
    </ClInclude>
    <ClInclude Include="..\Public\VIBuffer_Cube.h">
      <Filter>01.Utility\03.Components\VIBuffer\Cube</Filter>
    </ClInclude>
    <ClInclude Include="..\public\CustomFont.h">
      <Filter>01.Utility\08.Fonts</Filter>
    </ClInclude>
    <ClInclude Include="..\public\VIBuffer_Instance.h">
      <Filter>01.Utility\03.Components\VIBuffer\Instance</Filter>
    </ClInclude>
    <ClInclude Include="..\public\VIBuffer_Rect_Instance.h">
      <Filter>01.Utility\03.Components\VIBuffer\Instance\Rect</Filter>
    </ClInclude>
    <ClInclude Include="..\Public\VIBuffer_Point_Instance.h">
      <Filter>01.Utility\03.Components\VIBuffer\Instance\Point</Filter>
    </ClInclude>
    <ClInclude Include="..\public\Picking.h">
      <Filter>01.Utility\10.Picking</Filter>
    </ClInclude>
    <ClInclude Include="..\public\BlendObject.h">
      <Filter>01.Utility\02.GameObjects\BlendObject</Filter>
    </ClInclude>
    <ClInclude Include="..\public\Frustum.h">
      <Filter>01.Utility\12.CameraManager\Frustum</Filter>
    </ClInclude>
    <ClInclude Include="..\Public\QuadTree.h">
      <Filter>01.Utility\03.Components\VIBuffer\Terrain\QuadTree</Filter>
    </ClInclude>
    <ClInclude Include="..\Public\Engine_Math.h">
      <Filter>01.Utility\100.Math</Filter>
    </ClInclude>
    <ClInclude Include="..\Public\StringHelper.h">
      <Filter>01.Utility\101.String</Filter>
    </ClInclude>
    <ClInclude Include="..\Public\Sound_Manager.h">
      <Filter>01.Utility\13.Sound</Filter>
    </ClInclude>
    <ClInclude Include="..\Public\Collider.h">
      <Filter>01.Utility\03.Components\Collider</Filter>
    </ClInclude>
    <ClInclude Include="..\Public\CollisionManager.h">
      <Filter>01.Utility\03.Components\Collider\Manager</Filter>
    </ClInclude>
    <ClInclude Include="..\Public\SphereCollider.h">
      <Filter>01.Utility\03.Components\Collider\Sphere</Filter>
    </ClInclude>
    <ClInclude Include="..\Public\OBBCollider.h">
      <Filter>01.Utility\03.Components\Collider\OBB</Filter>
    </ClInclude>
    <ClInclude Include="..\Public\BoxCollider.h">
      <Filter>01.Utility\03.Components\Collider\Box</Filter>
    </ClInclude>
    <ClInclude Include="..\public\GameHUD.h">
      <Filter>01.Utility\14.HUD</Filter>
    </ClInclude>
    <ClInclude Include="..\public\HUDLayer.h">
      <Filter>01.Utility\14.HUD\Layer</Filter>
    </ClInclude>
    <ClInclude Include="..\Public\Engine_Component.h">
      <Filter>99.Defines</Filter>
    </ClInclude>
    <ClInclude Include="..\public\EffectResourceManager.h">
      <Filter>01.Utility\15.ResourceManager</Filter>
    </ClInclude>
    <ClInclude Include="..\public\ThreadPool.h">
      <Filter>01.Utility\16.ThreadPool</Filter>
    </ClInclude>
    <ClInclude Include="..\public\CameraManager.h">
      <Filter>01.Utility\12.CameraManager</Filter>
    </ClInclude>
    <ClInclude Include="..\public\JsonParser.h">
      <Filter>01.Utility\104.Json</Filter>
    </ClInclude>
    <ClInclude Include="..\public\ComputeShader.h">
      <Filter>01.Utility\03.Components\Shader\Compute</Filter>
    </ClInclude>
    <ClInclude Include="..\Public\Physx_Manager.h">
      <Filter>01.Utility\17.Physx</Filter>
    </ClInclude>
    <ClInclude Include="..\public\VIBuffer_Point.h">
      <Filter>01.Utility\03.Components\VIBuffer\Point</Filter>
    </ClInclude>
    <ClInclude Include="..\public\StateMachine.h">
      <Filter>01.Utility\18.StateMachine</Filter>
    </ClInclude>
    <ClInclude Include="..\public\State.h">
      <Filter>01.Utility\18.StateMachine\State</Filter>
    </ClInclude>
    <ClInclude Include="..\Public\RigidBody.h">
      <Filter>01.Utility\03.Components\PhysxComponent\RigidBody</Filter>
    </ClInclude>
    <ClInclude Include="..\Public\CharacterController.h">
      <Filter>01.Utility\03.Components\PhysxComponent\CharacterController</Filter>
    </ClInclude>
    <ClInclude Include="..\Public\CCTHitReporter.h">
      <Filter>01.Utility\03.Components\PhysxComponent\CharacterController\CControllerHitReporter</Filter>
    </ClInclude>
    <ClInclude Include="..\Public\PxUserData.h">
      <Filter>01.Utility\03.Components\PhysxComponent\PxUserData</Filter>
    </ClInclude>
    <ClInclude Include="..\Public\CCTBehaviorCallback.h">
      <Filter>01.Utility\03.Components\PhysxComponent\CharacterController\CCTBehaviorCallback</Filter>
    </ClInclude>
    <ClInclude Include="..\public\VIBuffer_Instance_Model.h">
      <Filter>01.Utility\03.Components\VIBuffer\Instance\Model</Filter>
    </ClInclude>
    <ClInclude Include="..\Public\FbxParser.h">
      <Filter>01.Utility\103.ModelParser\FbxParser</Filter>
    </ClInclude>
    <ClInclude Include="..\Public\BinParser.h">
      <Filter>01.Utility\103.ModelParser\BinParser</Filter>
    </ClInclude>
    <ClInclude Include="..\public\Font_Manager.h">
      <Filter>01.Utility\08.Fonts\Manager</Filter>
    </ClInclude>
    <ClInclude Include="..\Public\ColliderRenderer.h">
      <Filter>01.Utility\05.Renderer\Debug</Filter>
    </ClInclude>
    <ClInclude Include="..\public\Occlusion.h">
      <Filter>01.Utility\12.CameraManager\Occlusion</Filter>
    </ClInclude>
    <ClInclude Include="..\public\GpuTimer.h">
      <Filter>01.Utility\19.Query\GPUTimer</Filter>
    </ClInclude>
    <ClInclude Include="..\public\Query.h">
      <Filter>01.Utility\19.Query</Filter>
    </ClInclude>
    <ClInclude Include="..\Public\Blur.h">
      <Filter>01.Utility\05.Renderer\Deferred\Blur</Filter>
    </ClInclude>
    <ClInclude Include="..\Public\Distortion.h">
      <Filter>01.Utility\05.Renderer\Deferred\Distortion</Filter>
    </ClInclude>
    <ClInclude Include="..\Public\Glow.h">
      <Filter>01.Utility\05.Renderer\Deferred\Glow</Filter>
    </ClInclude>
    <ClInclude Include="..\public\Percetion.h">
      <Filter>01.Utility\03.Components\Percetion</Filter>
    </ClInclude>
    <ClInclude Include="..\public\BehaviorTree.h">
      <Filter>01.Utility\20.AI\BehaviorTree</Filter>
    </ClInclude>
    <ClInclude Include="..\public\BlackBoard.h">
      <Filter>01.Utility\20.AI\BehaviorTree\BlackBoard</Filter>
    </ClInclude>
    <ClInclude Include="..\public\Task.h">
      <Filter>01.Utility\20.AI\BehaviorTree\Task</Filter>
    </ClInclude>
    <ClInclude Include="..\public\Service.h">
      <Filter>01.Utility\20.AI\BehaviorTree\Service</Filter>
    </ClInclude>
    <ClInclude Include="..\public\BehaviorNode.h">
      <Filter>01.Utility\20.AI\BehaviorTree\Node</Filter>
    </ClInclude>
    <ClInclude Include="..\public\Decorator.h">
      <Filter>01.Utility\20.AI\BehaviorTree\Decorator</Filter>
    </ClInclude>
    <ClInclude Include="..\public\SquenceNode.h">
      <Filter>01.Utility\20.AI\BehaviorTree\Node\Squence</Filter>
    </ClInclude>
    <ClInclude Include="..\public\SelectNode.h">
      <Filter>01.Utility\20.AI\BehaviorTree\Node\Selector</Filter>
    </ClInclude>
    <ClInclude Include="..\Public\Deferred.h">
      <Filter>01.Utility\05.Renderer\Deferred</Filter>
    </ClInclude>
    <ClInclude Include="..\Public\Bloom.h">
      <Filter>01.Utility\05.Renderer\Deferred\Bloom</Filter>
    </ClInclude>
    <ClInclude Include="..\Public\Target_Manager.h">
      <Filter>01.Utility\09.Target_Manager</Filter>
    </ClInclude>
    <ClInclude Include="..\Public\RenderTarget.h">
      <Filter>01.Utility\09.Target_Manager\RenderTarget</Filter>
    </ClInclude>
    <ClInclude Include="..\Public\Entity.h" />
    <ClInclude Include="..\Public\Interaction_Manager.h">
      <Filter>01.Utility\21.Interraction\Manager</Filter>
    </ClInclude>
    <ClInclude Include="..\Public\Interaction_Component.h">
      <Filter>01.Utility\21.Interraction</Filter>
    </ClInclude>
    <ClInclude Include="..\public\CinemaTrack.h">
      <Filter>01.Utility\22.CutScene\CinemaData</Filter>
    </ClInclude>
    <ClInclude Include="..\public\CutScene.h">
      <Filter>01.Utility\22.CutScene</Filter>
    </ClInclude>
    <ClInclude Include="..\public\CinematicManager.h">
      <Filter>01.Utility\22.CutScene\Manager</Filter>
    </ClInclude>
    <ClInclude Include="..\Public\Fog.h">
      <Filter>01.Utility\05.Renderer\Deferred\Fog</Filter>
    </ClInclude>
    <ClInclude Include="..\Public\Entity.h">
      <Filter>01.Utility\02.GameObjects\Entity</Filter>
    </ClInclude>
    <ClInclude Include="..\Public\RadialBlur.h">
      <Filter>01.Utility\05.Renderer\Deferred\RadialBlur</Filter>
    </ClInclude>
    <ClInclude Include="..\Public\DepthofField.h">
      <Filter>01.Utility\05.Renderer\Deferred\DoF</Filter>
    </ClInclude>
    <ClInclude Include="..\public\Trail.h">
      <Filter>01.Utility\03.Components\Trail</Filter>
    </ClInclude>
    <ClInclude Include="..\public\EventManager.h">
      <Filter>01.Utility\23.Event\Manager</Filter>
    </ClInclude>
    <ClInclude Include="..\public\EventHandle.h">
      <Filter>01.Utility\23.Event</Filter>
    </ClInclude>
    <ClInclude Include="..\public\AISenceComponent.h">
      <Filter>01.Utility\20.AI\AI_Sence</Filter>
    </ClInclude>
    <ClInclude Include="..\Public\AIController.h">
      <Filter>01.Utility\20.AI\AI_Controller</Filter>
    </ClInclude>
    <ClInclude Include="..\Public\MotionBlur.h">
      <Filter>01.Utility\05.Renderer\Deferred\MotionBlur</Filter>
    </ClInclude>
    <ClInclude Include="..\Public\SSAO.h">
      <Filter>01.Utility\05.Renderer\Deferred\SSAO</Filter>
    </ClInclude>
    <ClInclude Include="..\Public\Emissive.h">
      <Filter>01.Utility\05.Renderer\Emissive</Filter>
    </ClInclude>
    <ClInclude Include="..\Public\Physx_FilterShader.h">
      <Filter>01.Utility\17.Physx\Filter</Filter>
    </ClInclude>
    <ClInclude Include="..\Public\CCTQueryFilterCallback.h">
      <Filter>01.Utility\03.Components\PhysxComponent\CharacterController\CCTQueryFilterCallback</Filter>
    </ClInclude>
    <ClInclude Include="..\Public\PxDefaultContactCallback.h">
      <Filter>01.Utility\17.Physx\SceneEventCallback</Filter>
    </ClInclude>
    <ClInclude Include="..\Public\CCTFilterCallback.h">
      <Filter>01.Utility\03.Components\PhysxComponent\CharacterController\CCTFilterCallback</Filter>
    </ClInclude>
    <ClInclude Include="..\Public\JointChain.h">
      <Filter>01.Utility\03.Components\PhysxComponent\JointChain</Filter>
    </ClInclude>
    <ClInclude Include="..\public\Frustum.h">
      <Filter>01.Utility\12.CameraManager\Frustum</Filter>
    </ClInclude>
    <ClInclude Include="..\Public\CascadeShadow.h">
      <Filter>01.Utility\05.Renderer\Deferred\Shadow\Cascade</Filter>
    </ClInclude>
    <ClInclude Include="..\Public\StaticShadow.h">
      <Filter>01.Utility\05.Renderer\Deferred\Shadow\Static</Filter>
    </ClInclude>
    <ClInclude Include="..\public\VIBuffer_Instance_MeshParticle.h">
      <Filter>01.Utility\03.Components\VIBuffer\Instance\MeshParticle</Filter>
    </ClInclude>
    <ClInclude Include="..\public\Metaball.h">
      <Filter>01.Utility\05.Renderer\Deferred\Metaball</Filter>
    </ClInclude>
    <ClInclude Include="..\public\BlackBlend.h">
      <Filter>01.Utility\05.Renderer\Deferred\BlackBlend</Filter>
    </ClInclude>
    <ClInclude Include="..\Public\ReserveDeferred.h">
      <Filter>01.Utility\05.Renderer\ReserveDeferred</Filter>
    </ClInclude>
    <ClInclude Include="..\Public\VolumeFog.h">
      <Filter>01.Utility\05.Renderer\Deferred\VolumeFog</Filter>
    </ClInclude>
    <ClInclude Include="..\Public\WaveTrail.h">
      <Filter>01.Utility\03.Components\Trail\WaveTrail</Filter>
    </ClInclude>
    <ClInclude Include="..\public\MontionTrailComponent.h">
      <Filter>01.Utility\03.Components\Trail\MotionTrail</Filter>
    </ClInclude>
  </ItemGroup>
  <ItemGroup>
    <ClCompile Include="..\Private\Base.cpp">
      <Filter>01.Utility\99.SuperClass</Filter>
    </ClCompile>
    <ClCompile Include="..\Private\GameInstance.cpp">
      <Filter>01.Utility\00.GameInstance</Filter>
    </ClCompile>
    <ClCompile Include="..\Private\Timer_Manager.cpp">
      <Filter>00.System\01.Timer\Manager</Filter>
    </ClCompile>
    <ClCompile Include="..\Private\Timer.cpp">
      <Filter>00.System\01.Timer</Filter>
    </ClCompile>
    <ClCompile Include="..\Private\Component.cpp">
      <Filter>01.Utility\03.Components</Filter>
    </ClCompile>
    <ClCompile Include="..\Private\GameObject.cpp">
      <Filter>01.Utility\02.GameObjects</Filter>
    </ClCompile>
    <ClCompile Include="..\Private\Level.cpp">
      <Filter>01.Utility\01.Levels</Filter>
    </ClCompile>
    <ClCompile Include="..\Private\Renderer.cpp">
      <Filter>01.Utility\05.Renderer</Filter>
    </ClCompile>
    <ClCompile Include="..\Private\Object_Manager.cpp">
      <Filter>01.Utility\02.GameObjects\Manager</Filter>
    </ClCompile>
    <ClCompile Include="..\Private\Layer.cpp">
      <Filter>01.Utility\02.GameObjects\Manager\Layers</Filter>
    </ClCompile>
    <ClCompile Include="..\Private\Level_Manager.cpp">
      <Filter>01.Utility\01.Levels\Manager</Filter>
    </ClCompile>
    <ClCompile Include="..\Private\Graphic_Device.cpp">
      <Filter>00.System\00.Device\Graphic</Filter>
    </ClCompile>
    <ClCompile Include="..\Private\Prototype_Manager.cpp">
      <Filter>01.Utility\04.Prototypes\Manager</Filter>
    </ClCompile>
    <ClCompile Include="..\private\UIObject.cpp">
      <Filter>01.Utility\02.GameObjects\UIObject</Filter>
    </ClCompile>
    <ClCompile Include="..\private\Transform.cpp">
      <Filter>01.Utility\03.Components\Transform</Filter>
    </ClCompile>
    <ClCompile Include="..\private\Texture.cpp">
      <Filter>01.Utility\03.Components\Texture</Filter>
    </ClCompile>
    <ClCompile Include="..\private\VIBuffer.cpp">
      <Filter>01.Utility\03.Components\VIBuffer</Filter>
    </ClCompile>
    <ClCompile Include="..\private\VIBuffer_Rect.cpp">
      <Filter>01.Utility\03.Components\VIBuffer\Rect</Filter>
    </ClCompile>
    <ClCompile Include="..\private\Shader.cpp">
      <Filter>01.Utility\03.Components\Shader</Filter>
    </ClCompile>
    <ClCompile Include="..\Private\VIBuffer_Terrain.cpp">
      <Filter>01.Utility\03.Components\VIBuffer\Terrain</Filter>
    </ClCompile>
    <ClCompile Include="..\private\PipeLine.cpp">
      <Filter>01.Utility\06.PipeLine</Filter>
    </ClCompile>
    <ClCompile Include="..\private\Camera.cpp">
      <Filter>01.Utility\12.CameraManager\Camera</Filter>
    </ClCompile>
    <ClCompile Include="..\Private\Input_Device.cpp">
      <Filter>00.System\02.Input</Filter>
    </ClCompile>
    <ClCompile Include="..\private\Model.cpp">
      <Filter>01.Utility\03.Components\Model</Filter>
    </ClCompile>
    <ClCompile Include="..\Private\Mesh.cpp">
      <Filter>01.Utility\03.Components\Model\Mesh</Filter>
    </ClCompile>
    <ClCompile Include="..\private\Material.cpp">
      <Filter>01.Utility\03.Components\Model\Material</Filter>
    </ClCompile>
    <ClCompile Include="..\private\Bone.cpp">
      <Filter>01.Utility\03.Components\Model\Bone</Filter>
    </ClCompile>
    <ClCompile Include="..\private\Animation.cpp">
      <Filter>01.Utility\03.Components\Model\Animation</Filter>
    </ClCompile>
    <ClCompile Include="..\private\Channel.cpp">
      <Filter>01.Utility\03.Components\Model\Animation\Channel</Filter>
    </ClCompile>
    <ClCompile Include="..\private\ContainerObject.cpp">
      <Filter>01.Utility\02.GameObjects\ContainerObject</Filter>
    </ClCompile>
    <ClCompile Include="..\private\PartObject.cpp">
      <Filter>01.Utility\02.GameObjects\PartObject</Filter>
    </ClCompile>
    <ClCompile Include="..\private\Light_Manager.cpp">
      <Filter>01.Utility\07.Lights\Manager</Filter>
    </ClCompile>
    <ClCompile Include="..\private\Light.cpp">
      <Filter>01.Utility\07.Lights</Filter>
    </ClCompile>
    <ClCompile Include="..\private\Navigation.cpp">
      <Filter>01.Utility\03.Components\Navigation</Filter>
    </ClCompile>
    <ClCompile Include="..\private\Cell.cpp">
      <Filter>01.Utility\03.Components\Navigation\Cell</Filter>
    </ClCompile>
    <ClCompile Include="..\Private\VIBuffer_Cell.cpp">
      <Filter>01.Utility\03.Components\VIBuffer\Cell</Filter>
    </ClCompile>
    <ClCompile Include="..\Private\DebugDraw.cpp">
      <Filter>01.Utility\03.Components\Collider\DebugDraw</Filter>
    </ClCompile>
    <ClCompile Include="..\Private\VIBuffer_Cube.cpp">
      <Filter>01.Utility\03.Components\VIBuffer\Cube</Filter>
    </ClCompile>
    <ClCompile Include="..\private\CustomFont.cpp">
      <Filter>01.Utility\08.Fonts</Filter>
    </ClCompile>
    <ClCompile Include="..\private\VIBuffer_Instance.cpp">
      <Filter>01.Utility\03.Components\VIBuffer\Instance</Filter>
    </ClCompile>
    <ClCompile Include="..\private\VIBuffer_Rect_Instance.cpp">
      <Filter>01.Utility\03.Components\VIBuffer\Instance\Rect</Filter>
    </ClCompile>
    <ClCompile Include="..\Private\VIBuffer_Point_Instance.cpp">
      <Filter>01.Utility\03.Components\VIBuffer\Instance\Point</Filter>
    </ClCompile>
    <ClCompile Include="..\private\Picking.cpp">
      <Filter>01.Utility\10.Picking</Filter>
    </ClCompile>
    <ClCompile Include="..\private\BlendObject.cpp">
      <Filter>01.Utility\02.GameObjects\BlendObject</Filter>
    </ClCompile>
    <ClCompile Include="..\private\Frustum.cpp">
      <Filter>01.Utility\12.CameraManager\Frustum</Filter>
    </ClCompile>
    <ClCompile Include="..\Private\QuadTree.cpp">
      <Filter>01.Utility\03.Components\VIBuffer\Terrain\QuadTree</Filter>
    </ClCompile>
    <ClCompile Include="..\Private\StringHelper.cpp">
      <Filter>01.Utility\101.String</Filter>
    </ClCompile>
    <ClCompile Include="..\Private\Sound_Manager.cpp">
      <Filter>01.Utility\13.Sound</Filter>
    </ClCompile>
    <ClCompile Include="..\Private\Collider.cpp">
      <Filter>01.Utility\03.Components\Collider</Filter>
    </ClCompile>
    <ClCompile Include="..\Private\BoxCollider.cpp">
      <Filter>01.Utility\03.Components\Collider\Box</Filter>
    </ClCompile>
    <ClCompile Include="..\Private\CollisionManager.cpp">
      <Filter>01.Utility\03.Components\Collider\Manager</Filter>
    </ClCompile>
    <ClCompile Include="..\Private\SphereCollider.cpp">
      <Filter>01.Utility\03.Components\Collider\Sphere</Filter>
    </ClCompile>
    <ClCompile Include="..\Private\OBBCollider.cpp">
      <Filter>01.Utility\03.Components\Collider\OBB</Filter>
    </ClCompile>
    <ClCompile Include="..\private\GameHUD.cpp">
      <Filter>01.Utility\14.HUD</Filter>
    </ClCompile>
    <ClCompile Include="..\private\HUDLayer.cpp">
      <Filter>01.Utility\14.HUD\Layer</Filter>
    </ClCompile>
    <ClCompile Include="..\private\EffectResourceManager.cpp">
      <Filter>01.Utility\15.ResourceManager</Filter>
    </ClCompile>
    <ClCompile Include="..\private\ThreadPool.cpp">
      <Filter>01.Utility\16.ThreadPool</Filter>
    </ClCompile>
    <ClCompile Include="..\private\CameraManager.cpp">
      <Filter>01.Utility\12.CameraManager</Filter>
    </ClCompile>
    <ClCompile Include="..\private\JsonParser.cpp">
      <Filter>01.Utility\104.Json</Filter>
    </ClCompile>
    <ClCompile Include="..\private\ComputeShader.cpp">
      <Filter>01.Utility\03.Components\Shader\Compute</Filter>
    </ClCompile>
    <ClCompile Include="..\Private\Physx_Manager.cpp">
      <Filter>01.Utility\17.Physx</Filter>
    </ClCompile>
    <ClCompile Include="..\private\VIBuffer_Point.cpp">
      <Filter>01.Utility\03.Components\VIBuffer\Point</Filter>
    </ClCompile>
    <ClCompile Include="..\private\StateMachine.cpp">
      <Filter>01.Utility\18.StateMachine</Filter>
    </ClCompile>
    <ClCompile Include="..\private\State.cpp">
      <Filter>01.Utility\18.StateMachine\State</Filter>
    </ClCompile>
    <ClCompile Include="..\Private\RigidBody.cpp">
      <Filter>01.Utility\03.Components\PhysxComponent\RigidBody</Filter>
    </ClCompile>
    <ClCompile Include="..\Private\CharacterController.cpp">
      <Filter>01.Utility\03.Components\PhysxComponent\CharacterController</Filter>
    </ClCompile>
    <ClCompile Include="..\Private\CCTHitReporter.cpp">
      <Filter>01.Utility\03.Components\PhysxComponent\CharacterController\CControllerHitReporter</Filter>
    </ClCompile>
    <ClCompile Include="..\private\VIBuffer_Instance_Model.cpp">
      <Filter>01.Utility\03.Components\VIBuffer\Instance\Model</Filter>
    </ClCompile>
    <ClCompile Include="..\Private\FbxParser.cpp">
      <Filter>01.Utility\103.ModelParser\FbxParser</Filter>
    </ClCompile>
    <ClCompile Include="..\Private\BinParser.cpp">
      <Filter>01.Utility\103.ModelParser\BinParser</Filter>
    </ClCompile>
    <ClCompile Include="..\Private\CCTBehaviorCallback.cpp">
      <Filter>01.Utility\03.Components\PhysxComponent\CharacterController\CCTBehaviorCallback</Filter>
    </ClCompile>
    <ClCompile Include="..\private\Font_Manager.cpp">
      <Filter>01.Utility\08.Fonts\Manager</Filter>
    </ClCompile>
    <ClCompile Include="..\Private\ColliderRenderer.cpp">
      <Filter>01.Utility\05.Renderer\Debug</Filter>
    </ClCompile>
    <ClCompile Include="..\private\Occlusion.cpp">
      <Filter>01.Utility\12.CameraManager\Occlusion</Filter>
    </ClCompile>
    <ClCompile Include="..\private\GpuTimer.cpp">
      <Filter>01.Utility\19.Query\GPUTimer</Filter>
    </ClCompile>
    <ClCompile Include="..\private\Query.cpp">
      <Filter>01.Utility\19.Query</Filter>
    </ClCompile>
    <ClCompile Include="..\Private\Blur.cpp">
      <Filter>01.Utility\05.Renderer\Deferred\Blur</Filter>
    </ClCompile>
    <ClCompile Include="..\Private\Glow.cpp">
      <Filter>01.Utility\05.Renderer\Deferred\Glow</Filter>
    </ClCompile>
    <ClCompile Include="..\Private\Distortion.cpp">
      <Filter>01.Utility\05.Renderer\Deferred\Distortion</Filter>
    </ClCompile>
    <ClCompile Include="..\private\Percetion.cpp">
      <Filter>01.Utility\03.Components\Percetion</Filter>
    </ClCompile>
    <ClCompile Include="..\private\BehaviorTree.cpp">
      <Filter>01.Utility\20.AI\BehaviorTree</Filter>
    </ClCompile>
    <ClCompile Include="..\private\BlackBoard.cpp">
      <Filter>01.Utility\20.AI\BehaviorTree\BlackBoard</Filter>
    </ClCompile>
    <ClCompile Include="..\private\Task.cpp">
      <Filter>01.Utility\20.AI\BehaviorTree\Task</Filter>
    </ClCompile>
    <ClCompile Include="..\private\Service.cpp">
      <Filter>01.Utility\20.AI\BehaviorTree\Service</Filter>
    </ClCompile>
    <ClCompile Include="..\private\BehaviorNode.cpp">
      <Filter>01.Utility\20.AI\BehaviorTree\Node</Filter>
    </ClCompile>
    <ClCompile Include="..\private\Decorator.cpp">
      <Filter>01.Utility\20.AI\BehaviorTree\Decorator</Filter>
    </ClCompile>
    <ClCompile Include="..\private\SquenceNode.cpp">
      <Filter>01.Utility\20.AI\BehaviorTree\Node\Squence</Filter>
    </ClCompile>
    <ClCompile Include="..\private\SelectNode.cpp">
      <Filter>01.Utility\20.AI\BehaviorTree\Node\Selector</Filter>
    </ClCompile>
    <ClCompile Include="..\Private\Bloom.cpp">
      <Filter>01.Utility\05.Renderer\Deferred\Bloom</Filter>
    </ClCompile>
    <ClCompile Include="..\Private\RenderTarget.cpp">
      <Filter>01.Utility\09.Target_Manager\RenderTarget</Filter>
    </ClCompile>
    <ClCompile Include="..\Private\Target_Manager.cpp">
      <Filter>01.Utility\09.Target_Manager</Filter>
    </ClCompile>
    <ClCompile Include="..\Private\Entity.cpp">
      <Filter>01.Utility\02.GameObjects\Entity</Filter>
    </ClCompile>
    <ClCompile Include="..\Private\Interaction_Manager.cpp">
      <Filter>01.Utility\21.Interraction\Manager</Filter>
    </ClCompile>
    <ClCompile Include="..\Private\Interaction_Component.cpp">
      <Filter>01.Utility\21.Interraction</Filter>
    </ClCompile>
    <ClCompile Include="..\private\CinemaTrack.cpp">
      <Filter>01.Utility\22.CutScene\CinemaData</Filter>
    </ClCompile>
    <ClCompile Include="..\private\CutScene.cpp">
      <Filter>01.Utility\22.CutScene</Filter>
    </ClCompile>
    <ClCompile Include="..\private\CinematicManager.cpp">
      <Filter>01.Utility\22.CutScene\Manager</Filter>
    </ClCompile>
    <ClCompile Include="..\Private\Fog.cpp">
      <Filter>01.Utility\05.Renderer\Deferred\Fog</Filter>
    </ClCompile>
    <ClCompile Include="..\Private\Deferred.cpp">
      <Filter>01.Utility\05.Renderer\Deferred</Filter>
    </ClCompile>
    <ClCompile Include="..\Private\RadialBlur.cpp">
      <Filter>01.Utility\05.Renderer\Deferred\RadialBlur</Filter>
    </ClCompile>
    <ClCompile Include="..\Private\DepthofField.cpp">
      <Filter>01.Utility\05.Renderer\Deferred\DoF</Filter>
    </ClCompile>
    <ClCompile Include="..\private\Trail.cpp">
      <Filter>01.Utility\03.Components\Trail</Filter>
    </ClCompile>
    <ClCompile Include="..\private\EventManager.cpp">
      <Filter>01.Utility\23.Event\Manager</Filter>
    </ClCompile>
    <ClCompile Include="..\private\EventHandle.cpp">
      <Filter>01.Utility\23.Event</Filter>
    </ClCompile>
    <ClCompile Include="..\private\AISenceComponent.cpp">
      <Filter>01.Utility\20.AI\AI_Sence</Filter>
    </ClCompile>
    <ClCompile Include="..\Private\AIController.cpp">
      <Filter>01.Utility\20.AI\AI_Controller</Filter>
    </ClCompile>
    <ClCompile Include="..\Private\MotionBlur.cpp">
      <Filter>01.Utility\05.Renderer\Deferred\MotionBlur</Filter>
    </ClCompile>
    <ClCompile Include="..\Private\SSAO.cpp">
      <Filter>01.Utility\05.Renderer\Deferred\SSAO</Filter>
    </ClCompile>
    <ClCompile Include="..\Private\Emissive.cpp">
      <Filter>01.Utility\05.Renderer\Emissive</Filter>
    </ClCompile>
    <ClCompile Include="..\Private\Physx_FilterShader.cpp">
      <Filter>01.Utility\17.Physx\Filter</Filter>
    </ClCompile>
    <ClCompile Include="..\Private\CCTQueryFilterCallback.cpp">
      <Filter>01.Utility\03.Components\PhysxComponent\CharacterController\CCTQueryFilterCallback</Filter>
    </ClCompile>
    <ClCompile Include="..\Private\PxDefaultContactCallback.cpp">
      <Filter>01.Utility\17.Physx\SceneEventCallback</Filter>
    </ClCompile>
    <ClCompile Include="..\Private\CCTFilterCallback.cpp">
      <Filter>01.Utility\03.Components\PhysxComponent\CharacterController\CCTFilterCallback</Filter>
    </ClCompile>
    <ClCompile Include="..\Private\JointChain.cpp">
      <Filter>01.Utility\03.Components\PhysxComponent\JointChain</Filter>
    </ClCompile>
    <ClCompile Include="..\Private\CascadeShadow.cpp">
      <Filter>01.Utility\05.Renderer\Deferred\Shadow\Cascade</Filter>
    </ClCompile>
    <ClCompile Include="..\Private\StaticShadow.cpp">
      <Filter>01.Utility\05.Renderer\Deferred\Shadow\Static</Filter>
    </ClCompile>
    <ClCompile Include="..\private\VIBuffer_Instance_MeshParticle.cpp">
      <Filter>01.Utility\03.Components\VIBuffer\Instance\MeshParticle</Filter>
    </ClCompile>
    <ClCompile Include="..\private\Metaball.cpp">
      <Filter>01.Utility\05.Renderer\Deferred\Metaball</Filter>
    </ClCompile>
    <ClCompile Include="..\private\BlackBlend.cpp">
      <Filter>01.Utility\05.Renderer\Deferred\BlackBlend</Filter>
    </ClCompile>
    <ClCompile Include="..\Private\ReserveDeferred.cpp">
      <Filter>01.Utility\05.Renderer\ReserveDeferred</Filter>
    </ClCompile>
    <ClCompile Include="..\Private\VolumeFog.cpp">
      <Filter>01.Utility\05.Renderer\Deferred\VolumeFog</Filter>
    </ClCompile>
    <ClCompile Include="..\Private\WaveTrail.cpp">
      <Filter>01.Utility\03.Components\Trail\WaveTrail</Filter>
    </ClCompile>
    <ClCompile Include="..\private\MontionTrailComponent.cpp">
      <Filter>01.Utility\03.Components\Trail\MotionTrail</Filter>
    </ClCompile>
  </ItemGroup>
  <ItemGroup>
    <Filter Include="01.Utility">
      <UniqueIdentifier>{b96ac28b-812c-4488-9b7a-915ac186c966}</UniqueIdentifier>
    </Filter>
    <Filter Include="01.Utility\99.SuperClass">
      <UniqueIdentifier>{f4be3592-8a1b-4f99-a50d-6e46242fccba}</UniqueIdentifier>
    </Filter>
    <Filter Include="01.Utility\01.Levels">
      <UniqueIdentifier>{69534a59-b5fe-42e4-98d2-d352d2d2a90b}</UniqueIdentifier>
    </Filter>
    <Filter Include="01.Utility\04.Prototypes">
      <UniqueIdentifier>{b87607bc-05e0-4a6a-bc2c-66a8cc763c68}</UniqueIdentifier>
    </Filter>
    <Filter Include="01.Utility\05.Renderer">
      <UniqueIdentifier>{acdbe400-3fb6-4608-a5a8-38b6df045f3a}</UniqueIdentifier>
    </Filter>
    <Filter Include="01.Utility\04.Prototypes\Manager">
      <UniqueIdentifier>{184fc138-0a87-4b86-9475-c02b96445bdf}</UniqueIdentifier>
    </Filter>
    <Filter Include="01.Utility\01.Levels\Manager">
      <UniqueIdentifier>{5551b45b-b6f2-4aae-b287-d99e83f12793}</UniqueIdentifier>
    </Filter>
    <Filter Include="01.Utility\06.PipeLine">
      <UniqueIdentifier>{00bb1f39-0400-4781-b607-94cd184f43ca}</UniqueIdentifier>
    </Filter>
    <Filter Include="01.Utility\07.Lights">
      <UniqueIdentifier>{5b406faa-f75b-4ab9-bd6c-8a033359432f}</UniqueIdentifier>
    </Filter>
    <Filter Include="01.Utility\07.Lights\Manager">
      <UniqueIdentifier>{c2143ad3-98d3-45d0-8fb3-bd371947812e}</UniqueIdentifier>
    </Filter>
    <Filter Include="01.Utility\08.Fonts">
      <UniqueIdentifier>{8251cf4e-3f87-4d57-976f-9aae1eec313f}</UniqueIdentifier>
    </Filter>
    <Filter Include="01.Utility\08.Fonts\Manager">
      <UniqueIdentifier>{cf2da8a9-f360-42b5-8155-9ff2ef80e0a1}</UniqueIdentifier>
    </Filter>
    <Filter Include="01.Utility\10.Picking">
      <UniqueIdentifier>{ccaab4a9-3a94-4a6f-b842-d75b1077b29a}</UniqueIdentifier>
    </Filter>
    <Filter Include="01.Utility\13.Sound">
      <UniqueIdentifier>{5342513f-c83e-4d4a-9316-9df72bea25d1}</UniqueIdentifier>
    </Filter>
    <Filter Include="01.Utility\14.HUD">
      <UniqueIdentifier>{964fe775-6c7d-4591-9f2e-c28b55ad49a4}</UniqueIdentifier>
    </Filter>
    <Filter Include="01.Utility\14.HUD\Layer">
      <UniqueIdentifier>{c9eedade-8961-45ce-9e1a-b846fd2e75ed}</UniqueIdentifier>
    </Filter>
    <Filter Include="01.Utility\15.ResourceManager">
      <UniqueIdentifier>{2791130a-94ec-49f9-a7b2-c06c2231ae66}</UniqueIdentifier>
    </Filter>
    <Filter Include="01.Utility\16.ThreadPool">
      <UniqueIdentifier>{6ef2e6e0-1fb0-446c-835a-c42d85b55db8}</UniqueIdentifier>
    </Filter>
    <Filter Include="01.Utility\100.Math">
      <UniqueIdentifier>{4aac6d9e-0e88-431f-9347-9c8d3b31d6f8}</UniqueIdentifier>
    </Filter>
    <Filter Include="01.Utility\12.CameraManager">
      <UniqueIdentifier>{1c4dff72-68f8-4e56-9ea2-a6f6aa6e1a28}</UniqueIdentifier>
    </Filter>
    <Filter Include="01.Utility\12.CameraManager\Frustum">
      <UniqueIdentifier>{9605c891-7027-47c8-a76e-3fda5c8ecfd8}</UniqueIdentifier>
    </Filter>
    <Filter Include="01.Utility\12.CameraManager\Camera">
      <UniqueIdentifier>{a0bbb332-ef6e-4b51-a55c-330a5f3e32a3}</UniqueIdentifier>
    </Filter>
    <Filter Include="01.Utility\104.Json">
      <UniqueIdentifier>{b2198d98-c3a9-469b-8b34-5335d2f28f3f}</UniqueIdentifier>
    </Filter>
    <Filter Include="01.Utility\101.String">
      <UniqueIdentifier>{025519de-3c46-4dae-9c9a-06b7365b86a0}</UniqueIdentifier>
    </Filter>
    <Filter Include="01.Utility\17.Physx">
      <UniqueIdentifier>{82d440ea-a951-4a7a-911a-263ebf1469ff}</UniqueIdentifier>
    </Filter>
    <Filter Include="01.Utility\13.Sound">
      <UniqueIdentifier>{5342513f-c83e-4d4a-9316-9df72bea25d1}</UniqueIdentifier>
    </Filter>
    <Filter Include="01.Utility\103.ModelParser">
      <UniqueIdentifier>{5bd79515-c00d-4493-8550-4f9e400d8db5}</UniqueIdentifier>
    </Filter>
    <Filter Include="01.Utility\103.ModelParser\FbxParser">
      <UniqueIdentifier>{544a78bc-6ed0-462b-a7cd-1475925699c2}</UniqueIdentifier>
    </Filter>
    <Filter Include="01.Utility\103.ModelParser\BinParser">
      <UniqueIdentifier>{fa16b9ca-9cf2-469e-9b0c-b312eebc8037}</UniqueIdentifier>
    </Filter>
    <Filter Include="01.Utility\02.GameObjects">
      <UniqueIdentifier>{62d7d084-9acc-44d9-b9c2-856102250ce2}</UniqueIdentifier>
    </Filter>
    <Filter Include="01.Utility\02.GameObjects\Manager">
      <UniqueIdentifier>{efc82929-890d-4b38-9012-b28e7cfd31b9}</UniqueIdentifier>
    </Filter>
    <Filter Include="01.Utility\02.GameObjects\Manager\Layers">
      <UniqueIdentifier>{71f86de6-d79b-4a5b-bd36-741a477b174d}</UniqueIdentifier>
    </Filter>
    <Filter Include="01.Utility\02.GameObjects\UIObject">
      <UniqueIdentifier>{5afffd4c-fc13-4efe-81bd-ff8dd523a759}</UniqueIdentifier>
    </Filter>
    <Filter Include="01.Utility\02.GameObjects\ContainerObject">
      <UniqueIdentifier>{0caac38f-1c83-42cb-bc4d-60419d229070}</UniqueIdentifier>
    </Filter>
    <Filter Include="01.Utility\02.GameObjects\PartObject">
      <UniqueIdentifier>{1f0dfad3-a936-4e4a-a45b-dbdde53ef1c9}</UniqueIdentifier>
    </Filter>
    <Filter Include="01.Utility\02.GameObjects\BlendObject">
      <UniqueIdentifier>{bda12695-dadb-4680-8048-7cfe7808cfec}</UniqueIdentifier>
    </Filter>
    <Filter Include="99.Defines">
      <UniqueIdentifier>{bc262dbf-82ca-4973-af0b-a5955fe21f48}</UniqueIdentifier>
    </Filter>
    <Filter Include="01.Utility\05.Renderer\Debug">
      <UniqueIdentifier>{0527329d-9bd1-4c8e-a934-b9f8bdeffda3}</UniqueIdentifier>
    </Filter>
    <Filter Include="01.Utility\12.CameraManager\Occlusion">
      <UniqueIdentifier>{4de1b191-ff85-4c71-9934-81f9e00625ea}</UniqueIdentifier>
    </Filter>
    <Filter Include="01.Utility\19.Query">
      <UniqueIdentifier>{f367dde0-4f40-4413-8b1f-e4dd316ff93e}</UniqueIdentifier>
    </Filter>
    <Filter Include="01.Utility\19.Query\GPUTimer">
      <UniqueIdentifier>{f993a55b-b4f8-4425-8a05-7fef317aee61}</UniqueIdentifier>
    </Filter>
    <Filter Include="01.Utility\05.Renderer\Deferred">
      <UniqueIdentifier>{4dcde3fa-f3ad-456d-9aa4-2b459958dec0}</UniqueIdentifier>
    </Filter>
    <Filter Include="01.Utility\05.Renderer\Deferred\Blur">
      <UniqueIdentifier>{90fb9989-207c-432e-8247-790bed24ba5d}</UniqueIdentifier>
    </Filter>
    <Filter Include="01.Utility\05.Renderer\Deferred\Distortion">
      <UniqueIdentifier>{a551d8e5-3364-4eb8-9142-9ad6e978d567}</UniqueIdentifier>
    </Filter>
    <Filter Include="01.Utility\05.Renderer\Deferred\Glow">
      <UniqueIdentifier>{4f46e805-f973-4b3e-b6ff-ac74ceabac48}</UniqueIdentifier>
    </Filter>
    <Filter Include="01.Utility\00.GameInstance">
      <UniqueIdentifier>{319120ff-a7f0-4a97-a897-38bfd4a9e3ce}</UniqueIdentifier>
    </Filter>
    <Filter Include="00.System">
      <UniqueIdentifier>{7496302b-bbf3-4d17-b06c-776ada306fe7}</UniqueIdentifier>
    </Filter>
    <Filter Include="00.System\00.Device">
      <UniqueIdentifier>{beb170b4-0ce9-4a0a-9ebc-3d39cbef8248}</UniqueIdentifier>
    </Filter>
    <Filter Include="00.System\00.Device\Graphic">
      <UniqueIdentifier>{c39856ee-26b4-4735-9fa7-c1c2a4f029a9}</UniqueIdentifier>
    </Filter>
    <Filter Include="00.System\01.Timer">
      <UniqueIdentifier>{b9f9c58f-53bd-4729-a636-484b43e2e23d}</UniqueIdentifier>
    </Filter>
    <Filter Include="00.System\01.Timer\Manager">
      <UniqueIdentifier>{735eba6b-ad64-41e3-a769-a260db5c646c}</UniqueIdentifier>
    </Filter>
    <Filter Include="00.System\02.Input">
      <UniqueIdentifier>{ed9f86f1-56ed-4007-b67b-0c8dbf186264}</UniqueIdentifier>
    </Filter>
    <Filter Include="01.Utility\09.Target_Manager">
      <UniqueIdentifier>{e7dc7d85-a721-46c5-b39a-9eb879aeaeaf}</UniqueIdentifier>
    </Filter>
    <Filter Include="01.Utility\09.Target_Manager\RenderTarget">
      <UniqueIdentifier>{b4e22c55-9e39-4d30-91e6-1ada415f0366}</UniqueIdentifier>
    </Filter>
    <Filter Include="01.Utility\05.Renderer\Deferred\Blur\ShaderFile">
      <UniqueIdentifier>{ca06de19-a660-4b2f-9247-e7e8fd5a0fee}</UniqueIdentifier>
    </Filter>
    <Filter Include="01.Utility\05.Renderer\Deferred\Glow\ShaderFile">
      <UniqueIdentifier>{e6a4efef-00e9-47dd-bf0b-095fcf5aaee8}</UniqueIdentifier>
    </Filter>
    <Filter Include="01.Utility\05.Renderer\Deferred\Bloom">
      <UniqueIdentifier>{6e0fa89a-3811-4d1c-87f3-c3e789ef849e}</UniqueIdentifier>
    </Filter>
    <Filter Include="01.Utility\02.GameObjects\Entity">
      <UniqueIdentifier>{66c00183-99f8-49e8-be94-c1f4de49cfba}</UniqueIdentifier>
    </Filter>
    <Filter Include="01.Utility\05.Renderer\Deferred\Bloom\ShaderFile">
      <UniqueIdentifier>{3a823ccd-5933-44fe-9521-f7a11b4332f9}</UniqueIdentifier>
    </Filter>
    <Filter Include="01.Utility\98.ShaderFiles">
      <UniqueIdentifier>{f518d6b3-555c-47e6-8466-4a2d704bb85d}</UniqueIdentifier>
    </Filter>
    <Filter Include="01.Utility\98.ShaderFiles\VIBuffer">
      <UniqueIdentifier>{434b643b-122d-46ff-bbe4-9e1e9de03a6f}</UniqueIdentifier>
    </Filter>
    <Filter Include="01.Utility\98.ShaderFiles\VIBuffer\Point">
      <UniqueIdentifier>{656dfd05-f455-4091-b61b-089fef8ba0e7}</UniqueIdentifier>
    </Filter>
    <Filter Include="01.Utility\98.ShaderFiles\VIBuffer\Model">
      <UniqueIdentifier>{cec658a0-d100-4324-845c-b2b18cbeed21}</UniqueIdentifier>
    </Filter>
    <Filter Include="01.Utility\21.Interraction">
      <UniqueIdentifier>{3daaf3e5-f5c4-40dc-8f00-e37b67e87046}</UniqueIdentifier>
    </Filter>
    <Filter Include="01.Utility\21.Interraction\Manager">
      <UniqueIdentifier>{f781438a-73ea-4d9a-8926-c871c4b66e44}</UniqueIdentifier>
    </Filter>
    <Filter Include="01.Utility\05.Renderer\Deferred\Fog">
      <UniqueIdentifier>{9708f143-2ba9-4625-9561-98919a41881b}</UniqueIdentifier>
    </Filter>
    <Filter Include="01.Utility\05.Renderer\Deferred\Fog\ShaderFile">
      <UniqueIdentifier>{101693b1-d65b-44d1-8019-2fe017761922}</UniqueIdentifier>
    </Filter>
    <Filter Include="01.Utility\22.CutScene">
      <UniqueIdentifier>{f50cefdc-8723-46ce-aa92-e2c97bb1008b}</UniqueIdentifier>
    </Filter>
    <Filter Include="01.Utility\22.CutScene\Manager">
      <UniqueIdentifier>{7098a45e-e6ff-48c8-8a3f-7f8f31997951}</UniqueIdentifier>
    </Filter>
    <Filter Include="01.Utility\22.CutScene\CinemaData">
      <UniqueIdentifier>{09221add-465f-4549-8d79-f12f08ddaf1d}</UniqueIdentifier>
    </Filter>
    <Filter Include="01.Utility\03.Components">
      <UniqueIdentifier>{9232881a-7808-4c76-94cc-6226f3e6970c}</UniqueIdentifier>
    </Filter>
    <Filter Include="01.Utility\03.Components\Transform">
      <UniqueIdentifier>{f969d824-a1bc-4975-9fe6-4173dcece90e}</UniqueIdentifier>
    </Filter>
    <Filter Include="01.Utility\03.Components\Texture">
      <UniqueIdentifier>{e35e7442-1081-4bae-8c24-be96882961c6}</UniqueIdentifier>
    </Filter>
    <Filter Include="01.Utility\03.Components\VIBuffer">
      <UniqueIdentifier>{7d3c50c8-f4d7-46cd-a991-075c2bcd0e2d}</UniqueIdentifier>
    </Filter>
    <Filter Include="01.Utility\03.Components\VIBuffer\Rect">
      <UniqueIdentifier>{822053a6-414c-4dfc-bc52-208c823f880d}</UniqueIdentifier>
    </Filter>
    <Filter Include="01.Utility\03.Components\VIBuffer\Terrain">
      <UniqueIdentifier>{d62a61ca-12a7-4d7e-be15-4f06582e5051}</UniqueIdentifier>
    </Filter>
    <Filter Include="01.Utility\03.Components\VIBuffer\Terrain\QuadTree">
      <UniqueIdentifier>{d7a32d31-9649-45c6-a72d-77c64be53560}</UniqueIdentifier>
    </Filter>
    <Filter Include="01.Utility\03.Components\VIBuffer\Cell">
      <UniqueIdentifier>{f42d7577-1fba-4d17-8c63-ad78e7b59491}</UniqueIdentifier>
    </Filter>
    <Filter Include="01.Utility\03.Components\VIBuffer\Cube">
      <UniqueIdentifier>{b6b04c4d-3ef5-4def-86cf-a5421e10d510}</UniqueIdentifier>
    </Filter>
    <Filter Include="01.Utility\03.Components\VIBuffer\Instance">
      <UniqueIdentifier>{141ba7ed-fcd4-401c-a8ca-12ea37e5cba7}</UniqueIdentifier>
    </Filter>
    <Filter Include="01.Utility\03.Components\VIBuffer\Instance\Rect">
      <UniqueIdentifier>{877b078f-e969-4155-8857-c7806ee1c5b9}</UniqueIdentifier>
    </Filter>
    <Filter Include="01.Utility\03.Components\VIBuffer\Instance\Cube">
      <UniqueIdentifier>{00aa8e8e-7f5c-4f19-8035-031204c88af5}</UniqueIdentifier>
    </Filter>
    <Filter Include="01.Utility\03.Components\VIBuffer\Instance\Model">
      <UniqueIdentifier>{b326d3c1-fbbd-45f6-9e57-5d68ce3b3208}</UniqueIdentifier>
    </Filter>
    <Filter Include="01.Utility\03.Components\VIBuffer\Instance\Point">
      <UniqueIdentifier>{2916da26-d415-4200-8555-6326dcf41c82}</UniqueIdentifier>
    </Filter>
    <Filter Include="01.Utility\03.Components\VIBuffer\Point">
      <UniqueIdentifier>{e3992711-2893-4620-b2e4-e2a09e2ac50e}</UniqueIdentifier>
    </Filter>
    <Filter Include="01.Utility\03.Components\Shader">
      <UniqueIdentifier>{5ad0644b-a279-42dc-9f10-1a0d2d64f70b}</UniqueIdentifier>
    </Filter>
    <Filter Include="01.Utility\03.Components\Shader\Compute">
      <UniqueIdentifier>{f70290d7-8069-4762-8383-23523b3cf611}</UniqueIdentifier>
    </Filter>
    <Filter Include="01.Utility\03.Components\Model">
      <UniqueIdentifier>{16ee2ecd-a996-493e-84af-4824bb830a26}</UniqueIdentifier>
    </Filter>
    <Filter Include="01.Utility\03.Components\Model\Mesh">
      <UniqueIdentifier>{74052d77-4cac-48bb-9777-040bf0fcc291}</UniqueIdentifier>
    </Filter>
    <Filter Include="01.Utility\03.Components\Model\Material">
      <UniqueIdentifier>{c1ce1e6d-e8d9-4868-ad9d-b0b05e12d427}</UniqueIdentifier>
    </Filter>
    <Filter Include="01.Utility\03.Components\Model\Bone">
      <UniqueIdentifier>{1ded96bc-41b8-42b8-afe6-04613a9df0ca}</UniqueIdentifier>
    </Filter>
    <Filter Include="01.Utility\03.Components\Model\Animation">
      <UniqueIdentifier>{0ffd71dc-a6a4-4f49-a6e9-70d1dd54f78b}</UniqueIdentifier>
    </Filter>
    <Filter Include="01.Utility\03.Components\Model\Animation\Channel">
      <UniqueIdentifier>{98095d25-33bd-4d64-8b5d-9d0a35dba342}</UniqueIdentifier>
    </Filter>
    <Filter Include="01.Utility\03.Components\Navigation">
      <UniqueIdentifier>{468238c5-bdc9-4310-9599-9595da97b8b2}</UniqueIdentifier>
    </Filter>
    <Filter Include="01.Utility\03.Components\Navigation\Cell">
      <UniqueIdentifier>{f913ad8c-92bc-4c8d-8a37-8f77479f9ef0}</UniqueIdentifier>
    </Filter>
    <Filter Include="01.Utility\03.Components\Collider">
      <UniqueIdentifier>{72d6d7ff-05c7-4e9e-994f-be7cd7b4685e}</UniqueIdentifier>
    </Filter>
    <Filter Include="01.Utility\03.Components\Collider\DebugDraw">
      <UniqueIdentifier>{6847f534-daac-461b-b47e-2c21ed8dc45c}</UniqueIdentifier>
    </Filter>
    <Filter Include="01.Utility\03.Components\Collider\Box">
      <UniqueIdentifier>{ab49a1d5-2581-4511-96d0-6e46bfa46d97}</UniqueIdentifier>
    </Filter>
    <Filter Include="01.Utility\03.Components\Collider\OBB">
      <UniqueIdentifier>{79b0815f-ac69-4874-ab51-a78eef93ae9f}</UniqueIdentifier>
    </Filter>
    <Filter Include="01.Utility\03.Components\Collider\Sphere">
      <UniqueIdentifier>{4223be6b-3099-4440-9014-8738cdd4fc3c}</UniqueIdentifier>
    </Filter>
    <Filter Include="01.Utility\03.Components\Collider\Manager">
      <UniqueIdentifier>{ec64baad-3e2d-4981-a8d6-b65bd11ba6dd}</UniqueIdentifier>
    </Filter>
    <Filter Include="01.Utility\03.Components\Percetion">
      <UniqueIdentifier>{36840924-272c-42dd-b912-0008b128a140}</UniqueIdentifier>
    </Filter>
    <Filter Include="01.Utility\05.Renderer\Deferred\RadialBlur">
      <UniqueIdentifier>{db8c3139-83e9-413a-b5b5-1f41e01bfb79}</UniqueIdentifier>
    </Filter>
    <Filter Include="01.Utility\05.Renderer\Deferred\RadialBlur\ShaderFile">
      <UniqueIdentifier>{63dc60d6-15aa-4c63-a4fb-76656881ab23}</UniqueIdentifier>
    </Filter>
    <Filter Include="01.Utility\05.Renderer\Deferred\DoF">
      <UniqueIdentifier>{18c418b9-06a1-4b4d-81a5-74fb04fc3c01}</UniqueIdentifier>
    </Filter>
    <Filter Include="01.Utility\05.Renderer\Deferred\DoF\ShaderFile">
      <UniqueIdentifier>{92854abc-ff3c-4e22-a211-b150eaf6d061}</UniqueIdentifier>
    </Filter>
    <Filter Include="01.Utility\23.Event">
      <UniqueIdentifier>{26c2ab48-b081-48a3-bf6b-84b7bcb5269b}</UniqueIdentifier>
    </Filter>
    <Filter Include="01.Utility\23.Event\Manager">
      <UniqueIdentifier>{163b16a3-d18c-4067-9707-e1cd8068c34a}</UniqueIdentifier>
    </Filter>
    <Filter Include="01.Utility\20.AI">
      <UniqueIdentifier>{abe9feab-62a8-4358-a4d0-e6aaac12b28a}</UniqueIdentifier>
    </Filter>
    <Filter Include="01.Utility\20.AI\BehaviorTree">
      <UniqueIdentifier>{e47c613a-d081-4a97-a636-e7e0b804d707}</UniqueIdentifier>
    </Filter>
    <Filter Include="01.Utility\20.AI\BehaviorTree\Task">
      <UniqueIdentifier>{8ac93faa-6382-4a92-be57-fd8fb48b5c3e}</UniqueIdentifier>
    </Filter>
    <Filter Include="01.Utility\20.AI\BehaviorTree\Decorator">
      <UniqueIdentifier>{d4a5b2fe-4691-47d3-8d25-4d7fceef0c49}</UniqueIdentifier>
    </Filter>
    <Filter Include="01.Utility\20.AI\BehaviorTree\BlackBoard">
      <UniqueIdentifier>{358152bc-0d8b-4b2b-a066-86bcaf97a3f4}</UniqueIdentifier>
    </Filter>
    <Filter Include="01.Utility\20.AI\BehaviorTree\Node">
      <UniqueIdentifier>{917bbcfd-cfac-4964-b40e-cf13caff31e1}</UniqueIdentifier>
    </Filter>
    <Filter Include="01.Utility\20.AI\BehaviorTree\Node\Squence">
      <UniqueIdentifier>{66ae4285-b58e-4ac2-80ac-93c31c42abd8}</UniqueIdentifier>
    </Filter>
    <Filter Include="01.Utility\20.AI\BehaviorTree\Node\Selector">
      <UniqueIdentifier>{a8205b58-8687-4860-81fc-0d73e5ad3b4e}</UniqueIdentifier>
    </Filter>
    <Filter Include="01.Utility\20.AI\BehaviorTree\Service">
      <UniqueIdentifier>{535487a2-70ee-4112-98e4-b291a850c451}</UniqueIdentifier>
    </Filter>
    <Filter Include="01.Utility\20.AI\AI_Sence">
      <UniqueIdentifier>{bfbddd0b-4c9a-47f1-b808-d3feee8238cd}</UniqueIdentifier>
    </Filter>
    <Filter Include="01.Utility\20.AI\AI_Controller">
      <UniqueIdentifier>{d1b85de5-e831-4f06-96e0-bf58ce691ec1}</UniqueIdentifier>
    </Filter>
    <Filter Include="01.Utility\05.Renderer\Deferred\MotionBlur">
      <UniqueIdentifier>{fca9f9ec-44e3-4741-9c91-e344dc6db1d2}</UniqueIdentifier>
    </Filter>
    <Filter Include="01.Utility\05.Renderer\Deferred\MotionBlur\Shaderfile">
      <UniqueIdentifier>{6d4c7bd7-11c4-42c6-876f-9477ba461af3}</UniqueIdentifier>
    </Filter>
    <Filter Include="01.Utility\05.Renderer\Deferred\SSAO">
      <UniqueIdentifier>{bd9ebb20-f371-4dff-957f-d90be9a3d116}</UniqueIdentifier>
    </Filter>
    <Filter Include="01.Utility\05.Renderer\Deferred\SSAO\ShaderFile">
      <UniqueIdentifier>{24a875b6-3daa-4024-9cab-5c55dd970916}</UniqueIdentifier>
    </Filter>
    <Filter Include="01.Utility\03.Components\PhysxComponent">
      <UniqueIdentifier>{8da1091f-79d9-4902-911a-d0f2ddd3441b}</UniqueIdentifier>
    </Filter>
    <Filter Include="01.Utility\03.Components\PhysxComponent\CharacterController">
      <UniqueIdentifier>{0630c47d-ed31-4731-a976-ec8fdfc6b276}</UniqueIdentifier>
    </Filter>
    <Filter Include="01.Utility\03.Components\PhysxComponent\CharacterController\CControllerHitReporter">
      <UniqueIdentifier>{e2676f0c-92da-4fd5-b645-9b1c62215ea4}</UniqueIdentifier>
    </Filter>
    <Filter Include="01.Utility\03.Components\PhysxComponent\CharacterController\CCTBehaviorCallback">
      <UniqueIdentifier>{f41350bc-5568-49a4-a559-5c64eb75d1ea}</UniqueIdentifier>
    </Filter>
    <Filter Include="01.Utility\03.Components\PhysxComponent\PxUserData">
      <UniqueIdentifier>{21be063d-19c8-4368-9fcb-820e3f35dfb4}</UniqueIdentifier>
    </Filter>
    <Filter Include="01.Utility\03.Components\PhysxComponent\RigidBody">
      <UniqueIdentifier>{0825bc0e-3cbf-4c5d-92ce-23b4a774c3f4}</UniqueIdentifier>
    </Filter>
    <Filter Include="01.Utility\03.Components\PhysxComponent\CharacterController\CCTQueryFilterCallback">
      <UniqueIdentifier>{4485119a-22b1-4fe0-bbd4-f2c184d9123d}</UniqueIdentifier>
    </Filter>
    <Filter Include="01.Utility\17.Physx\SceneEventCallback">
      <UniqueIdentifier>{67b0a986-efab-42e5-8bf7-1dfb2b40fa33}</UniqueIdentifier>
    </Filter>
    <Filter Include="01.Utility\17.Physx\Filter">
      <UniqueIdentifier>{5c39fd1e-1d94-4fe1-abfa-4368b4e262fa}</UniqueIdentifier>
    </Filter>
    <Filter Include="01.Utility\03.Components\PhysxComponent\CharacterController\CCTFilterCallback">
      <UniqueIdentifier>{5196f051-91b6-4501-8678-254eaf647f56}</UniqueIdentifier>
    </Filter>
    <Filter Include="01.Utility\18.StateMachine">
      <UniqueIdentifier>{73348327-cab4-4f57-93e5-a4706f0a2318}</UniqueIdentifier>
    </Filter>
    <Filter Include="01.Utility\18.StateMachine\State">
      <UniqueIdentifier>{57588782-6017-4142-8110-cc730d710e10}</UniqueIdentifier>
    </Filter>
    <Filter Include="01.Utility\03.Components\PhysxComponent\JointChain">
      <UniqueIdentifier>{11243410-6763-4796-bbd3-8c11003bc23e}</UniqueIdentifier>
    </Filter>
    <Filter Include="01.Utility\05.Renderer\Deferred\Shadow">
      <UniqueIdentifier>{319a0fe4-f89e-46d1-9521-5ab43acb8833}</UniqueIdentifier>
    </Filter>
    <Filter Include="01.Utility\05.Renderer\Deferred\Shadow\Cascade">
      <UniqueIdentifier>{c607e44e-dc43-41de-99f3-9b81687c8b85}</UniqueIdentifier>
    </Filter>
    <Filter Include="01.Utility\05.Renderer\Deferred\Shadow\Static">
      <UniqueIdentifier>{f0688259-fb7c-4352-8239-3ab3ba4cf4a3}</UniqueIdentifier>
    </Filter>
    <Filter Include="01.Utility\03.Components\VIBuffer\Instance\MeshParticle">
      <UniqueIdentifier>{96f19e4d-55e8-4c1d-beb8-8eeb3f52a32d}</UniqueIdentifier>
    </Filter>
    <Filter Include="01.Utility\05.Renderer\Deferred\Metaball">
      <UniqueIdentifier>{a69e8cfa-22b3-4ea6-8638-8403c1d69ccd}</UniqueIdentifier>
    </Filter>
    <Filter Include="01.Utility\05.Renderer\Deferred\Metaball\ShaderFile">
      <UniqueIdentifier>{b2127486-53fe-48a1-907e-159d3dfe4183}</UniqueIdentifier>
    </Filter>
    <Filter Include="01.Utility\05.Renderer\Deferred\BlackBlend">
      <UniqueIdentifier>{8bd31ffe-f63c-4d7b-b7f9-5f69ee9f2028}</UniqueIdentifier>
    </Filter>
    <Filter Include="01.Utility\05.Renderer\Deferred\BlackBlend\ShaderFile">
      <UniqueIdentifier>{f17e8010-0159-438e-b71e-89b32bc1c84f}</UniqueIdentifier>
    </Filter>
    <Filter Include="01.Utility\05.Renderer\ReserveDeferred">
      <UniqueIdentifier>{c0558339-073d-42f2-834c-125a12823cb0}</UniqueIdentifier>
    </Filter>
    <Filter Include="01.Utility\05.Renderer\Deferred\VolumeFog">
      <UniqueIdentifier>{0dce710c-ff0b-4a1d-a6ce-811d639241a2}</UniqueIdentifier>
    </Filter>
    <Filter Include="01.Utility\05.Renderer\Deferred\VolumeFog\ShaderFile">
      <UniqueIdentifier>{0210d8a5-9948-41fc-8869-d08d2c762046}</UniqueIdentifier>
    </Filter>
    <Filter Include="01.Utility\05.Renderer\Deferred\Distortion\ShaderFile">
      <UniqueIdentifier>{48b7a659-f846-4219-a41f-8617c9a4b99c}</UniqueIdentifier>
    </Filter>
    <Filter Include="01.Utility\05.Renderer\Emissive">
      <UniqueIdentifier>{1c0eba73-589a-4605-ae29-40e959f2c30e}</UniqueIdentifier>
    </Filter>
    <Filter Include="01.Utility\03.Components\Trail">
      <UniqueIdentifier>{189aa040-8907-4619-8ed0-5e70ba06e9ef}</UniqueIdentifier>
    </Filter>
    <Filter Include="01.Utility\03.Components\Trail\MotionTrail">
      <UniqueIdentifier>{1f7628bc-afff-4cc7-be6b-aafe44bdcbec}</UniqueIdentifier>
    </Filter>
    <Filter Include="01.Utility\03.Components\Trail\WaveTrail">
      <UniqueIdentifier>{750af727-4c73-4246-8bd6-ab6fc8801dc4}</UniqueIdentifier>
    </Filter>
  </ItemGroup>
  <ItemGroup>
    <FxCompile Include="..\Bin\ShaderFiles\Shader_Cell.hlsl">
      <Filter>01.Utility\98.ShaderFiles</Filter>
    </FxCompile>
    <FxCompile Include="..\Bin\ShaderFiles\Shader_Deferred.hlsl">
      <Filter>01.Utility\98.ShaderFiles</Filter>
    </FxCompile>
    <FxCompile Include="..\Bin\ShaderFiles\EngineShader_VtxMesh.hlsl">
      <Filter>01.Utility\98.ShaderFiles\VIBuffer\Model</Filter>
    </FxCompile>
    <FxCompile Include="..\Bin\ShaderFiles\EngineShader_VIPoint.hlsl">
      <Filter>01.Utility\98.ShaderFiles\VIBuffer\Point</Filter>
    </FxCompile>
    <FxCompile Include="..\Bin\ShaderFiles\Shader_Physx_Debug.hlsl">
      <Filter>01.Utility\98.ShaderFiles</Filter>
    </FxCompile>
    <FxCompile Include="..\Bin\ShaderFiles\Shader_Deferred_Blur.hlsl">
      <Filter>01.Utility\05.Renderer\Deferred\Blur\ShaderFile</Filter>
    </FxCompile>
    <FxCompile Include="..\Bin\ShaderFiles\Shader_Deferred_Glow.hlsl">
      <Filter>01.Utility\05.Renderer\Deferred\Glow\ShaderFile</Filter>
    </FxCompile>
    <FxCompile Include="..\Bin\ShaderFiles\Shader_Deferred_Bloom.hlsl">
      <Filter>01.Utility\05.Renderer\Deferred\Bloom\ShaderFile</Filter>
    </FxCompile>
    <FxCompile Include="..\Bin\ShaderFiles\Shader_Deferred_Fog.hlsl">
      <Filter>01.Utility\05.Renderer\Deferred\Fog\ShaderFile</Filter>
    </FxCompile>
    <FxCompile Include="..\Bin\ShaderFiles\Shader_Deferred_RadialBlur.hlsl">
      <Filter>01.Utility\05.Renderer\Deferred\RadialBlur\ShaderFile</Filter>
    </FxCompile>
    <FxCompile Include="..\Bin\ShaderFiles\Shader_Deferred_DoF.hlsl">
      <Filter>01.Utility\05.Renderer\Deferred\DoF\ShaderFile</Filter>
    </FxCompile>
    <FxCompile Include="..\Bin\ShaderFiles\Shader_Deferred_MotionBlur.hlsl">
      <Filter>01.Utility\05.Renderer\Deferred\MotionBlur\Shaderfile</Filter>
    </FxCompile>
    <FxCompile Include="..\Bin\ShaderFiles\Shader_Deferred_SSAO.hlsl">
      <Filter>01.Utility\05.Renderer\Deferred\SSAO\ShaderFile</Filter>
    </FxCompile>
    <FxCompile Include="..\Bin\ShaderFiles\Shader_Compute_PlayAnimation.hlsl">
      <Filter>01.Utility\98.ShaderFiles</Filter>
    </FxCompile>
    <FxCompile Include="..\Bin\ShaderFiles\Shader_Compute_CombinedMatrices.hlsl">
      <Filter>01.Utility\98.ShaderFiles</Filter>
    </FxCompile>
    <FxCompile Include="..\Bin\ShaderFiles\Shader_DepthOnly.hlsl">
      <Filter>01.Utility\98.ShaderFiles</Filter>
    </FxCompile>
    <FxCompile Include="..\Bin\ShaderFiles\Shader_Deferred_Metaball.hlsl">
      <Filter>01.Utility\05.Renderer\Deferred\Metaball\ShaderFile</Filter>
    </FxCompile>
    <FxCompile Include="..\Bin\ShaderFiles\Shader_Deferred_BlackBlend.hlsl">
      <Filter>01.Utility\05.Renderer\Deferred\BlackBlend\ShaderFile</Filter>
    </FxCompile>
    <FxCompile Include="..\Bin\ShaderFiles\Shader_Deferred_VolumeFog.hlsl">
      <Filter>01.Utility\05.Renderer\Deferred\VolumeFog\ShaderFile</Filter>
    </FxCompile>
    <FxCompile Include="..\Bin\ShaderFiles\Shader_Compute_InScattering.hlsl">
      <Filter>01.Utility\05.Renderer\Deferred\VolumeFog\ShaderFile</Filter>
    </FxCompile>
    <FxCompile Include="..\Bin\ShaderFiles\Shader_Compute_AccumulateScattering.hlsl">
      <Filter>01.Utility\05.Renderer\Deferred\VolumeFog\ShaderFile</Filter>
    </FxCompile>
    <FxCompile Include="..\Bin\ShaderFiles\Shader_Compute_VolumetricCommon.hlsl">
      <Filter>01.Utility\05.Renderer\Deferred\VolumeFog\ShaderFile</Filter>
    </FxCompile>
    <FxCompile Include="..\Bin\ShaderFiles\Shader_Deferred_Distortion.hlsl">
      <Filter>01.Utility\05.Renderer\Deferred\Distortion\ShaderFile</Filter>
    </FxCompile>
    <FxCompile Include="..\Bin\ShaderFiles\EngineShader_MotionTrail.hlsl">
      <Filter>01.Utility\98.ShaderFiles\VIBuffer\Model</Filter>
    </FxCompile>
  </ItemGroup>
  <ItemGroup>
    <None Include="..\Bin\ShaderFiles\Engine_Shader_Defines.hlsli">
      <Filter>01.Utility\98.ShaderFiles</Filter>
    </None>
    <None Include="..\Bin\ShaderFiles\Shader_Deferred_Defines.hlsli">
      <Filter>01.Utility\98.ShaderFiles</Filter>
    </None>
    <None Include="..\Bin\ShaderFiles\Shader_Deferred_Functions.hlsli">
      <Filter>01.Utility\98.ShaderFiles</Filter>
    </None>
  </ItemGroup>
</Project>