<?xml version="1.0" encoding="utf-8"?>
<Project ToolsVersion="4.0" xmlns="http://schemas.microsoft.com/developer/msbuild/2003">
  <ItemGroup>
    <Filter Include="00.MainApp">
      <UniqueIdentifier>{f7312975-447b-4c94-b3e2-701c41b88dbe}</UniqueIdentifier>
    </Filter>
    <Filter Include="01.Levels">
      <UniqueIdentifier>{25a30bc4-c42b-4691-9a07-48d0fae8aab8}</UniqueIdentifier>
    </Filter>
    <Filter Include="01.Levels\Village">
      <UniqueIdentifier>{518cb7f9-6337-4c5c-a440-d42d5dde5ba1}</UniqueIdentifier>
    </Filter>
    <Filter Include="01.Levels\Loading">
      <UniqueIdentifier>{05e702cf-533e-4b75-bf0a-1c9c73ae26df}</UniqueIdentifier>
    </Filter>
    <Filter Include="01.Levels\Logo">
      <UniqueIdentifier>{14095969-1d3d-4443-9b3a-9cd8906a8b35}</UniqueIdentifier>
    </Filter>
    <Filter Include="01.Levels\Loading\Loader">
      <UniqueIdentifier>{fe6ef557-6980-4e10-8203-2dba40d661e1}</UniqueIdentifier>
    </Filter>
    <Filter Include="98.Default">
      <UniqueIdentifier>{f8784d8f-37f0-4735-b9d3-2fac54e88b64}</UniqueIdentifier>
    </Filter>
    <Filter Include="100.ETC">
      <UniqueIdentifier>{32cd781d-bbea-4445-b4d1-67519df6301f}</UniqueIdentifier>
    </Filter>
    <Filter Include="02.GameObjects">
      <UniqueIdentifier>{a7e39041-24aa-4dfa-b989-d550f5b02b7d}</UniqueIdentifier>
    </Filter>
    <Filter Include="02.GameObjects\BackGround">
      <UniqueIdentifier>{f1733165-1091-4b8c-a541-b33585cdd677}</UniqueIdentifier>
    </Filter>
    <Filter Include="02.GameObjects\Camera">
      <UniqueIdentifier>{494aec88-2f13-4f9c-90a1-4756a5dc662c}</UniqueIdentifier>
    </Filter>
    <Filter Include="02.GameObjects\Camera\Camera_Free">
      <UniqueIdentifier>{04003068-4b1c-4765-be63-b2dc9a18e82d}</UniqueIdentifier>
    </Filter>
    <Filter Include="97.ShaderFiles">
      <UniqueIdentifier>{d88618d5-5dcf-4231-a398-8a104678dadc}</UniqueIdentifier>
    </Filter>
    <Filter Include="96.IMGUI">
      <UniqueIdentifier>{ddc77552-d125-4dce-8d41-ae5b11feca83}</UniqueIdentifier>
    </Filter>
    <Filter Include="96.IMGUI\Default">
      <UniqueIdentifier>{85aaf59c-6d50-486f-8928-848c546e4506}</UniqueIdentifier>
    </Filter>
    <Filter Include="96.IMGUI\Manager">
      <UniqueIdentifier>{665a37fa-70aa-460d-92ef-86ed58c8a591}</UniqueIdentifier>
    </Filter>
    <Filter Include="02.GameObjects\Maps">
      <UniqueIdentifier>{d1245ae4-19f9-4a86-8ec3-ec39bcddeab4}</UniqueIdentifier>
    </Filter>
    <Filter Include="02.GameObjects\Player">
      <UniqueIdentifier>{095bf36c-00f8-4af6-aa55-52e969f82f67}</UniqueIdentifier>
    </Filter>
    <Filter Include="96.IMGUI\Light">
      <UniqueIdentifier>{9dcd74e3-a482-46b3-b5c8-e30be4801d95}</UniqueIdentifier>
    </Filter>
    <Filter Include="96.IMGUI\Map">
      <UniqueIdentifier>{1a5628f3-4bd2-4fb2-a5af-b60f742e12cf}</UniqueIdentifier>
    </Filter>
    <Filter Include="96.IMGUI\Camera">
      <UniqueIdentifier>{1d41c4a1-20fd-4e8c-8c2c-60be6d2e8729}</UniqueIdentifier>
    </Filter>
    <Filter Include="02.GameObjects\Brush">
      <UniqueIdentifier>{e98fe592-bf2c-4929-99aa-6d6ae7a157c2}</UniqueIdentifier>
    </Filter>
    <Filter Include="02.GameObjects\Maps\Common">
      <UniqueIdentifier>{59aade8e-2638-4a6f-b2e9-f0febaef0a96}</UniqueIdentifier>
    </Filter>
    <Filter Include="02.GameObjects\Maps\Common\Rock">
      <UniqueIdentifier>{3113e0e4-fd94-4a55-960a-02673e93398b}</UniqueIdentifier>
    </Filter>
    <Filter Include="02.GameObjects\Maps\Scarlet">
      <UniqueIdentifier>{5b6fbeba-bf59-4cd2-8f63-f0ebe61e2a62}</UniqueIdentifier>
    </Filter>
    <Filter Include="02.GameObjects\Maps\Scarlet\Buildings">
      <UniqueIdentifier>{75612255-e028-4b6e-ac5a-b4dfd4a8ef6e}</UniqueIdentifier>
    </Filter>
    <Filter Include="02.GameObjects\Maps\Scarlet\Buildings\Stone">
      <UniqueIdentifier>{4edbe6c4-8b51-48c9-aec6-65e35d6d839c}</UniqueIdentifier>
    </Filter>
    <Filter Include="02.GameObjects\Maps\Scarlet\Buildings\StoneWall">
      <UniqueIdentifier>{1d7e768a-dc20-4dd4-b129-2277f8e213aa}</UniqueIdentifier>
    </Filter>
    <Filter Include="02.GameObjects\Maps\Scarlet\Buildings\Stair">
      <UniqueIdentifier>{89e5b218-9dd6-4837-bdcb-9f3296d2f610}</UniqueIdentifier>
    </Filter>
    <Filter Include="02.GameObjects\Maps\Scarlet\Buildings\Tile">
      <UniqueIdentifier>{d888e4cd-e1fa-4fec-b984-d5ed727cc7da}</UniqueIdentifier>
    </Filter>
    <Filter Include="02.GameObjects\Maps\Scarlet\Buildings\TombStone">
      <UniqueIdentifier>{020a9aac-879e-48b5-a940-8f07c88882d8}</UniqueIdentifier>
    </Filter>
    <Filter Include="02.GameObjects\Maps\Scarlet\Buildings\StoneLantern">
      <UniqueIdentifier>{01534af5-716f-46c8-b867-b346dd31400f}</UniqueIdentifier>
    </Filter>
    <Filter Include="02.GameObjects\Maps\Scarlet\Buildings\Giwajip">
      <UniqueIdentifier>{7b6cbce0-701a-4ef1-898b-4897af3f0dd0}</UniqueIdentifier>
    </Filter>
    <Filter Include="02.GameObjects\Maps\Scarlet\Environment">
      <UniqueIdentifier>{a7373a23-330a-4cce-810d-b366af8cd674}</UniqueIdentifier>
    </Filter>
    <Filter Include="02.GameObjects\Maps\Scarlet\Environment\Rock">
      <UniqueIdentifier>{51911e0f-4e57-4d66-964a-ca1f36a1725d}</UniqueIdentifier>
    </Filter>
    <Filter Include="02.GameObjects\Maps\Scarlet\Environment\Reed">
      <UniqueIdentifier>{0cb7093d-fe4c-4552-9dc6-8eed6a2112aa}</UniqueIdentifier>
    </Filter>
    <Filter Include="02.GameObjects\Maps\Scarlet\Environment\Tree">
      <UniqueIdentifier>{2006e4f1-f44b-4a13-ab1b-602ee8d33c96}</UniqueIdentifier>
    </Filter>
    <Filter Include="02.GameObjects\Maps\Scarlet\Environment\Tree\Bamboo">
      <UniqueIdentifier>{7739bb5a-8fe2-4cdd-8be3-d447ee8b79a7}</UniqueIdentifier>
    </Filter>
    <Filter Include="02.GameObjects\Maps\Scarlet\Environment\Tree\CherryBlossom">
      <UniqueIdentifier>{0a24bfb1-5f5b-4b7e-a633-25f8c181cfa5}</UniqueIdentifier>
    </Filter>
    <Filter Include="02.GameObjects\Maps\Scarlet\Environment\Grass">
      <UniqueIdentifier>{3c04b960-9c3d-4105-b42a-106af95ff552}</UniqueIdentifier>
    </Filter>
    <Filter Include="02.GameObjects\Maps\Scarlet\Environment\Grass\DryGrass">
      <UniqueIdentifier>{0be50ddb-4c1d-4d71-9f94-d3cc7a2488fa}</UniqueIdentifier>
    </Filter>
    <Filter Include="02.GameObjects\Maps\Scarlet\Environment\Grass\Grass">
      <UniqueIdentifier>{ab62b6ee-76e6-4a9e-b01d-1416cfff418a}</UniqueIdentifier>
    </Filter>
    <Filter Include="02.GameObjects\Maps\SpawnBox">
      <UniqueIdentifier>{7e4af978-be7c-4c14-a7e4-810f12088af5}</UniqueIdentifier>
    </Filter>
    <Filter Include="02.GameObjects\BackGround\Loading">
      <UniqueIdentifier>{f0a74a04-a37c-4776-b886-209824d91954}</UniqueIdentifier>
    </Filter>
    <Filter Include="01.Levels\Desert">
      <UniqueIdentifier>{4f99377b-2904-4f5d-bbc7-9bf8255fecaf}</UniqueIdentifier>
    </Filter>
    <Filter Include="02.GameObjects\Maps\Desert">
      <UniqueIdentifier>{8a218c93-2d57-43d1-8ebf-cc70f755cbef}</UniqueIdentifier>
    </Filter>
    <Filter Include="02.GameObjects\Maps\Scarlet\Terrain">
      <UniqueIdentifier>{05ef4852-d155-481f-803e-0ca7300804f3}</UniqueIdentifier>
    </Filter>
    <Filter Include="02.GameObjects\Maps\Scarlet\Sky">
      <UniqueIdentifier>{ee195eed-9e6b-4bb8-aed5-7d90f164620a}</UniqueIdentifier>
    </Filter>
    <Filter Include="02.GameObjects\Maps\Scarlet\Sky\Moon">
      <UniqueIdentifier>{f1ad7657-3892-44aa-8aaa-f442e4e1edd8}</UniqueIdentifier>
    </Filter>
    <Filter Include="02.GameObjects\Maps\Desert\Environment">
      <UniqueIdentifier>{69613a79-2c88-4fa4-b2dd-91057598b1a6}</UniqueIdentifier>
    </Filter>
    <Filter Include="02.GameObjects\Maps\Desert\Terrain">
      <UniqueIdentifier>{268cee08-bae3-4cb9-bf03-8c22b18e468f}</UniqueIdentifier>
    </Filter>
    <Filter Include="02.GameObjects\Maps\Desert\Sky">
      <UniqueIdentifier>{6ff18648-6f3b-4c22-b2fb-2fc27e6d04bc}</UniqueIdentifier>
    </Filter>
    <Filter Include="96.IMGUI\Map\Desert">
      <UniqueIdentifier>{8f6367f0-ca68-44b3-b4ab-3e67dfd92003}</UniqueIdentifier>
    </Filter>
    <Filter Include="96.IMGUI\Map\Scarlet">
      <UniqueIdentifier>{f9eeda88-0c69-4b9a-971d-2183b921d060}</UniqueIdentifier>
    </Filter>
    <Filter Include="02.GameObjects\Player\Desert">
      <UniqueIdentifier>{cd45f209-0e08-4528-aad7-f7df6228b21d}</UniqueIdentifier>
    </Filter>
    <Filter Include="02.GameObjects\Maps\Desert\Environment\Canyon">
      <UniqueIdentifier>{01bd9157-7c34-44d7-8d1b-ec886dde86f9}</UniqueIdentifier>
    </Filter>
    <Filter Include="02.GameObjects\Maps\Desert\Instance">
      <UniqueIdentifier>{9dc96bdb-027a-4abe-961c-bf0006a10baf}</UniqueIdentifier>
    </Filter>
    <Filter Include="02.GameObjects\Maps\Desert\Deco">
      <UniqueIdentifier>{c8c84e38-7931-473a-aba0-5b58be4e9e6a}</UniqueIdentifier>
    </Filter>
    <Filter Include="02.GameObjects\Maps\Desert\Lift">
      <UniqueIdentifier>{6ce3a408-5256-4be6-a2cb-cd096ecc4ca1}</UniqueIdentifier>
    </Filter>
    <Filter Include="02.GameObjects\Maps\Desert\Lift\Lift_Body">
      <UniqueIdentifier>{23d3e7f8-e5e4-45fd-9373-5c3ffe137a11}</UniqueIdentifier>
    </Filter>
    <Filter Include="02.GameObjects\Maps\Desert\Lift\Lift_Platform">
      <UniqueIdentifier>{6c797e52-f4dd-4f06-9aa0-0dbaf09f1158}</UniqueIdentifier>
    </Filter>
    <Filter Include="02.GameObjects\Maps\Desert\Environment\Desert__Tree">
      <UniqueIdentifier>{9d7df503-1cc2-4767-bfa8-395c957c2187}</UniqueIdentifier>
    </Filter>
    <Filter Include="02.GameObjects\Maps\Desert\Interaction">
      <UniqueIdentifier>{b8437baf-4335-47ab-a3e7-a16882b0f8ad}</UniqueIdentifier>
    </Filter>
    <Filter Include="02.GameObjects\Maps\Desert\Architecture">
      <UniqueIdentifier>{1447ad0d-e982-4332-ac61-7f812e970a7f}</UniqueIdentifier>
    </Filter>
    <Filter Include="02.GameObjects\Maps\Desert\Architecture\Building_Ruin">
      <UniqueIdentifier>{80f03000-baf2-4ad0-8569-e74cab751069}</UniqueIdentifier>
    </Filter>
    <Filter Include="02.GameObjects\Maps\Desert\Architecture\Iron_Floor">
      <UniqueIdentifier>{3d1e688a-bd2a-4756-8902-59d2381af6ee}</UniqueIdentifier>
    </Filter>
    <Filter Include="02.GameObjects\Maps\Desert\Architecture\Desert_Architecture">
      <UniqueIdentifier>{2adecbf0-5be4-4263-879d-0697321384a1}</UniqueIdentifier>
    </Filter>
    <Filter Include="02.GameObjects\Maps\Desert\Interaction\NonAnim">
      <UniqueIdentifier>{f2ec0156-4845-4490-a3bb-34975f820711}</UniqueIdentifier>
    </Filter>
    <Filter Include="02.GameObjects\Maps\Desert\Interaction\Anim">
      <UniqueIdentifier>{3b029ce4-8b8b-4456-803b-60df1787f73b}</UniqueIdentifier>
    </Filter>
    <Filter Include="02.GameObjects\Maps\Desert\Interaction\Anim\CanBox">
      <UniqueIdentifier>{a80364af-f63a-4a21-b0c3-d1ab29362449}</UniqueIdentifier>
    </Filter>
    <Filter Include="02.GameObjects\Maps\Desert\Interaction\Anim\Top_Roof">
      <UniqueIdentifier>{05afd7b2-3053-49fb-9b1d-7076fce71e03}</UniqueIdentifier>
    </Filter>
    <Filter Include="02.GameObjects\Maps\Desert\Interaction\Anim\RepairConsole">
      <UniqueIdentifier>{413aeffb-8bd9-4644-b6af-a541377d3284}</UniqueIdentifier>
    </Filter>
    <Filter Include="02.GameObjects\Maps\Desert\Interaction\Anim\Door">
      <UniqueIdentifier>{b29f3f33-f13c-4a9a-aa1f-c4212623a666}</UniqueIdentifier>
    </Filter>
    <Filter Include="02.GameObjects\Maps\Desert\Interaction\Anim\Lift_Controller">
      <UniqueIdentifier>{327db89e-e9d2-46a7-a968-b7177b62c2ea}</UniqueIdentifier>
    </Filter>
  </ItemGroup>
  <ItemGroup>
    <ClInclude Include="..\public\MainApp.h">
      <Filter>00.MainApp</Filter>
    </ClInclude>
    <ClInclude Include="..\public\Loader.h">
      <Filter>01.Levels\Loading\Loader</Filter>
    </ClInclude>
    <ClInclude Include="..\public\Level_Loading.h">
      <Filter>01.Levels\Loading</Filter>
    </ClInclude>
    <ClInclude Include="..\public\Level_Logo.h">
      <Filter>01.Levels\Logo</Filter>
    </ClInclude>
    <ClInclude Include="..\public\Level_Village.h">
      <Filter>01.Levels\Village</Filter>
    </ClInclude>
    <ClInclude Include="framework.h">
      <Filter>98.Default</Filter>
    </ClInclude>
    <ClInclude Include="Map_Editor.h">
      <Filter>98.Default</Filter>
    </ClInclude>
    <ClInclude Include="Resource.h">
      <Filter>100.ETC</Filter>
    </ClInclude>
    <ClInclude Include="targetver.h">
      <Filter>100.ETC</Filter>
    </ClInclude>
    <ClInclude Include="..\public\Camera_Free.h">
      <Filter>02.GameObjects\Camera\Camera_Free</Filter>
    </ClInclude>
    <ClInclude Include="..\public\BackGround.h">
      <Filter>02.GameObjects\BackGround</Filter>
    </ClInclude>
    <ClInclude Include="..\Public\ImGui\imconfig.h">
      <Filter>96.IMGUI\Default</Filter>
    </ClInclude>
    <ClInclude Include="..\Public\ImGui\imgui.h">
      <Filter>96.IMGUI\Default</Filter>
    </ClInclude>
    <ClInclude Include="..\Public\ImGui\imgui_impl_dx11.h">
      <Filter>96.IMGUI\Default</Filter>
    </ClInclude>
    <ClInclude Include="..\Public\ImGui\imgui_impl_win32.h">
      <Filter>96.IMGUI\Default</Filter>
    </ClInclude>
    <ClInclude Include="..\Public\ImGui\imgui_internal.h">
      <Filter>96.IMGUI\Default</Filter>
    </ClInclude>
    <ClInclude Include="..\Public\ImGui\imstb_rectpack.h">
      <Filter>96.IMGUI\Default</Filter>
    </ClInclude>
    <ClInclude Include="..\Public\ImGui\imstb_textedit.h">
      <Filter>96.IMGUI\Default</Filter>
    </ClInclude>
    <ClInclude Include="..\Public\ImGui\imstb_truetype.h">
      <Filter>96.IMGUI\Default</Filter>
    </ClInclude>
    <ClInclude Include="..\public\Imgui_Manager.h">
      <Filter>96.IMGUI\Manager</Filter>
    </ClInclude>
    <ClInclude Include="..\public\Sky.h">
      <Filter>02.GameObjects\Maps\Scarlet\Sky</Filter>
    </ClInclude>
    <ClInclude Include="..\public\Player.h">
      <Filter>02.GameObjects\Player</Filter>
    </ClInclude>
    <ClInclude Include="..\public\Terrain.h">
      <Filter>02.GameObjects\Maps\Scarlet\Terrain</Filter>
    </ClInclude>
    <ClInclude Include="..\public\LightTool.h">
      <Filter>96.IMGUI\Light</Filter>
    </ClInclude>
    <ClInclude Include="..\public\Camera_Tool.h">
      <Filter>96.IMGUI\Camera</Filter>
    </ClInclude>
    <ClInclude Include="..\public\SpawnBox.h">
      <Filter>02.GameObjects\Maps\SpawnBox</Filter>
    </ClInclude>
    <ClInclude Include="..\Public\Bamboo.h">
      <Filter>02.GameObjects\Maps\Scarlet\Environment\Tree\Bamboo</Filter>
    </ClInclude>
    <ClInclude Include="..\Public\Inscription_L.h">
      <Filter>02.GameObjects\Maps\Scarlet\Buildings\TombStone</Filter>
    </ClInclude>
    <ClInclude Include="..\Public\Inscription_R.h">
      <Filter>02.GameObjects\Maps\Scarlet\Buildings\TombStone</Filter>
    </ClInclude>
    <ClInclude Include="..\Public\Reed.h">
      <Filter>02.GameObjects\Maps\Scarlet\Environment\Reed</Filter>
    </ClInclude>
    <ClInclude Include="..\Public\Rock1.h">
      <Filter>02.GameObjects\Maps\Scarlet\Environment\Rock</Filter>
    </ClInclude>
    <ClInclude Include="..\Public\Rock2.h">
      <Filter>02.GameObjects\Maps\Scarlet\Environment\Rock</Filter>
    </ClInclude>
    <ClInclude Include="..\Public\Rock3.h">
      <Filter>02.GameObjects\Maps\Scarlet\Environment\Rock</Filter>
    </ClInclude>
    <ClInclude Include="..\Public\Rock4.h">
      <Filter>02.GameObjects\Maps\Scarlet\Environment\Rock</Filter>
    </ClInclude>
    <ClInclude Include="..\Public\Rock5.h">
      <Filter>02.GameObjects\Maps\Scarlet\Environment\Rock</Filter>
    </ClInclude>
    <ClInclude Include="..\Public\Rock6.h">
      <Filter>02.GameObjects\Maps\Scarlet\Environment\Rock</Filter>
    </ClInclude>
    <ClInclude Include="..\Public\Rock7.h">
      <Filter>02.GameObjects\Maps\Scarlet\Environment\Rock</Filter>
    </ClInclude>
    <ClInclude Include="..\Public\Rock8.h">
      <Filter>02.GameObjects\Maps\Scarlet\Environment\Rock</Filter>
    </ClInclude>
    <ClInclude Include="..\Public\Stair.h">
      <Filter>02.GameObjects\Maps\Scarlet\Buildings\Stair</Filter>
    </ClInclude>
    <ClInclude Include="..\Public\Stone1.h">
      <Filter>02.GameObjects\Maps\Scarlet\Buildings\Stone</Filter>
    </ClInclude>
    <ClInclude Include="..\Public\Stone2.h">
      <Filter>02.GameObjects\Maps\Scarlet\Buildings\Stone</Filter>
    </ClInclude>
    <ClInclude Include="..\Public\Stone3.h">
      <Filter>02.GameObjects\Maps\Scarlet\Buildings\Stone</Filter>
    </ClInclude>
    <ClInclude Include="..\Public\Stone4.h">
      <Filter>02.GameObjects\Maps\Scarlet\Buildings\Stone</Filter>
    </ClInclude>
    <ClInclude Include="..\Public\StoneWall1.h">
      <Filter>02.GameObjects\Maps\Scarlet\Buildings\StoneWall</Filter>
    </ClInclude>
    <ClInclude Include="..\Public\StoneWall2.h">
      <Filter>02.GameObjects\Maps\Scarlet\Buildings\StoneWall</Filter>
    </ClInclude>
    <ClInclude Include="..\Public\TombStone.h">
      <Filter>02.GameObjects\Maps\Scarlet\Buildings\TombStone</Filter>
    </ClInclude>
    <ClInclude Include="..\Public\TombStoneBase1.h">
      <Filter>02.GameObjects\Maps\Scarlet\Buildings\TombStone</Filter>
    </ClInclude>
    <ClInclude Include="..\Public\TombStoneBase2.h">
      <Filter>02.GameObjects\Maps\Scarlet\Buildings\TombStone</Filter>
    </ClInclude>
    <ClInclude Include="..\public\StoneTile.h">
      <Filter>02.GameObjects\Maps\Scarlet\Buildings\Tile</Filter>
    </ClInclude>
    <ClInclude Include="..\Public\MapTool_Defines.h" />
    <ClInclude Include="..\Public\pch.h" />
    <ClInclude Include="..\public\CherryBlossom1.h">
      <Filter>02.GameObjects\Maps\Scarlet\Environment\Tree\CherryBlossom</Filter>
    </ClInclude>
    <ClInclude Include="..\public\CherryBlossom2.h">
      <Filter>02.GameObjects\Maps\Scarlet\Environment\Tree\CherryBlossom</Filter>
    </ClInclude>
    <ClInclude Include="..\public\CherryBlossom3.h">
      <Filter>02.GameObjects\Maps\Scarlet\Environment\Tree\CherryBlossom</Filter>
    </ClInclude>
    <ClInclude Include="..\public\CherryBlossom4.h">
      <Filter>02.GameObjects\Maps\Scarlet\Environment\Tree\CherryBlossom</Filter>
    </ClInclude>
    <ClInclude Include="..\public\StoneLantern1.h">
      <Filter>02.GameObjects\Maps\Scarlet\Buildings\StoneLantern</Filter>
    </ClInclude>
    <ClInclude Include="..\public\StoneLantern2.h">
      <Filter>02.GameObjects\Maps\Scarlet\Buildings\StoneLantern</Filter>
    </ClInclude>
    <ClInclude Include="..\public\Giwajip.h">
      <Filter>02.GameObjects\Maps\Scarlet\Buildings\Giwajip</Filter>
    </ClInclude>
    <ClInclude Include="..\public\DryGrass3.h">
      <Filter>02.GameObjects\Maps\Scarlet\Environment\Grass\DryGrass</Filter>
    </ClInclude>
    <ClInclude Include="..\public\DryGrass1.h">
      <Filter>02.GameObjects\Maps\Scarlet\Environment\Grass\DryGrass</Filter>
    </ClInclude>
    <ClInclude Include="..\public\DryGrass2.h">
      <Filter>02.GameObjects\Maps\Scarlet\Environment\Grass\DryGrass</Filter>
    </ClInclude>
    <ClInclude Include="..\public\Grass.h">
      <Filter>02.GameObjects\Maps\Scarlet\Environment\Grass\Grass</Filter>
    </ClInclude>
    <ClInclude Include="..\public\Brush.h">
      <Filter>02.GameObjects\Brush</Filter>
    </ClInclude>
    <ClInclude Include="..\public\Giwajip2.h">
      <Filter>02.GameObjects\Maps\Scarlet\Buildings\Giwajip</Filter>
    </ClInclude>
    <ClInclude Include="..\public\CM_Rock1.h">
      <Filter>02.GameObjects\Maps\Common\Rock</Filter>
    </ClInclude>
    <ClInclude Include="..\Public\CM_Rock2.h">
      <Filter>02.GameObjects\Maps\Common\Rock</Filter>
    </ClInclude>
    <ClInclude Include="..\Public\CM_Rock3.h">
      <Filter>02.GameObjects\Maps\Common\Rock</Filter>
    </ClInclude>
    <ClInclude Include="..\Public\CM_Rock4.h">
      <Filter>02.GameObjects\Maps\Common\Rock</Filter>
    </ClInclude>
    <ClInclude Include="..\Public\CM_Rock5.h">
      <Filter>02.GameObjects\Maps\Common\Rock</Filter>
    </ClInclude>
    <ClInclude Include="..\Public\CM_Rock6.h">
      <Filter>02.GameObjects\Maps\Common\Rock</Filter>
    </ClInclude>
    <ClInclude Include="..\Public\CM_Rock7.h">
      <Filter>02.GameObjects\Maps\Common\Rock</Filter>
    </ClInclude>
    <ClInclude Include="..\Public\CM_Rock8.h">
      <Filter>02.GameObjects\Maps\Common\Rock</Filter>
    </ClInclude>
    <ClInclude Include="..\Public\CM_Rock9.h">
      <Filter>02.GameObjects\Maps\Common\Rock</Filter>
    </ClInclude>
    <ClInclude Include="..\Public\CM_Rock10.h">
      <Filter>02.GameObjects\Maps\Common\Rock</Filter>
    </ClInclude>
    <ClInclude Include="..\Public\CM_Rock11.h">
      <Filter>02.GameObjects\Maps\Common\Rock</Filter>
    </ClInclude>
    <ClInclude Include="..\Public\CM_Rock12.h">
      <Filter>02.GameObjects\Maps\Common\Rock</Filter>
    </ClInclude>
    <ClInclude Include="..\Public\CM_Rock13.h">
      <Filter>02.GameObjects\Maps\Common\Rock</Filter>
    </ClInclude>
    <ClInclude Include="..\public\CM_Rock14.h">
      <Filter>02.GameObjects\Maps\Common\Rock</Filter>
    </ClInclude>
    <ClInclude Include="..\public\StaticMap.h">
      <Filter>02.GameObjects\Maps</Filter>
    </ClInclude>
    <ClInclude Include="..\public\LoadingBG.h">
      <Filter>02.GameObjects\BackGround\Loading</Filter>
    </ClInclude>
    <ClInclude Include="..\public\Moon.h">
      <Filter>02.GameObjects\Maps\Scarlet\Sky\Moon</Filter>
    </ClInclude>
    <ClInclude Include="..\public\Rock.h">
      <Filter>02.GameObjects\Maps\Common\Rock</Filter>
    </ClInclude>
    <ClInclude Include="..\public\Level_Desert.h">
      <Filter>01.Levels\Desert</Filter>
    </ClInclude>
    <ClInclude Include="..\public\Terrain_Desert.h">
      <Filter>02.GameObjects\Maps\Desert\Terrain</Filter>
    </ClInclude>
    <ClInclude Include="..\public\MapTool.h">
      <Filter>96.IMGUI\Map\Scarlet</Filter>
    </ClInclude>
    <ClInclude Include="..\public\MapTool_Desert.h">
      <Filter>96.IMGUI\Map\Desert</Filter>
    </ClInclude>
    <ClInclude Include="..\public\Building_Ruin.h">
      <Filter>02.GameObjects\Maps\Desert\Architecture\Building_Ruin</Filter>
    </ClInclude>
    <ClInclude Include="..\public\Player_Test.h">
      <Filter>02.GameObjects\Player\Desert</Filter>
    </ClInclude>
    <ClInclude Include="..\public\Canyon.h">
      <Filter>02.GameObjects\Maps\Desert\Environment\Canyon</Filter>
    </ClInclude>
    <ClInclude Include="..\public\DesertObject.h">
      <Filter>02.GameObjects\Maps\Desert</Filter>
    </ClInclude>
    <ClInclude Include="..\public\Instance_Desert.h">
      <Filter>02.GameObjects\Maps\Desert\Instance</Filter>
    </ClInclude>
    <ClInclude Include="..\public\InstanceModel.h">
      <Filter>02.GameObjects\Maps\Scarlet</Filter>
    </ClInclude>
    <ClInclude Include="..\public\Deco.h">
      <Filter>02.GameObjects\Maps\Desert\Deco</Filter>
    </ClInclude>
    <ClInclude Include="..\public\Lift_Body.h">
      <Filter>02.GameObjects\Maps\Desert\Lift\Lift_Body</Filter>
    </ClInclude>
    <ClInclude Include="..\public\Lift_Controller.h">
      <Filter>02.GameObjects\Maps\Desert\Interaction\Anim\Lift_Controller</Filter>
    </ClInclude>
    <ClInclude Include="..\public\Lift_Platform.h">
      <Filter>02.GameObjects\Maps\Desert\Lift\Lift_Platform</Filter>
    </ClInclude>
    <ClInclude Include="..\public\Iron_Floor.h">
      <Filter>02.GameObjects\Maps\Desert\Architecture\Iron_Floor</Filter>
    </ClInclude>
    <ClInclude Include="..\public\Desert_Tree.h">
      <Filter>02.GameObjects\Maps\Desert\Environment\Desert__Tree</Filter>
    </ClInclude>
    <ClInclude Include="..\public\Desert_Architecture.h">
      <Filter>02.GameObjects\Maps\Desert\Architecture\Desert_Architecture</Filter>
    </ClInclude>
    <ClInclude Include="..\public\Sky_Desert.h">
      <Filter>02.GameObjects\Maps\Desert\Sky</Filter>
    </ClInclude>
    <ClInclude Include="..\public\Interaction_NonAnim.h">
      <Filter>02.GameObjects\Maps\Desert\Interaction\NonAnim</Filter>
    </ClInclude>
    <ClInclude Include="..\Public\CanBox.h">
      <Filter>02.GameObjects\Maps\Desert\Interaction\Anim\CanBox</Filter>
    </ClInclude>
    <ClInclude Include="..\Public\Top_Roof.h">
      <Filter>02.GameObjects\Maps\Desert\Interaction\Anim\Top_Roof</Filter>
    </ClInclude>
    <ClInclude Include="..\Public\RepairConsole.h">
      <Filter>02.GameObjects\Maps\Desert\Interaction\Anim\RepairConsole</Filter>
    </ClInclude>
    <ClInclude Include="..\public\SciFi_Door.h">
      <Filter>02.GameObjects\Maps\Desert\Interaction\Anim\Door</Filter>
    </ClInclude>
    <ClInclude Include="..\public\Interaction.h">
      <Filter>02.GameObjects\Maps\Desert\Interaction</Filter>
    </ClInclude>
  </ItemGroup>
  <ItemGroup>
    <ClCompile Include="..\private\MainApp.cpp">
      <Filter>00.MainApp</Filter>
    </ClCompile>
    <ClCompile Include="..\private\Loader.cpp">
      <Filter>01.Levels\Loading\Loader</Filter>
    </ClCompile>
    <ClCompile Include="..\private\Level_Loading.cpp">
      <Filter>01.Levels\Loading</Filter>
    </ClCompile>
    <ClCompile Include="..\private\Level_Logo.cpp">
      <Filter>01.Levels\Logo</Filter>
    </ClCompile>
    <ClCompile Include="..\private\Level_Village.cpp">
      <Filter>01.Levels\Village</Filter>
    </ClCompile>
    <ClCompile Include="Map_Editor.cpp">
      <Filter>98.Default</Filter>
    </ClCompile>
    <ClCompile Include="..\private\Camera_Free.cpp">
      <Filter>02.GameObjects\Camera\Camera_Free</Filter>
    </ClCompile>
    <ClCompile Include="..\private\BackGround.cpp">
      <Filter>02.GameObjects\BackGround</Filter>
    </ClCompile>
    <ClCompile Include="..\private\Imgui_Manager.cpp">
      <Filter>96.IMGUI\Manager</Filter>
    </ClCompile>
    <ClCompile Include="..\Private\imgui.cpp">
      <Filter>96.IMGUI\Default</Filter>
    </ClCompile>
    <ClCompile Include="..\Private\imgui_draw.cpp">
      <Filter>96.IMGUI\Default</Filter>
    </ClCompile>
    <ClCompile Include="..\Private\imgui_impl_dx11.cpp">
      <Filter>96.IMGUI\Default</Filter>
    </ClCompile>
    <ClCompile Include="..\Private\imgui_tables.cpp">
      <Filter>96.IMGUI\Default</Filter>
    </ClCompile>
    <ClCompile Include="..\Private\imgui_widgets.cpp">
      <Filter>96.IMGUI\Default</Filter>
    </ClCompile>
    <ClCompile Include="..\Private\imgui_impl_win32.cpp">
      <Filter>96.IMGUI\Default</Filter>
    </ClCompile>
    <ClCompile Include="..\private\Sky.cpp">
      <Filter>02.GameObjects\Maps\Scarlet\Sky</Filter>
    </ClCompile>
    <ClCompile Include="..\private\Player.cpp">
      <Filter>02.GameObjects\Player</Filter>
    </ClCompile>
    <ClCompile Include="..\private\Terrain.cpp">
      <Filter>02.GameObjects\Maps\Scarlet\Terrain</Filter>
    </ClCompile>
    <ClCompile Include="..\private\LightTool.cpp">
      <Filter>96.IMGUI\Light</Filter>
    </ClCompile>
    <ClCompile Include="..\private\Camera_Tool.cpp">
      <Filter>96.IMGUI\Camera</Filter>
    </ClCompile>
    <ClCompile Include="..\private\SpawnBox.cpp">
      <Filter>02.GameObjects\Maps\SpawnBox</Filter>
    </ClCompile>
    <ClCompile Include="..\Private\TombStone.cpp">
      <Filter>02.GameObjects\Maps\Scarlet\Buildings\TombStone</Filter>
    </ClCompile>
    <ClCompile Include="..\Private\TombStoneBase1.cpp">
      <Filter>02.GameObjects\Maps\Scarlet\Buildings\TombStone</Filter>
    </ClCompile>
    <ClCompile Include="..\Private\TombStoneBase2.cpp">
      <Filter>02.GameObjects\Maps\Scarlet\Buildings\TombStone</Filter>
    </ClCompile>
    <ClCompile Include="..\Private\Stone1.cpp">
      <Filter>02.GameObjects\Maps\Scarlet\Buildings\Stone</Filter>
    </ClCompile>
    <ClCompile Include="..\Private\Stone2.cpp">
      <Filter>02.GameObjects\Maps\Scarlet\Buildings\Stone</Filter>
    </ClCompile>
    <ClCompile Include="..\Private\Stone3.cpp">
      <Filter>02.GameObjects\Maps\Scarlet\Buildings\Stone</Filter>
    </ClCompile>
    <ClCompile Include="..\Private\Stone4.cpp">
      <Filter>02.GameObjects\Maps\Scarlet\Buildings\Stone</Filter>
    </ClCompile>
    <ClCompile Include="..\Private\StoneWall1.cpp">
      <Filter>02.GameObjects\Maps\Scarlet\Buildings\StoneWall</Filter>
    </ClCompile>
    <ClCompile Include="..\Private\StoneWall2.cpp">
      <Filter>02.GameObjects\Maps\Scarlet\Buildings\StoneWall</Filter>
    </ClCompile>
    <ClCompile Include="..\Private\Stair.cpp">
      <Filter>02.GameObjects\Maps\Scarlet\Buildings\Stair</Filter>
    </ClCompile>
    <ClCompile Include="..\Private\Rock1.cpp">
      <Filter>02.GameObjects\Maps\Scarlet\Environment\Rock</Filter>
    </ClCompile>
    <ClCompile Include="..\Private\Rock2.cpp">
      <Filter>02.GameObjects\Maps\Scarlet\Environment\Rock</Filter>
    </ClCompile>
    <ClCompile Include="..\Private\Rock3.cpp">
      <Filter>02.GameObjects\Maps\Scarlet\Environment\Rock</Filter>
    </ClCompile>
    <ClCompile Include="..\Private\Rock4.cpp">
      <Filter>02.GameObjects\Maps\Scarlet\Environment\Rock</Filter>
    </ClCompile>
    <ClCompile Include="..\Private\Rock5.cpp">
      <Filter>02.GameObjects\Maps\Scarlet\Environment\Rock</Filter>
    </ClCompile>
    <ClCompile Include="..\Private\Rock6.cpp">
      <Filter>02.GameObjects\Maps\Scarlet\Environment\Rock</Filter>
    </ClCompile>
    <ClCompile Include="..\Private\Rock7.cpp">
      <Filter>02.GameObjects\Maps\Scarlet\Environment\Rock</Filter>
    </ClCompile>
    <ClCompile Include="..\Private\Rock8.cpp">
      <Filter>02.GameObjects\Maps\Scarlet\Environment\Rock</Filter>
    </ClCompile>
    <ClCompile Include="..\Private\Reed.cpp">
      <Filter>02.GameObjects\Maps\Scarlet\Environment\Reed</Filter>
    </ClCompile>
    <ClCompile Include="..\Private\Inscription_L.cpp">
      <Filter>02.GameObjects\Maps\Scarlet\Buildings\TombStone</Filter>
    </ClCompile>
    <ClCompile Include="..\Private\Inscription_R.cpp">
      <Filter>02.GameObjects\Maps\Scarlet\Buildings\TombStone</Filter>
    </ClCompile>
    <ClCompile Include="..\Private\Bamboo.cpp">
      <Filter>02.GameObjects\Maps\Scarlet\Environment\Tree\Bamboo</Filter>
    </ClCompile>
    <ClCompile Include="..\private\StoneTile.cpp">
      <Filter>02.GameObjects\Maps\Scarlet\Buildings\Tile</Filter>
    </ClCompile>
    <ClCompile Include="..\Private\pch.cpp" />
    <ClCompile Include="..\private\CherryBlossom1.cpp">
      <Filter>02.GameObjects\Maps\Scarlet\Environment\Tree\CherryBlossom</Filter>
    </ClCompile>
    <ClCompile Include="..\private\CherryBlossom2.cpp">
      <Filter>02.GameObjects\Maps\Scarlet\Environment\Tree\CherryBlossom</Filter>
    </ClCompile>
    <ClCompile Include="..\private\CherryBlossom3.cpp">
      <Filter>02.GameObjects\Maps\Scarlet\Environment\Tree\CherryBlossom</Filter>
    </ClCompile>
    <ClCompile Include="..\private\CherryBlossom4.cpp">
      <Filter>02.GameObjects\Maps\Scarlet\Environment\Tree\CherryBlossom</Filter>
    </ClCompile>
    <ClCompile Include="..\private\StoneLantern1.cpp">
      <Filter>02.GameObjects\Maps\Scarlet\Buildings\StoneLantern</Filter>
    </ClCompile>
    <ClCompile Include="..\private\StoneLantern2.cpp">
      <Filter>02.GameObjects\Maps\Scarlet\Buildings\StoneLantern</Filter>
    </ClCompile>
    <ClCompile Include="..\private\Giwajip.cpp">
      <Filter>02.GameObjects\Maps\Scarlet\Buildings\Giwajip</Filter>
    </ClCompile>
    <ClCompile Include="..\private\DryGrass1.cpp">
      <Filter>02.GameObjects\Maps\Scarlet\Environment\Grass\DryGrass</Filter>
    </ClCompile>
    <ClCompile Include="..\private\DryGrass2.cpp">
      <Filter>02.GameObjects\Maps\Scarlet\Environment\Grass\DryGrass</Filter>
    </ClCompile>
    <ClCompile Include="..\private\DryGrass3.cpp">
      <Filter>02.GameObjects\Maps\Scarlet\Environment\Grass\DryGrass</Filter>
    </ClCompile>
    <ClCompile Include="..\private\Grass.cpp">
      <Filter>02.GameObjects\Maps\Scarlet\Environment\Grass\Grass</Filter>
    </ClCompile>
    <ClCompile Include="..\private\Brush.cpp">
      <Filter>02.GameObjects\Brush</Filter>
    </ClCompile>
    <ClCompile Include="..\private\Giwajip2.cpp">
      <Filter>02.GameObjects\Maps\Scarlet\Buildings\Giwajip</Filter>
    </ClCompile>
    <ClCompile Include="..\private\CM_Rock1.cpp">
      <Filter>02.GameObjects\Maps\Common\Rock</Filter>
    </ClCompile>
    <ClCompile Include="..\Private\CM_Rock2.cpp">
      <Filter>02.GameObjects\Maps\Common\Rock</Filter>
    </ClCompile>
    <ClCompile Include="..\Private\CM_Rock3.cpp">
      <Filter>02.GameObjects\Maps\Common\Rock</Filter>
    </ClCompile>
    <ClCompile Include="..\Private\CM_Rock4.cpp">
      <Filter>02.GameObjects\Maps\Common\Rock</Filter>
    </ClCompile>
    <ClCompile Include="..\Private\CM_Rock5.cpp">
      <Filter>02.GameObjects\Maps\Common\Rock</Filter>
    </ClCompile>
    <ClCompile Include="..\Private\CM_Rock6.cpp">
      <Filter>02.GameObjects\Maps\Common\Rock</Filter>
    </ClCompile>
    <ClCompile Include="..\Private\CM_Rock7.cpp">
      <Filter>02.GameObjects\Maps\Common\Rock</Filter>
    </ClCompile>
    <ClCompile Include="..\Private\CM_Rock8.cpp">
      <Filter>02.GameObjects\Maps\Common\Rock</Filter>
    </ClCompile>
    <ClCompile Include="..\Private\CM_Rock9.cpp">
      <Filter>02.GameObjects\Maps\Common\Rock</Filter>
    </ClCompile>
    <ClCompile Include="..\Private\CM_Rock10.cpp">
      <Filter>02.GameObjects\Maps\Common\Rock</Filter>
    </ClCompile>
    <ClCompile Include="..\Private\CM_Rock11.cpp">
      <Filter>02.GameObjects\Maps\Common\Rock</Filter>
    </ClCompile>
    <ClCompile Include="..\Private\CM_Rock12.cpp">
      <Filter>02.GameObjects\Maps\Common\Rock</Filter>
    </ClCompile>
    <ClCompile Include="..\Private\CM_Rock13.cpp">
      <Filter>02.GameObjects\Maps\Common\Rock</Filter>
    </ClCompile>
    <ClCompile Include="..\private\CM_Rock14.cpp">
      <Filter>02.GameObjects\Maps\Common\Rock</Filter>
    </ClCompile>
    <ClCompile Include="..\private\StaticMap.cpp">
      <Filter>02.GameObjects\Maps</Filter>
    </ClCompile>
    <ClCompile Include="..\private\LoadingBG.cpp">
      <Filter>02.GameObjects\BackGround\Loading</Filter>
    </ClCompile>
    <ClCompile Include="..\private\Moon.cpp">
      <Filter>02.GameObjects\Maps\Scarlet\Sky\Moon</Filter>
    </ClCompile>
    <ClCompile Include="..\private\Rock.cpp">
      <Filter>02.GameObjects\Maps\Common\Rock</Filter>
    </ClCompile>
    <ClCompile Include="..\private\Level_Desert.cpp">
      <Filter>01.Levels\Desert</Filter>
    </ClCompile>
    <ClCompile Include="..\private\Terrain_Desert.cpp">
      <Filter>02.GameObjects\Maps\Desert\Terrain</Filter>
    </ClCompile>
    <ClCompile Include="..\private\MapTool.cpp">
      <Filter>96.IMGUI\Map\Scarlet</Filter>
    </ClCompile>
    <ClCompile Include="..\private\MapTool_Desert.cpp">
      <Filter>96.IMGUI\Map\Desert</Filter>
    </ClCompile>
    <ClCompile Include="..\private\Building_Ruin.cpp">
      <Filter>02.GameObjects\Maps\Desert\Architecture\Building_Ruin</Filter>
    </ClCompile>
    <ClCompile Include="..\private\Player_Test.cpp">
      <Filter>02.GameObjects\Player\Desert</Filter>
    </ClCompile>
    <ClCompile Include="..\private\Canyon.cpp">
      <Filter>02.GameObjects\Maps\Desert\Environment\Canyon</Filter>
    </ClCompile>
    <ClCompile Include="..\private\DesertObject.cpp">
      <Filter>02.GameObjects\Maps\Desert</Filter>
    </ClCompile>
    <ClCompile Include="..\private\Instance_Desert.cpp">
      <Filter>02.GameObjects\Maps\Desert\Instance</Filter>
    </ClCompile>
    <ClCompile Include="..\private\InstanceModel.cpp">
      <Filter>02.GameObjects\Maps\Scarlet</Filter>
    </ClCompile>
    <ClCompile Include="..\private\Deco.cpp">
      <Filter>02.GameObjects\Maps\Desert\Deco</Filter>
    </ClCompile>
    <ClCompile Include="..\private\Lift_Body.cpp">
      <Filter>02.GameObjects\Maps\Desert\Lift\Lift_Body</Filter>
    </ClCompile>
    <ClCompile Include="..\private\Lift_Controller.cpp">
      <Filter>02.GameObjects\Maps\Desert\Interaction\Anim\Lift_Controller</Filter>
    </ClCompile>
    <ClCompile Include="..\private\Lift_Platform.cpp">
      <Filter>02.GameObjects\Maps\Desert\Lift\Lift_Platform</Filter>
    </ClCompile>
    <ClCompile Include="..\private\Iron_Floor.cpp">
      <Filter>02.GameObjects\Maps\Desert\Architecture\Iron_Floor</Filter>
    </ClCompile>
    <ClCompile Include="..\private\Desert_Tree.cpp">
      <Filter>02.GameObjects\Maps\Desert\Environment\Desert__Tree</Filter>
    </ClCompile>
    <ClCompile Include="..\private\Desert_Architecture.cpp">
      <Filter>02.GameObjects\Maps\Desert\Architecture\Desert_Architecture</Filter>
    </ClCompile>
    <ClCompile Include="..\private\Sky_Desert.cpp">
      <Filter>02.GameObjects\Maps\Desert\Sky</Filter>
    </ClCompile>
    <ClCompile Include="..\private\Interaction_NonAnim.cpp">
      <Filter>02.GameObjects\Maps\Desert\Interaction\NonAnim</Filter>
    </ClCompile>
    <ClCompile Include="..\private\SciFi_Door.cpp">
      <Filter>02.GameObjects\Maps\Desert\Interaction\Anim\Door</Filter>
    </ClCompile>
    <ClCompile Include="..\Private\Top_Roof.cpp">
      <Filter>02.GameObjects\Maps\Desert\Interaction\Anim\Top_Roof</Filter>
    </ClCompile>
    <ClCompile Include="..\Private\CanBox.cpp">
      <Filter>02.GameObjects\Maps\Desert\Interaction\Anim\CanBox</Filter>
    </ClCompile>
    <ClCompile Include="..\Private\RepairConsole.cpp">
      <Filter>02.GameObjects\Maps\Desert\Interaction\Anim\RepairConsole</Filter>
    </ClCompile>
    <ClCompile Include="..\private\Interaction.cpp">
      <Filter>02.GameObjects\Maps\Desert\Interaction</Filter>
    </ClCompile>
  </ItemGroup>
  <ItemGroup>
    <Image Include="Map_Editor.ico">
      <Filter>100.ETC</Filter>
    </Image>
    <Image Include="small.ico">
      <Filter>100.ETC</Filter>
    </Image>
  </ItemGroup>
  <ItemGroup>
    <ResourceCompile Include="Map_Editor.rc">
      <Filter>100.ETC</Filter>
    </ResourceCompile>
  </ItemGroup>
  <ItemGroup>
    <FxCompile Include="..\Bin\ShaderFiles\Shader_VtxAnimMesh.hlsl">
      <Filter>97.ShaderFiles</Filter>
    </FxCompile>
    <FxCompile Include="..\Bin\ShaderFiles\Shader_VtxCube.hlsl">
      <Filter>97.ShaderFiles</Filter>
    </FxCompile>
    <FxCompile Include="..\Bin\ShaderFiles\Shader_VtxMesh.hlsl">
      <Filter>97.ShaderFiles</Filter>
    </FxCompile>
    <FxCompile Include="..\Bin\ShaderFiles\Shader_VtxNorTex.hlsl">
      <Filter>97.ShaderFiles</Filter>
    </FxCompile>
    <FxCompile Include="..\Bin\ShaderFiles\Shader_VtxPointParticle.hlsl">
      <Filter>97.ShaderFiles</Filter>
    </FxCompile>
    <FxCompile Include="..\Bin\ShaderFiles\Shader_VtxPosTex.hlsl">
      <Filter>97.ShaderFiles</Filter>
    </FxCompile>
    <FxCompile Include="..\Bin\ShaderFiles\Shader_VtxRectParticle.hlsl">
      <Filter>97.ShaderFiles</Filter>
    </FxCompile>
    <FxCompile Include="..\Bin\ShaderFiles\VTX_InstnaceMesh.hlsl">
      <Filter>97.ShaderFiles</Filter>
    </FxCompile>
  </ItemGroup>
</Project>