<?xml version="1.0" encoding="utf-8"?>
<Project ToolsVersion="4.0" xmlns="http://schemas.microsoft.com/developer/msbuild/2003">
  <ItemGroup>
    <Filter Include="98.Default">
      <UniqueIdentifier>{728a900b-3685-4452-a6ae-b82a17c7e63f}</UniqueIdentifier>
    </Filter>
    <Filter Include="00.MainApp">
      <UniqueIdentifier>{bdd4a935-b20f-47a5-bf83-4e2952e2c6f1}</UniqueIdentifier>
    </Filter>
    <Filter Include="01.Levels">
      <UniqueIdentifier>{cb4350f1-3e29-4ead-b993-68bc255c8704}</UniqueIdentifier>
    </Filter>
    <Filter Include="01.Levels\Loading">
      <UniqueIdentifier>{cad4621e-281a-4009-9890-0044e3fce66c}</UniqueIdentifier>
    </Filter>
    <Filter Include="01.Levels\Loading\Loader">
      <UniqueIdentifier>{1c661d94-d467-4c27-a3f8-4da71a1c898a}</UniqueIdentifier>
    </Filter>
    <Filter Include="01.Levels\Logo">
      <UniqueIdentifier>{b684fa80-8a44-48d3-8763-79acbba3a849}</UniqueIdentifier>
    </Filter>
    <Filter Include="01.Levels\GamePlay">
      <UniqueIdentifier>{490444ba-eab1-44cf-9259-6b16f02e8e25}</UniqueIdentifier>
    </Filter>
    <Filter Include="02.GameObjects">
      <UniqueIdentifier>{6822825a-d704-42c1-aab4-274a2e135da0}</UniqueIdentifier>
    </Filter>
    <Filter Include="02.GameObjects\BackGround">
      <UniqueIdentifier>{045c1a1c-a8ed-4e5b-bc33-e5328ed48bf1}</UniqueIdentifier>
    </Filter>
    <Filter Include="97.ShaderFiles">
      <UniqueIdentifier>{1af5be23-53fb-447f-a0ef-0a7b40e2652d}</UniqueIdentifier>
    </Filter>
    <Filter Include="02.GameObjects\Terrain">
      <UniqueIdentifier>{efe302ec-f3ed-4deb-8411-e6749a4cb37e}</UniqueIdentifier>
    </Filter>
    <Filter Include="02.GameObjects\Camera">
      <UniqueIdentifier>{b544119c-56b8-4206-be74-8dc3959154b3}</UniqueIdentifier>
    </Filter>
    <Filter Include="02.GameObjects\Camera\Camera_Free">
      <UniqueIdentifier>{2f5ad10f-a81e-4bfb-a6b8-d66ba44c361e}</UniqueIdentifier>
    </Filter>
    <Filter Include="02.GameObjects\Monster">
      <UniqueIdentifier>{74d28501-001e-4fd5-8802-9449d27da0c0}</UniqueIdentifier>
    </Filter>
    <Filter Include="02.GameObjects\Player">
      <UniqueIdentifier>{675ad12f-86c0-4da2-9070-9b57502fee52}</UniqueIdentifier>
    </Filter>
    <Filter Include="02.GameObjects\Player\Body">
      <UniqueIdentifier>{79dc92b4-763e-43d0-b980-490cb31deb2b}</UniqueIdentifier>
    </Filter>
    <Filter Include="02.GameObjects\Player\Weapon">
      <UniqueIdentifier>{6652cc1f-b4e6-4c17-a93b-31f11fb0b69d}</UniqueIdentifier>
    </Filter>
    <Filter Include="02.GameObjects\ForkLift">
      <UniqueIdentifier>{86982e00-41f1-4999-8b8c-6d82e76ccfb4}</UniqueIdentifier>
    </Filter>
    <Filter Include="02.GameObjects\Sky">
      <UniqueIdentifier>{cf2d055f-c2f0-468d-9b18-e4eabc957677}</UniqueIdentifier>
    </Filter>
    <Filter Include="02.GameObjects\Effect">
      <UniqueIdentifier>{b743be59-a31e-4cb5-87c1-381ef6b00699}</UniqueIdentifier>
    </Filter>
    <Filter Include="02.GameObjects\Effect\Particle">
      <UniqueIdentifier>{5dd9dcc0-b9bc-4128-a327-a75467e2415c}</UniqueIdentifier>
    </Filter>
    <Filter Include="02.GameObjects\Effect\Particle\Snow">
      <UniqueIdentifier>{b9c1ba52-ae9b-40d8-9bab-02994a14a8de}</UniqueIdentifier>
    </Filter>
    <Filter Include="02.GameObjects\Effect\Particle\Explosion">
      <UniqueIdentifier>{14f558ec-80a2-42ca-9303-a5bc43ebb6cc}</UniqueIdentifier>
    </Filter>
    <Filter Include="02.GameObjects\Effect\Sprite">
      <UniqueIdentifier>{bce2693b-8e32-446c-a473-09f285cbb08c}</UniqueIdentifier>
    </Filter>
    <Filter Include="100.ETC">
      <UniqueIdentifier>{6dd9368b-6d45-4ca3-8e46-1fdbc8d438c7}</UniqueIdentifier>
    </Filter>
    <Filter Include="30.ImGui">
      <UniqueIdentifier>{83982917-cf88-4a1f-9421-11784b9c1ef0}</UniqueIdentifier>
    </Filter>
    <Filter Include="30.ImGui\ImGuiDefualt">
      <UniqueIdentifier>{63a6d40a-e024-4ca7-9847-5b4b91208b27}</UniqueIdentifier>
    </Filter>
    <Filter Include="30.ImGui\ImGuiDefualt\Header">
      <UniqueIdentifier>{54c9f597-288a-46d8-8070-fdcf90479d87}</UniqueIdentifier>
    </Filter>
    <Filter Include="30.ImGui\ImGuiDefualt\Code">
      <UniqueIdentifier>{afb01a46-4284-4020-aacb-d4ca06bb4e2f}</UniqueIdentifier>
    </Filter>
    <Filter Include="30.ImGui\Profiler">
      <UniqueIdentifier>{6a931b6f-252a-4fc5-ac03-4b07e3e24902}</UniqueIdentifier>
    </Filter>
    <Filter Include="30.ImGui\Manager">
      <UniqueIdentifier>{f3888e1c-1e4e-42f0-993c-cd47d9274e70}</UniqueIdentifier>
    </Filter>
    <Filter Include="10.GameManager">
      <UniqueIdentifier>{b6aef18f-1b7e-4a2a-ad79-9041e705e206}</UniqueIdentifier>
    </Filter>
    <Filter Include="99.Defines">
      <UniqueIdentifier>{c97b62e1-26b8-437d-b3de-0d9d5445f414}</UniqueIdentifier>
    </Filter>
    <Filter Include="99.Defines\PCH">
      <UniqueIdentifier>{aaa08137-62b4-4800-97b4-0532f8cae35e}</UniqueIdentifier>
    </Filter>
    <Filter Include="99.Defines\GameStruct">
      <UniqueIdentifier>{6ab8c8b9-5402-4939-896e-b82f458230bb}</UniqueIdentifier>
    </Filter>
    <Filter Include="30.ImGui\DebugCheat">
      <UniqueIdentifier>{c00b0cd2-3d4f-427d-b170-d5bb0ccc3dcf}</UniqueIdentifier>
    </Filter>
    <Filter Include="30.ImGui\Hierarchy">
      <UniqueIdentifier>{81554ffe-558d-4747-bd52-63b57718866f}</UniqueIdentifier>
    </Filter>
    <Filter Include="97.ShaderFiles\ComputeShader">
      <UniqueIdentifier>{57fb5c93-9be7-447b-856c-202b76b070ba}</UniqueIdentifier>
    </Filter>
    <Filter Include="97.ShaderFiles\ComputeShader\Rect">
      <UniqueIdentifier>{bf361d9c-a5ef-498c-91d8-831cb881f3dd}</UniqueIdentifier>
    </Filter>
    <Filter Include="97.ShaderFiles\ComputeShader\Point">
      <UniqueIdentifier>{aa9c54b7-c166-45d1-b951-a787900eb637}</UniqueIdentifier>
    </Filter>
    <Filter Include="97.ShaderFiles\ComputeShader\Spread">
      <UniqueIdentifier>{d7a570fb-fab3-4121-a2bc-b9c5838b99ab}</UniqueIdentifier>
    </Filter>
    <Filter Include="02.GameObjects\UIObjects">
      <UniqueIdentifier>{ce60062b-bb86-4f43-9bbc-c1a57894613e}</UniqueIdentifier>
    </Filter>
    <Filter Include="02.GameObjects\UIObjects\UIHUD">
      <UniqueIdentifier>{17efc4d9-b602-4cc7-a028-b97a2072599b}</UniqueIdentifier>
    </Filter>
    <Filter Include="02.GameObjects\UIObjects\UIBase">
      <UniqueIdentifier>{a4a4febc-5696-48b7-b472-edb18597c008}</UniqueIdentifier>
    </Filter>
    <Filter Include="02.GameObjects\UIObjects\UIBase\UIButton">
      <UniqueIdentifier>{0f5f935b-2e05-4c3d-849e-b72d999ebbfe}</UniqueIdentifier>
    </Filter>
    <Filter Include="02.GameObjects\ShaderTestModel">
      <UniqueIdentifier>{311e60cd-a7be-4ec2-a576-cb9bd1ad0e85}</UniqueIdentifier>
    </Filter>
    <Filter Include="02.GameObjects\ShaderTestModel\TestProp">
      <UniqueIdentifier>{0c4300ba-a204-406f-a605-b89b61bffd8c}</UniqueIdentifier>
    </Filter>
    <Filter Include="02.GameObjects\ShaderTestModel\CCTHitReporter">
      <UniqueIdentifier>{a59e3f7b-30e6-4eb3-877b-b2e49f7a4155}</UniqueIdentifier>
    </Filter>
    <Filter Include="02.GameObjects\ShaderTestModel\CCTBehaviorCallBack">
      <UniqueIdentifier>{b55d41c4-2938-4b9c-a23e-36cf0833f69d}</UniqueIdentifier>
    </Filter>
    <Filter Include="02.GameObjects\Maps">
      <UniqueIdentifier>{71ce41b5-d270-4f95-b0bc-6632eb48cc33}</UniqueIdentifier>
    </Filter>
    <Filter Include="02.GameObjects\InstanceModel">
      <UniqueIdentifier>{459986a0-678d-44ff-b63e-64b11dab1fea}</UniqueIdentifier>
    </Filter>
    <Filter Include="97.ShaderFiles\Instancing">
      <UniqueIdentifier>{f8b20de2-8cd5-433e-a016-94086d9c516f}</UniqueIdentifier>
    </Filter>
    <Filter Include="97.ShaderFiles\Instancing\Mesh">
      <UniqueIdentifier>{09d5c7ba-d714-46b3-9a99-f26cf208c227}</UniqueIdentifier>
    </Filter>
    <Filter Include="97.ShaderFiles\Instancing\Point">
      <UniqueIdentifier>{6b8d34e8-e1fe-4ba5-84ea-2b06f3953435}</UniqueIdentifier>
    </Filter>
    <Filter Include="02.GameObjects\UIObjects\MousePointer">
      <UniqueIdentifier>{c4792628-69ea-4deb-b7fa-2c2c9c49c61d}</UniqueIdentifier>
    </Filter>
    <Filter Include="97.ShaderFiles\Mouse">
      <UniqueIdentifier>{a64cf4b1-122b-46bb-aa9a-8ef964bb91fc}</UniqueIdentifier>
    </Filter>
    <Filter Include="02.GameObjects\Maps\Obj">
      <UniqueIdentifier>{8737ab03-eebf-4796-a527-e26eefa5034e}</UniqueIdentifier>
    </Filter>
    <Filter Include="02.GameObjects\Maps\Obj\Vil_Bui03_04">
      <UniqueIdentifier>{c46c634b-b922-4cd7-911c-b179c7745886}</UniqueIdentifier>
    </Filter>
  </ItemGroup>
  <ItemGroup>
    <ClInclude Include="Client.h">
      <Filter>98.Default</Filter>
    </ClInclude>
    <ClInclude Include="framework.h">
      <Filter>98.Default</Filter>
    </ClInclude>
    <ClInclude Include="..\Public\MainApp.h">
      <Filter>00.MainApp</Filter>
    </ClInclude>
    <ClInclude Include="..\Public\Level_Logo.h">
      <Filter>01.Levels\Logo</Filter>
    </ClInclude>
    <ClInclude Include="..\Public\Level_Loading.h">
      <Filter>01.Levels\Loading</Filter>
    </ClInclude>
    <ClInclude Include="..\Public\Level_GamePlay.h">
      <Filter>01.Levels\GamePlay</Filter>
    </ClInclude>
    <ClInclude Include="..\Public\Loader.h">
      <Filter>01.Levels\Loading\Loader</Filter>
    </ClInclude>
    <ClInclude Include="..\Public\Client_Defines.h">
      <Filter>99.Defines</Filter>
    </ClInclude>
    <ClInclude Include="..\Public\BackGround.h">
      <Filter>02.GameObjects\BackGround</Filter>
    </ClInclude>
    <ClInclude Include="..\Public\Terrain.h">
      <Filter>02.GameObjects\Terrain</Filter>
    </ClInclude>
    <ClInclude Include="..\Public\Camera_Free.h">
      <Filter>02.GameObjects\Camera\Camera_Free</Filter>
    </ClInclude>
    <ClInclude Include="..\Public\Monster.h">
      <Filter>02.GameObjects\Monster</Filter>
    </ClInclude>
    <ClInclude Include="..\public\Player.h">
      <Filter>02.GameObjects\Player</Filter>
    </ClInclude>
    <ClInclude Include="..\Public\Body_Player.h">
      <Filter>02.GameObjects\Player\Body</Filter>
    </ClInclude>
    <ClInclude Include="..\Public\Weapon.h">
      <Filter>02.GameObjects\Player\Weapon</Filter>
    </ClInclude>
    <ClInclude Include="..\Public\ForkLift.h">
      <Filter>02.GameObjects\ForkLift</Filter>
    </ClInclude>
    <ClInclude Include="..\Public\Sky.h">
      <Filter>02.GameObjects\Sky</Filter>
    </ClInclude>
    <ClInclude Include="..\Public\Snow.h">
      <Filter>02.GameObjects\Effect\Particle\Snow</Filter>
    </ClInclude>
    <ClInclude Include="..\Public\Explosion.h">
      <Filter>02.GameObjects\Effect\Particle\Explosion</Filter>
    </ClInclude>
    <ClInclude Include="..\Public\SpriteEffect.h">
      <Filter>02.GameObjects\Effect\Sprite</Filter>
    </ClInclude>
    <ClInclude Include="targetver.h">
      <Filter>100.ETC</Filter>
    </ClInclude>
    <ClInclude Include="Resource.h">
      <Filter>100.ETC</Filter>
    </ClInclude>
    <ClInclude Include="..\Public\pch.h">
      <Filter>99.Defines\PCH</Filter>
    </ClInclude>
    <ClInclude Include="..\public\ImGuiMain.h">
      <Filter>30.ImGui</Filter>
    </ClInclude>
    <ClInclude Include="..\Public\ImGui\imconfig.h">
      <Filter>30.ImGui\ImGuiDefualt\Header</Filter>
    </ClInclude>
    <ClInclude Include="..\Public\ImGui\imgui.h">
      <Filter>30.ImGui\ImGuiDefualt\Header</Filter>
    </ClInclude>
    <ClInclude Include="..\Public\ImGui\imgui_impl_dx11.h">
      <Filter>30.ImGui\ImGuiDefualt\Header</Filter>
    </ClInclude>
    <ClInclude Include="..\Public\ImGui\imgui_impl_win32.h">
      <Filter>30.ImGui\ImGuiDefualt\Header</Filter>
    </ClInclude>
    <ClInclude Include="..\Public\ImGui\imgui_internal.h">
      <Filter>30.ImGui\ImGuiDefualt\Header</Filter>
    </ClInclude>
    <ClInclude Include="..\Public\ImGui\imstb_rectpack.h">
      <Filter>30.ImGui\ImGuiDefualt\Header</Filter>
    </ClInclude>
    <ClInclude Include="..\Public\ImGui\imstb_textedit.h">
      <Filter>30.ImGui\ImGuiDefualt\Header</Filter>
    </ClInclude>
    <ClInclude Include="..\Public\ImGui\imstb_truetype.h">
      <Filter>30.ImGui\ImGuiDefualt\Header</Filter>
    </ClInclude>
    <ClInclude Include="..\public\DebugProfiler.h">
      <Filter>30.ImGui\Profiler</Filter>
    </ClInclude>
    <ClInclude Include="..\public\ImGuiManager.h">
      <Filter>30.ImGui\Manager</Filter>
    </ClInclude>
    <ClInclude Include="..\public\GameManager.h">
      <Filter>10.GameManager</Filter>
    </ClInclude>
    <ClInclude Include="..\public\DebugCheatUI.h">
      <Filter>30.ImGui\DebugCheat</Filter>
    </ClInclude>
    <ClInclude Include="..\public\DebugHierarchy.h">
      <Filter>30.ImGui\Hierarchy</Filter>
    </ClInclude>
    <ClInclude Include="..\Public\UIHUD.h">
      <Filter>02.GameObjects\UIObjects\UIHUD</Filter>
    </ClInclude>
    <ClInclude Include="..\Public\UIBase.h">
      <Filter>02.GameObjects\UIObjects\UIBase</Filter>
    </ClInclude>
    <ClInclude Include="..\Public\UIButton.h">
      <Filter>02.GameObjects\UIObjects\UIBase\UIButton</Filter>
    </ClInclude>
    <ClInclude Include="..\Public\ShaderTestModel.h">
      <Filter>02.GameObjects\ShaderTestModel</Filter>
    </ClInclude>
    <ClInclude Include="..\Public\PlayerCCTHitReporter.h">
      <Filter>02.GameObjects\ShaderTestModel\CCTHitReporter</Filter>
    </ClInclude>
    <ClInclude Include="..\Public\PxTestProp.h">
      <Filter>02.GameObjects\ShaderTestModel\TestProp</Filter>
    </ClInclude>
    <ClInclude Include="..\Public\ClientStruct.h">
      <Filter>99.Defines\GameStruct</Filter>
    </ClInclude>
    <ClInclude Include="..\public\Vil_Bui03_04.h">
      <Filter>02.GameObjects\Maps\Obj\Vil_Bui03_04</Filter>
    </ClInclude>
    <ClInclude Include="..\Public\PlayerBehaviorCallback.h">
      <Filter>02.GameObjects\ShaderTestModel\CCTBehaviorCallBack</Filter>
    </ClInclude>
    <ClInclude Include="..\public\Instance_Model.h">
      <Filter>02.GameObjects\InstanceModel</Filter>
    </ClInclude>
    <ClInclude Include="..\public\MousePointer.h">
      <Filter>02.GameObjects\UIObjects\MousePointer</Filter>
    </ClInclude>
    <ClInclude Include="..\public\Terrain_Sand.h">
      <Filter>02.GameObjects\Terrain</Filter>
    </ClInclude>
  </ItemGroup>
  <ItemGroup>
    <Image Include="Client.ico">
      <Filter>100.ETC</Filter>
    </Image>
    <Image Include="small.ico">
      <Filter>100.ETC</Filter>
    </Image>
  </ItemGroup>
  <ItemGroup>
    <ClCompile Include="Client.cpp">
      <Filter>98.Default</Filter>
    </ClCompile>
    <ClCompile Include="..\Private\MainApp.cpp">
      <Filter>00.MainApp</Filter>
    </ClCompile>
    <ClCompile Include="..\Private\Level_Logo.cpp">
      <Filter>01.Levels\Logo</Filter>
    </ClCompile>
    <ClCompile Include="..\Private\Level_Loading.cpp">
      <Filter>01.Levels\Loading</Filter>
    </ClCompile>
    <ClCompile Include="..\Private\Level_GamePlay.cpp">
      <Filter>01.Levels\GamePlay</Filter>
    </ClCompile>
    <ClCompile Include="..\Private\Loader.cpp">
      <Filter>01.Levels\Loading\Loader</Filter>
    </ClCompile>
    <ClCompile Include="..\Private\BackGround.cpp">
      <Filter>02.GameObjects\BackGround</Filter>
    </ClCompile>
    <ClCompile Include="..\Private\Terrain.cpp">
      <Filter>02.GameObjects\Terrain</Filter>
    </ClCompile>
    <ClCompile Include="..\Private\Camera_Free.cpp">
      <Filter>02.GameObjects\Camera\Camera_Free</Filter>
    </ClCompile>
    <ClCompile Include="..\Private\Monster.cpp">
      <Filter>02.GameObjects\Monster</Filter>
    </ClCompile>
    <ClCompile Include="..\private\Player.cpp">
      <Filter>02.GameObjects\Player</Filter>
    </ClCompile>
    <ClCompile Include="..\Private\Body_Player.cpp">
      <Filter>02.GameObjects\Player\Body</Filter>
    </ClCompile>
    <ClCompile Include="..\Private\Weapon.cpp">
      <Filter>02.GameObjects\Player\Weapon</Filter>
    </ClCompile>
    <ClCompile Include="..\Private\ForkLift.cpp">
      <Filter>02.GameObjects\ForkLift</Filter>
    </ClCompile>
    <ClCompile Include="..\Private\Sky.cpp">
      <Filter>02.GameObjects\Sky</Filter>
    </ClCompile>
    <ClCompile Include="..\Private\Snow.cpp">
      <Filter>02.GameObjects\Effect\Particle\Snow</Filter>
    </ClCompile>
    <ClCompile Include="..\Private\Explosion.cpp">
      <Filter>02.GameObjects\Effect\Particle\Explosion</Filter>
    </ClCompile>
    <ClCompile Include="..\Private\SpriteEffect.cpp">
      <Filter>02.GameObjects\Effect\Sprite</Filter>
    </ClCompile>
    <ClCompile Include="..\Private\pch.cpp">
      <Filter>99.Defines\PCH</Filter>
    </ClCompile>
    <ClCompile Include="..\private\ImGuiMain.cpp">
      <Filter>30.ImGui</Filter>
    </ClCompile>
    <ClCompile Include="..\Private\imgui.cpp">
      <Filter>30.ImGui\ImGuiDefualt\Code</Filter>
    </ClCompile>
    <ClCompile Include="..\Private\imgui_draw.cpp">
      <Filter>30.ImGui\ImGuiDefualt\Code</Filter>
    </ClCompile>
    <ClCompile Include="..\Private\imgui_impl_dx11.cpp">
      <Filter>30.ImGui\ImGuiDefualt\Code</Filter>
    </ClCompile>
    <ClCompile Include="..\Private\imgui_impl_win32.cpp">
      <Filter>30.ImGui\ImGuiDefualt\Code</Filter>
    </ClCompile>
    <ClCompile Include="..\Private\imgui_tables.cpp">
      <Filter>30.ImGui\ImGuiDefualt\Code</Filter>
    </ClCompile>
    <ClCompile Include="..\Private\imgui_widgets.cpp">
      <Filter>30.ImGui\ImGuiDefualt\Code</Filter>
    </ClCompile>
    <ClCompile Include="..\private\DebugProfiler.cpp">
      <Filter>30.ImGui\Profiler</Filter>
    </ClCompile>
    <ClCompile Include="..\private\ImGuiManager.cpp">
      <Filter>30.ImGui\Manager</Filter>
    </ClCompile>
    <ClCompile Include="..\private\GameManager.cpp">
      <Filter>10.GameManager</Filter>
    </ClCompile>
    <ClCompile Include="..\private\DebugCheatUI.cpp">
      <Filter>30.ImGui\DebugCheat</Filter>
    </ClCompile>
    <ClCompile Include="..\private\DebugHierarchy.cpp">
      <Filter>30.ImGui\Hierarchy</Filter>
    </ClCompile>
    <ClCompile Include="..\Private\UIHUD.cpp">
      <Filter>02.GameObjects\UIObjects\UIHUD</Filter>
    </ClCompile>
    <ClCompile Include="..\Private\UIBase.cpp">
      <Filter>02.GameObjects\UIObjects\UIBase</Filter>
    </ClCompile>
    <ClCompile Include="..\Private\UIButton.cpp">
      <Filter>02.GameObjects\UIObjects\UIBase\UIButton</Filter>
    </ClCompile>
    <ClCompile Include="..\Private\ShaderTestModel.cpp">
      <Filter>02.GameObjects\ShaderTestModel</Filter>
    </ClCompile>
    <ClCompile Include="..\Private\PlayerCCTHitReporter.cpp">
      <Filter>02.GameObjects\ShaderTestModel\CCTHitReporter</Filter>
    </ClCompile>
    <ClCompile Include="..\Private\PxTestProp.cpp">
      <Filter>02.GameObjects\ShaderTestModel\TestProp</Filter>
    </ClCompile>
    <ClCompile Include="..\private\Vil_Bui03_04.cpp">
      <Filter>02.GameObjects\Maps\Obj\Vil_Bui03_04</Filter>
    </ClCompile>
    <ClCompile Include="..\Private\PlayerBehaviorCallback.cpp">
      <Filter>02.GameObjects\ShaderTestModel\CCTBehaviorCallBack</Filter>
    </ClCompile>
    <ClCompile Include="..\private\Instance_Model.cpp">
      <Filter>02.GameObjects\InstanceModel</Filter>
    </ClCompile>
    <ClCompile Include="..\private\MousePointer.cpp">
      <Filter>02.GameObjects\UIObjects\MousePointer</Filter>
    </ClCompile>
    <ClCompile Include="..\private\Terrain_Sand.cpp">
      <Filter>02.GameObjects\Terrain</Filter>
    </ClCompile>
  </ItemGroup>
  <ItemGroup>
    <FxCompile Include="..\Bin\ShaderFiles\Shader_VtxPosTex.hlsl">
      <Filter>97.ShaderFiles</Filter>
    </FxCompile>
    <FxCompile Include="..\Bin\ShaderFiles\Shader_VtxNorTex.hlsl">
      <Filter>97.ShaderFiles</Filter>
    </FxCompile>
    <FxCompile Include="..\Bin\ShaderFiles\Shader_VtxMesh.hlsl">
      <Filter>97.ShaderFiles</Filter>
    </FxCompile>
    <FxCompile Include="..\Bin\ShaderFiles\Shader_VtxAnimMesh.hlsl">
      <Filter>97.ShaderFiles</Filter>
    </FxCompile>
    <FxCompile Include="..\Bin\ShaderFiles\Shader_VtxCube.hlsl">
      <Filter>97.ShaderFiles</Filter>
    </FxCompile>
    <FxCompile Include="..\Bin\ShaderFiles\Shader_VtxPointParticle.hlsl">
      <Filter>97.ShaderFiles</Filter>
    </FxCompile>
    <FxCompile Include="..\Bin\ShaderFiles\Shader_Compute_Point_Drop.hlsl">
      <Filter>97.ShaderFiles\ComputeShader\Point</Filter>
    </FxCompile>
    <FxCompile Include="..\Bin\ShaderFiles\Shader_Compute_Rect_Drop.hlsl">
      <Filter>97.ShaderFiles\ComputeShader\Rect</Filter>
    </FxCompile>
    <FxCompile Include="..\Bin\ShaderFiles\Shader_Compute_Spread.hlsl">
      <Filter>97.ShaderFiles\ComputeShader\Spread</Filter>
    </FxCompile>
    <FxCompile Include="..\Bin\ShaderFiles\VTX_InstnaceMesh.hlsl">
      <Filter>97.ShaderFiles\Instancing\Mesh</Filter>
    </FxCompile>
    <FxCompile Include="..\Bin\ShaderFiles\Shader_VtxRectParticle.hlsl">
      <Filter>97.ShaderFiles\Instancing\Point</Filter>
    </FxCompile>
    <FxCompile Include="..\Bin\ShaderFiles\Shader_Mouse.hlsl">
      <Filter>97.ShaderFiles\Mouse</Filter>
    </FxCompile>
  </ItemGroup>
  <ItemGroup>
    <ResourceCompile Include="Client.rc">
      <Filter>100.ETC</Filter>
    </ResourceCompile>
  </ItemGroup>
</Project>